
Microsoft Visual Studio Solution File, Format Version 9.00
# Visual Studio 2005
Project("{FAE04EC0-301F-11D3-BF4B-00C04F79EFBC}") = "MassTransit.ServiceBus", "MassTransit.ServiceBus\MassTransit.ServiceBus.csproj", "{90482397-6282-465E-8B86-39865FC30127}"
EndProject
Project("{FAE04EC0-301F-11D3-BF4B-00C04F79EFBC}") = "MassTransit.ServiceBus.Tests", "MassTransit.ServiceBus.Tests\MassTransit.ServiceBus.Tests.csproj", "{76646B96-936B-4D31-A053-35CD630E3C68}"
EndProject
Global
	GlobalSection(SolutionConfigurationPlatforms) = preSolution
		Debug|Any CPU = Debug|Any CPU
		Release|Any CPU = Release|Any CPU
	EndGlobalSection
	GlobalSection(ProjectConfigurationPlatforms) = postSolution
		{90482397-6282-465E-8B86-39865FC30127}.Debug|Any CPU.ActiveCfg = Debug|Any CPU
		{90482397-6282-465E-8B86-39865FC30127}.Debug|Any CPU.Build.0 = Debug|Any CPU
		{90482397-6282-465E-8B86-39865FC30127}.Release|Any CPU.ActiveCfg = Release|Any CPU
		{90482397-6282-465E-8B86-39865FC30127}.Release|Any CPU.Build.0 = Release|Any CPU
		{76646B96-936B-4D31-A053-35CD630E3C68}.Debug|Any CPU.ActiveCfg = Debug|Any CPU
		{76646B96-936B-4D31-A053-35CD630E3C68}.Debug|Any CPU.Build.0 = Debug|Any CPU
		{76646B96-936B-4D31-A053-35CD630E3C68}.Release|Any CPU.ActiveCfg = Release|Any CPU
		{76646B96-936B-4D31-A053-35CD630E3C68}.Release|Any CPU.Build.0 = Release|Any CPU
	EndGlobalSection
	GlobalSection(SolutionProperties) = preSolution
		HideSolutionNode = FALSE
	EndGlobalSection
EndGlobal
