
Microsoft Visual Studio Solution File, Format Version 12.00
# Visual Studio Version 16
VisualStudioVersion = 16.0.29613.14
MinimumVisualStudioVersion = 10.0.40219.1
Project("{2150E333-8FDC-42A3-9474-1A3956D46DE8}") = "Persistence", "Persistence", "{56F516D7-BC3C-49E1-A639-83C5F14953F8}"
EndProject
Project("{2150E333-8FDC-42A3-9474-1A3956D46DE8}") = "Transports", "Transports", "{0006D6BB-1382-4B32-AD32-CA037F5CD4F6}"
EndProject
Project("{9A19103F-16F7-4668-BE54-9A1E7A4F7556}") = "MassTransit", "src\MassTransit\MassTransit.csproj", "{6EFD69FC-CBCC-4F85-AEE0-EFBA73F4D273}"
EndProject
Project("{9A19103F-16F7-4668-BE54-9A1E7A4F7556}") = "MassTransit.Tests", "tests\MassTransit.Tests\MassTransit.Tests.csproj", "{76646B96-936B-4D31-A053-35CD630E3C68}"
EndProject
Project("{9A19103F-16F7-4668-BE54-9A1E7A4F7556}") = "MassTransit.NHibernateIntegration", "src\Persistence\MassTransit.NHibernateIntegration\MassTransit.NHibernateIntegration.csproj", "{073A90FD-9A3E-4704-B3B5-6D8A9F4B442E}"
EndProject
Project("{9A19103F-16F7-4668-BE54-9A1E7A4F7556}") = "MassTransit.NHibernateIntegration.Tests", "tests\MassTransit.NHibernateIntegration.Tests\MassTransit.NHibernateIntegration.Tests.csproj", "{44E6D06D-B60E-434B-981D-D8139062A6EC}"
EndProject
Project("{9A19103F-16F7-4668-BE54-9A1E7A4F7556}") = "MassTransit.TestFramework", "src\MassTransit.TestFramework\MassTransit.TestFramework.csproj", "{3C4B5F1A-69AD-415E-9F40-A7FDBD7A3012}"
EndProject
Project("{9A19103F-16F7-4668-BE54-9A1E7A4F7556}") = "MassTransit.RabbitMqTransport", "src\Transports\MassTransit.RabbitMqTransport\MassTransit.RabbitMqTransport.csproj", "{6C7149D7-4D97-45DF-A05D-61EC7374491D}"
EndProject
Project("{9A19103F-16F7-4668-BE54-9A1E7A4F7556}") = "MassTransit.RabbitMqTransport.Tests", "tests\MassTransit.RabbitMqTransport.Tests\MassTransit.RabbitMqTransport.Tests.csproj", "{E4C3F51F-B7CE-4521-80BC-E91A9B0F6FFD}"
EndProject
Project("{9A19103F-16F7-4668-BE54-9A1E7A4F7556}") = "MassTransit.Containers.Tests", "tests\MassTransit.Containers.Tests\MassTransit.Containers.Tests.csproj", "{9CE51963-9E51-48EE-A75F-62C9CB0CF23C}"
EndProject
Project("{2150E333-8FDC-42A3-9474-1A3956D46DE8}") = ".solution", ".solution", "{2C8A15FA-A445-4916-AAC2-3BE53AA247A7}"
	ProjectSection(SolutionItems) = preProject
		Directory.Build.props = Directory.Build.props
		README.md = README.md
		signing.props = signing.props
	EndProjectSection
EndProject
Project("{2150E333-8FDC-42A3-9474-1A3956D46DE8}") = "Scheduling", "Scheduling", "{FDC1A760-D4E5-44F4-B0D9-C19F2E14253A}"
EndProject
Project("{9A19103F-16F7-4668-BE54-9A1E7A4F7556}") = "MassTransit.QuartzIntegration", "src\Scheduling\MassTransit.QuartzIntegration\MassTransit.QuartzIntegration.csproj", "{2F7DB49B-B650-4B57-BB9D-5D1B913CCACC}"
EndProject
Project("{9A19103F-16F7-4668-BE54-9A1E7A4F7556}") = "MassTransit.QuartzIntegration.Tests", "tests\MassTransit.QuartzIntegration.Tests\MassTransit.QuartzIntegration.Tests.csproj", "{CC243B02-0542-48CB-B175-C8035075E376}"
EndProject
Project("{9A19103F-16F7-4668-BE54-9A1E7A4F7556}") = "MassTransit.EntityFrameworkIntegration", "src\Persistence\MassTransit.EntityFrameworkIntegration\MassTransit.EntityFrameworkIntegration.csproj", "{442E2B78-0237-458D-B32B-CEC94413F44D}"
EndProject
Project("{9A19103F-16F7-4668-BE54-9A1E7A4F7556}") = "MassTransit.EntityFrameworkIntegration.Tests", "tests\MassTransit.EntityFrameworkIntegration.Tests\MassTransit.EntityFrameworkIntegration.Tests.csproj", "{B6EA7211-7706-4EB1-B91C-B4C959F0CB29}"
EndProject
Project("{9A19103F-16F7-4668-BE54-9A1E7A4F7556}") = "MassTransit.MongoDbIntegration", "src\Persistence\MassTransit.MongoDbIntegration\MassTransit.MongoDbIntegration.csproj", "{2406B6D6-09DF-4BC3-AEFC-068AACA77567}"
EndProject
Project("{9A19103F-16F7-4668-BE54-9A1E7A4F7556}") = "MassTransit.MongoDbIntegration.Tests", "tests\MassTransit.MongoDbIntegration.Tests\MassTransit.MongoDbIntegration.Tests.csproj", "{BACA6A81-D395-48C5-B2BD-0995B241E1CC}"
EndProject
Project("{9A19103F-16F7-4668-BE54-9A1E7A4F7556}") = "MassTransit.RedisIntegration", "src\Persistence\MassTransit.RedisIntegration\MassTransit.RedisIntegration.csproj", "{3016A502-4855-477F-9113-1A6B224BD9E0}"
EndProject
Project("{9A19103F-16F7-4668-BE54-9A1E7A4F7556}") = "MassTransit.RedisIntegration.Tests", "tests\MassTransit.RedisIntegration.Tests\MassTransit.RedisIntegration.Tests.csproj", "{F3D11920-BA34-4EDB-91A6-C8B5EFCE1F98}"
EndProject
Project("{9A19103F-16F7-4668-BE54-9A1E7A4F7556}") = "MassTransit.MartenIntegration", "src\Persistence\MassTransit.MartenIntegration\MassTransit.MartenIntegration.csproj", "{0D261888-4187-43BB-9EE2-9C04EEC4AAC0}"
EndProject
Project("{9A19103F-16F7-4668-BE54-9A1E7A4F7556}") = "MassTransit.MartenIntegration.Tests", "tests\MassTransit.MartenIntegration.Tests\MassTransit.MartenIntegration.Tests.csproj", "{92BE64BB-FF25-4CC8-B64F-3BF02F18F089}"
EndProject
Project("{9A19103F-16F7-4668-BE54-9A1E7A4F7556}") = "MassTransit.Azure.Cosmos", "src\Persistence\MassTransit.Azure.Cosmos\MassTransit.Azure.Cosmos.csproj", "{7CADB8D7-9B91-4CF3-BE46-E3682CEDEB27}"
EndProject
Project("{9A19103F-16F7-4668-BE54-9A1E7A4F7556}") = "MassTransit.Azure.Cosmos.Tests", "tests\MassTransit.Azure.Cosmos.Tests\MassTransit.Azure.Cosmos.Tests.csproj", "{54363F5F-A51A-489B-8BE7-71C10104A0A5}"
EndProject
Project("{9A19103F-16F7-4668-BE54-9A1E7A4F7556}") = "MassTransit.EntityFrameworkCoreIntegration", "src\Persistence\MassTransit.EntityFrameworkCoreIntegration\MassTransit.EntityFrameworkCoreIntegration.csproj", "{D2F68284-BBF9-45EF-BC4B-BAD4169100AA}"
EndProject
Project("{9A19103F-16F7-4668-BE54-9A1E7A4F7556}") = "MassTransit.EntityFrameworkCoreIntegration.Tests", "tests\MassTransit.EntityFrameworkCoreIntegration.Tests\MassTransit.EntityFrameworkCoreIntegration.Tests.csproj", "{5991CFE3-F59B-4563-982B-371E1B03EC53}"
EndProject
Project("{9A19103F-16F7-4668-BE54-9A1E7A4F7556}") = "MassTransit.WebJobs.ServiceBusIntegration", "src\Transports\MassTransit.WebJobs.ServiceBusIntegration\MassTransit.WebJobs.ServiceBusIntegration.csproj", "{428E3A5A-3971-4DD9-9ADE-1F9BF124382A}"
EndProject
Project("{9A19103F-16F7-4668-BE54-9A1E7A4F7556}") = "MassTransit.ActiveMqTransport", "src\Transports\MassTransit.ActiveMqTransport\MassTransit.ActiveMqTransport.csproj", "{24C4952B-22B6-49C0-B98C-D51DDF82A3AD}"
EndProject
Project("{9A19103F-16F7-4668-BE54-9A1E7A4F7556}") = "MassTransit.ActiveMqTransport.Tests", "tests\MassTransit.ActiveMqTransport.Tests\MassTransit.ActiveMqTransport.Tests.csproj", "{E3E4AE8B-7120-4363-ABE8-8301B62244AD}"
EndProject
Project("{9A19103F-16F7-4668-BE54-9A1E7A4F7556}") = "MassTransit.DapperIntegration", "src\Persistence\MassTransit.DapperIntegration\MassTransit.DapperIntegration.csproj", "{6F0BD4CD-BA32-438E-980C-73242DA96DCF}"
EndProject
Project("{9A19103F-16F7-4668-BE54-9A1E7A4F7556}") = "MassTransit.DapperIntegration.Tests", "tests\MassTransit.DapperIntegration.Tests\MassTransit.DapperIntegration.Tests.csproj", "{F84D81B1-C33D-420C-849F-EA422D87807F}"
EndProject
Project("{9A19103F-16F7-4668-BE54-9A1E7A4F7556}") = "MassTransit.AmazonSqsTransport", "src\Transports\MassTransit.AmazonSqsTransport\MassTransit.AmazonSqsTransport.csproj", "{EDC2B3F1-BAC0-440E-AE97-28F691E2F75D}"
EndProject
Project("{9A19103F-16F7-4668-BE54-9A1E7A4F7556}") = "MassTransit.AmazonSqsTransport.Tests", "tests\MassTransit.AmazonSqsTransport.Tests\MassTransit.AmazonSqsTransport.Tests.csproj", "{C7188986-F31F-46ED-8F1C-047E9A7E8A52}"
EndProject
Project("{9A19103F-16F7-4668-BE54-9A1E7A4F7556}") = "MassTransit.Azure.ServiceBus.Core", "src\Transports\MassTransit.Azure.ServiceBus.Core\MassTransit.Azure.ServiceBus.Core.csproj", "{8B7B39F7-FE78-47F6-8A7D-DF2374175E50}"
EndProject
Project("{9A19103F-16F7-4668-BE54-9A1E7A4F7556}") = "MassTransit.Azure.ServiceBus.Core.Tests", "tests\MassTransit.Azure.ServiceBus.Core.Tests\MassTransit.Azure.ServiceBus.Core.Tests.csproj", "{1AEF94BE-7A9A-4E2C-BE6C-D31A38A139DD}"
EndProject
Project("{2150E333-8FDC-42A3-9474-1A3956D46DE8}") = "SignalR", "SignalR", "{50867E77-BDA5-43B9-AC92-81CEDB338B83}"
EndProject
Project("{9A19103F-16F7-4668-BE54-9A1E7A4F7556}") = "MassTransit.SignalR", "src\MassTransit.SignalR\MassTransit.SignalR.csproj", "{BCEC7EAA-7E8F-4146-977D-346869F3BA34}"
EndProject
Project("{9A19103F-16F7-4668-BE54-9A1E7A4F7556}") = "MassTransit.SignalR.Tests", "tests\MassTransit.SignalR.Tests\MassTransit.SignalR.Tests.csproj", "{4A454D43-616F-40A2-ACCD-6BC82CE14340}"
EndProject
Project("{9A19103F-16F7-4668-BE54-9A1E7A4F7556}") = "MassTransit.WebJobs.EventHubsIntegration", "src\Transports\MassTransit.WebJobs.EventHubsIntegration\MassTransit.WebJobs.EventHubsIntegration.csproj", "{56E9DB90-C063-49CA-BAF7-FFCFE963E44C}"
EndProject
Project("{2150E333-8FDC-42A3-9474-1A3956D46DE8}") = "Monitoring", "Monitoring", "{DE40BDEC-6277-4E14-8EB6-D0B6863571BC}"
EndProject
Project("{9A19103F-16F7-4668-BE54-9A1E7A4F7556}") = "MassTransit.Azure.Storage", "src\Persistence\MassTransit.Azure.Storage\MassTransit.Azure.Storage.csproj", "{C81070F9-908B-4A76-A96F-CFD4F67A93AB}"
EndProject
Project("{2150E333-8FDC-42A3-9474-1A3956D46DE8}") = "Analyzers", "Analyzers", "{393B7B0C-52F4-41E8-A9E9-EE867A0E6448}"
EndProject
Project("{9A19103F-16F7-4668-BE54-9A1E7A4F7556}") = "MassTransit.Analyzers", "src\MassTransit.Analyzers\MassTransit.Analyzers.csproj", "{3DD99432-4505-4FA6-BD0D-A599733E2168}"
EndProject
Project("{9A19103F-16F7-4668-BE54-9A1E7A4F7556}") = "MassTransit.Analyzers.Tests", "tests\MassTransit.Analyzers.Tests\MassTransit.Analyzers.Tests.csproj", "{1F71C6D2-17AE-4C7B-878D-BB7B295D3B3D}"
EndProject
Project("{9A19103F-16F7-4668-BE54-9A1E7A4F7556}") = "MassTransit.HangfireIntegration", "src\Scheduling\MassTransit.HangfireIntegration\MassTransit.HangfireIntegration.csproj", "{CF2D2B2E-2C34-4E8C-970F-4CB07DB0457B}"
EndProject
Project("{9A19103F-16F7-4668-BE54-9A1E7A4F7556}") = "MassTransit.HangfireIntegration.Tests", "tests\MassTransit.HangfireIntegration.Tests\MassTransit.HangfireIntegration.Tests.csproj", "{D4ED7C0B-DADE-45FA-BCCB-9E5D6C27D714}"
EndProject
Project("{9A19103F-16F7-4668-BE54-9A1E7A4F7556}") = "MassTransit.PrometheusIntegration", "src\MassTransit.PrometheusIntegration\MassTransit.PrometheusIntegration.csproj", "{1AF687AB-41DE-4B2A-97F5-E9BBF5E51C75}"
EndProject
Project("{9A19103F-16F7-4668-BE54-9A1E7A4F7556}") = "MassTransit.PrometheusIntegration.Tests", "tests\MassTransit.PrometheusIntegration.Tests\MassTransit.PrometheusIntegration.Tests.csproj", "{A29B1D94-6F11-487E-B4A1-3460928EC2C0}"
EndProject
Project("{2150E333-8FDC-42A3-9474-1A3956D46DE8}") = "Interoperability", "Interoperability", "{4F40E08B-7C24-4D2A-8476-B7F93D0A2910}"
EndProject
Project("{9A19103F-16F7-4668-BE54-9A1E7A4F7556}") = "MassTransit.Interop.NServiceBus", "src\MassTransit.Interop.NServiceBus\MassTransit.Interop.NServiceBus.csproj", "{F7F32EF2-0586-4FD8-90AD-AD7C792DF5E7}"
EndProject
Project("{9A19103F-16F7-4668-BE54-9A1E7A4F7556}") = "MassTransit.KafkaIntegration", "src\Transports\MassTransit.KafkaIntegration\MassTransit.KafkaIntegration.csproj", "{1FC221F1-E49D-473C-9869-4452B2C4EBEE}"
EndProject
Project("{9A19103F-16F7-4668-BE54-9A1E7A4F7556}") = "MassTransit.KafkaIntegration.Tests", "tests\MassTransit.KafkaIntegration.Tests\MassTransit.KafkaIntegration.Tests.csproj", "{555EC658-5EF6-4C10-ABA0-B717896398BE}"
EndProject
Project("{2150E333-8FDC-42A3-9474-1A3956D46DE8}") = "Riders", "Riders", "{F4CD08DB-40C0-4476-A135-DB8E0BCB79F8}"
EndProject
Project("{9A19103F-16F7-4668-BE54-9A1E7A4F7556}") = "MassTransit.EventHubIntegration", "src\Transports\MassTransit.EventHubIntegration\MassTransit.EventHubIntegration.csproj", "{D9472BBD-99CA-4FD4-9C8F-DA4F418F43EB}"
EndProject
Project("{9A19103F-16F7-4668-BE54-9A1E7A4F7556}") = "MassTransit.EventHubIntegration.Tests", "tests\MassTransit.EventHubIntegration.Tests\MassTransit.EventHubIntegration.Tests.csproj", "{24CC1B47-AE01-4871-A939-2BF6EB789860}"
EndProject
Project("{FAE04EC0-301F-11D3-BF4B-00C04F79EFBC}") = "MassTransit.Azure.Table", "src\Persistence\MassTransit.Azure.Table\MassTransit.Azure.Table.csproj", "{338E2B7E-4301-4547-9172-4415F739C029}"
EndProject
Project("{FAE04EC0-301F-11D3-BF4B-00C04F79EFBC}") = "MassTransit.Azure.Table.Tests", "tests\MassTransit.Azure.Table.Tests\MassTransit.Azure.Table.Tests.csproj", "{17E04A9B-5DB5-4857-99CD-E9AF22DA00E4}"
EndProject
Project("{FAE04EC0-301F-11D3-BF4B-00C04F79EFBC}") = "MassTransit.GrpcTransport", "src\Transports\MassTransit.GrpcTransport\MassTransit.GrpcTransport.csproj", "{AF56509B-0B95-4ACE-9CFC-F9A79756C357}"
EndProject
Project("{FAE04EC0-301F-11D3-BF4B-00C04F79EFBC}") = "MassTransit.GrpcTransport.Tests", "tests\MassTransit.GrpcTransport.Tests\MassTransit.GrpcTransport.Tests.csproj", "{082488F6-6322-462A-85D7-9E893A67B8CD}"
EndProject
Project("{FAE04EC0-301F-11D3-BF4B-00C04F79EFBC}") = "MassTransit.Transports.Tests", "tests\MassTransit.Transports.Tests\MassTransit.Transports.Tests.csproj", "{7632EDAF-29A1-4E69-952F-C75D3BF34B3B}"
EndProject
Project("{FAE04EC0-301F-11D3-BF4B-00C04F79EFBC}") = "MassTransit.Abstractions", "src\MassTransit.Abstractions\MassTransit.Abstractions.csproj", "{2CAF0C51-2F64-4EB0-8E27-AE3E0085CA75}"
EndProject
Project("{FAE04EC0-301F-11D3-BF4B-00C04F79EFBC}") = "MassTransit.StateMachineVisualizer", "src\MassTransit.StateMachineVisualizer\MassTransit.StateMachineVisualizer.csproj", "{8CD4298E-962B-4D04-821D-274343099E83}"
EndProject
Project("{FAE04EC0-301F-11D3-BF4B-00C04F79EFBC}") = "MassTransit.Abstractions.Tests", "tests\MassTransit.Abstractions.Tests\MassTransit.Abstractions.Tests.csproj", "{AB188378-1BAC-4ECB-98A7-91E12C861381}"
EndProject
Project("{FAE04EC0-301F-11D3-BF4B-00C04F79EFBC}") = "MassTransit.BenchmarkConsole", "tests\MassTransit.BenchmarkConsole\MassTransit.BenchmarkConsole.csproj", "{2B6ACCF2-0CAF-4152-901F-0048390971E4}"
EndProject
Project("{FAE04EC0-301F-11D3-BF4B-00C04F79EFBC}") = "MassTransit.Benchmark", "tests\MassTransit.Benchmark\MassTransit.Benchmark.csproj", "{667E52D5-E1D9-49EE-B364-3CB7E43EE160}"
EndProject
Project("{FAE04EC0-301F-11D3-BF4B-00C04F79EFBC}") = "MassTransit.Newtonsoft", "src\MassTransit.Newtonsoft\MassTransit.Newtonsoft.csproj", "{388085C8-1BC8-48F8-8EA2-3698FCB385E5}"
EndProject
Project("{2150E333-8FDC-42A3-9474-1A3956D46DE8}") = "Benchmarking", "Benchmarking", "{BF384860-70ED-47F0-B276-13D2DA9ECD87}"
EndProject
Project("{FAE04EC0-301F-11D3-BF4B-00C04F79EFBC}") = "MassTransit.DynamoDbIntegration", "src\Persistence\MassTransit.DynamoDbIntegration\MassTransit.DynamoDbIntegration.csproj", "{186D6491-ECCD-49EB-8E99-AFD7AD6037D2}"
EndProject
Project("{FAE04EC0-301F-11D3-BF4B-00C04F79EFBC}") = "MassTransit.DynamoDbIntegration.Tests", "tests\MassTransit.DynamoDbIntegration.Tests\MassTransit.DynamoDbIntegration.Tests.csproj", "{694E06CF-2842-4E71-8CD2-81FA7C1B3D13}"
EndProject
Global
	GlobalSection(SolutionConfigurationPlatforms) = preSolution
		Debug|Any CPU = Debug|Any CPU
		Debug|x86 = Debug|x86
		Release|Any CPU = Release|Any CPU
		Release|x86 = Release|x86
		ReleaseUnsigned|Any CPU = ReleaseUnsigned|Any CPU
		ReleaseUnsigned|x86 = ReleaseUnsigned|x86
	EndGlobalSection
	GlobalSection(ProjectConfigurationPlatforms) = postSolution
		{6EFD69FC-CBCC-4F85-AEE0-EFBA73F4D273}.Debug|Any CPU.ActiveCfg = Debug|Any CPU
		{6EFD69FC-CBCC-4F85-AEE0-EFBA73F4D273}.Debug|Any CPU.Build.0 = Debug|Any CPU
		{6EFD69FC-CBCC-4F85-AEE0-EFBA73F4D273}.Debug|x86.ActiveCfg = Debug|Any CPU
		{6EFD69FC-CBCC-4F85-AEE0-EFBA73F4D273}.Release|Any CPU.ActiveCfg = Release|Any CPU
		{6EFD69FC-CBCC-4F85-AEE0-EFBA73F4D273}.Release|Any CPU.Build.0 = Release|Any CPU
		{6EFD69FC-CBCC-4F85-AEE0-EFBA73F4D273}.Release|x86.ActiveCfg = Release|Any CPU
		{6EFD69FC-CBCC-4F85-AEE0-EFBA73F4D273}.ReleaseUnsigned|Any CPU.ActiveCfg = Release|Any CPU
		{6EFD69FC-CBCC-4F85-AEE0-EFBA73F4D273}.ReleaseUnsigned|Any CPU.Build.0 = Release|Any CPU
		{6EFD69FC-CBCC-4F85-AEE0-EFBA73F4D273}.ReleaseUnsigned|x86.ActiveCfg = Release|Any CPU
		{76646B96-936B-4D31-A053-35CD630E3C68}.Debug|Any CPU.ActiveCfg = Debug|Any CPU
		{76646B96-936B-4D31-A053-35CD630E3C68}.Debug|Any CPU.Build.0 = Debug|Any CPU
		{76646B96-936B-4D31-A053-35CD630E3C68}.Debug|x86.ActiveCfg = Debug|Any CPU
		{76646B96-936B-4D31-A053-35CD630E3C68}.Release|Any CPU.ActiveCfg = Release|Any CPU
		{76646B96-936B-4D31-A053-35CD630E3C68}.Release|Any CPU.Build.0 = Release|Any CPU
		{76646B96-936B-4D31-A053-35CD630E3C68}.Release|x86.ActiveCfg = Release|Any CPU
		{76646B96-936B-4D31-A053-35CD630E3C68}.ReleaseUnsigned|Any CPU.ActiveCfg = Release|Any CPU
		{76646B96-936B-4D31-A053-35CD630E3C68}.ReleaseUnsigned|x86.ActiveCfg = Release|Any CPU
		{073A90FD-9A3E-4704-B3B5-6D8A9F4B442E}.Debug|Any CPU.ActiveCfg = Debug|Any CPU
		{073A90FD-9A3E-4704-B3B5-6D8A9F4B442E}.Debug|Any CPU.Build.0 = Debug|Any CPU
		{073A90FD-9A3E-4704-B3B5-6D8A9F4B442E}.Debug|x86.ActiveCfg = Debug|Any CPU
		{073A90FD-9A3E-4704-B3B5-6D8A9F4B442E}.Release|Any CPU.ActiveCfg = Release|Any CPU
		{073A90FD-9A3E-4704-B3B5-6D8A9F4B442E}.Release|Any CPU.Build.0 = Release|Any CPU
		{073A90FD-9A3E-4704-B3B5-6D8A9F4B442E}.Release|x86.ActiveCfg = Release|Any CPU
		{073A90FD-9A3E-4704-B3B5-6D8A9F4B442E}.ReleaseUnsigned|Any CPU.ActiveCfg = Release|Any CPU
		{073A90FD-9A3E-4704-B3B5-6D8A9F4B442E}.ReleaseUnsigned|x86.ActiveCfg = Release|Any CPU
		{44E6D06D-B60E-434B-981D-D8139062A6EC}.Debug|Any CPU.ActiveCfg = Debug|Any CPU
		{44E6D06D-B60E-434B-981D-D8139062A6EC}.Debug|Any CPU.Build.0 = Debug|Any CPU
		{44E6D06D-B60E-434B-981D-D8139062A6EC}.Debug|x86.ActiveCfg = Debug|Any CPU
		{44E6D06D-B60E-434B-981D-D8139062A6EC}.Release|Any CPU.ActiveCfg = Release|Any CPU
		{44E6D06D-B60E-434B-981D-D8139062A6EC}.Release|Any CPU.Build.0 = Release|Any CPU
		{44E6D06D-B60E-434B-981D-D8139062A6EC}.Release|x86.ActiveCfg = Release|Any CPU
		{44E6D06D-B60E-434B-981D-D8139062A6EC}.ReleaseUnsigned|Any CPU.ActiveCfg = Release|Any CPU
		{44E6D06D-B60E-434B-981D-D8139062A6EC}.ReleaseUnsigned|x86.ActiveCfg = Release|Any CPU
		{3C4B5F1A-69AD-415E-9F40-A7FDBD7A3012}.Debug|Any CPU.ActiveCfg = Debug|Any CPU
		{3C4B5F1A-69AD-415E-9F40-A7FDBD7A3012}.Debug|Any CPU.Build.0 = Debug|Any CPU
		{3C4B5F1A-69AD-415E-9F40-A7FDBD7A3012}.Debug|x86.ActiveCfg = Debug|Any CPU
		{3C4B5F1A-69AD-415E-9F40-A7FDBD7A3012}.Release|Any CPU.ActiveCfg = Release|Any CPU
		{3C4B5F1A-69AD-415E-9F40-A7FDBD7A3012}.Release|Any CPU.Build.0 = Release|Any CPU
		{3C4B5F1A-69AD-415E-9F40-A7FDBD7A3012}.Release|x86.ActiveCfg = Release|Any CPU
		{3C4B5F1A-69AD-415E-9F40-A7FDBD7A3012}.ReleaseUnsigned|Any CPU.ActiveCfg = Release|Any CPU
		{3C4B5F1A-69AD-415E-9F40-A7FDBD7A3012}.ReleaseUnsigned|x86.ActiveCfg = Release|Any CPU
		{6C7149D7-4D97-45DF-A05D-61EC7374491D}.Debug|Any CPU.ActiveCfg = Debug|Any CPU
		{6C7149D7-4D97-45DF-A05D-61EC7374491D}.Debug|Any CPU.Build.0 = Debug|Any CPU
		{6C7149D7-4D97-45DF-A05D-61EC7374491D}.Debug|x86.ActiveCfg = Debug|Any CPU
		{6C7149D7-4D97-45DF-A05D-61EC7374491D}.Release|Any CPU.ActiveCfg = Release|Any CPU
		{6C7149D7-4D97-45DF-A05D-61EC7374491D}.Release|Any CPU.Build.0 = Release|Any CPU
		{6C7149D7-4D97-45DF-A05D-61EC7374491D}.Release|x86.ActiveCfg = Release|Any CPU
		{6C7149D7-4D97-45DF-A05D-61EC7374491D}.ReleaseUnsigned|Any CPU.ActiveCfg = Release|Any CPU
		{6C7149D7-4D97-45DF-A05D-61EC7374491D}.ReleaseUnsigned|x86.ActiveCfg = Release|Any CPU
		{E4C3F51F-B7CE-4521-80BC-E91A9B0F6FFD}.Debug|Any CPU.ActiveCfg = Debug|Any CPU
		{E4C3F51F-B7CE-4521-80BC-E91A9B0F6FFD}.Debug|Any CPU.Build.0 = Debug|Any CPU
		{E4C3F51F-B7CE-4521-80BC-E91A9B0F6FFD}.Debug|x86.ActiveCfg = Debug|Any CPU
		{E4C3F51F-B7CE-4521-80BC-E91A9B0F6FFD}.Release|Any CPU.ActiveCfg = Release|Any CPU
		{E4C3F51F-B7CE-4521-80BC-E91A9B0F6FFD}.Release|Any CPU.Build.0 = Release|Any CPU
		{E4C3F51F-B7CE-4521-80BC-E91A9B0F6FFD}.Release|x86.ActiveCfg = Release|Any CPU
		{E4C3F51F-B7CE-4521-80BC-E91A9B0F6FFD}.ReleaseUnsigned|Any CPU.ActiveCfg = Release|Any CPU
		{E4C3F51F-B7CE-4521-80BC-E91A9B0F6FFD}.ReleaseUnsigned|x86.ActiveCfg = Release|Any CPU
		{9CE51963-9E51-48EE-A75F-62C9CB0CF23C}.Debug|Any CPU.ActiveCfg = Debug|Any CPU
		{9CE51963-9E51-48EE-A75F-62C9CB0CF23C}.Debug|Any CPU.Build.0 = Debug|Any CPU
		{9CE51963-9E51-48EE-A75F-62C9CB0CF23C}.Debug|x86.ActiveCfg = Debug|Any CPU
		{9CE51963-9E51-48EE-A75F-62C9CB0CF23C}.Release|Any CPU.ActiveCfg = Release|Any CPU
		{9CE51963-9E51-48EE-A75F-62C9CB0CF23C}.Release|Any CPU.Build.0 = Release|Any CPU
		{9CE51963-9E51-48EE-A75F-62C9CB0CF23C}.Release|x86.ActiveCfg = Release|Any CPU
		{9CE51963-9E51-48EE-A75F-62C9CB0CF23C}.ReleaseUnsigned|Any CPU.ActiveCfg = Release|Any CPU
		{9CE51963-9E51-48EE-A75F-62C9CB0CF23C}.ReleaseUnsigned|x86.ActiveCfg = Release|Any CPU
		{2F7DB49B-B650-4B57-BB9D-5D1B913CCACC}.Debug|Any CPU.ActiveCfg = Debug|Any CPU
		{2F7DB49B-B650-4B57-BB9D-5D1B913CCACC}.Debug|Any CPU.Build.0 = Debug|Any CPU
		{2F7DB49B-B650-4B57-BB9D-5D1B913CCACC}.Debug|x86.ActiveCfg = Debug|Any CPU
		{2F7DB49B-B650-4B57-BB9D-5D1B913CCACC}.Release|Any CPU.ActiveCfg = Release|Any CPU
		{2F7DB49B-B650-4B57-BB9D-5D1B913CCACC}.Release|Any CPU.Build.0 = Release|Any CPU
		{2F7DB49B-B650-4B57-BB9D-5D1B913CCACC}.Release|x86.ActiveCfg = Release|Any CPU
		{2F7DB49B-B650-4B57-BB9D-5D1B913CCACC}.ReleaseUnsigned|Any CPU.ActiveCfg = Release|Any CPU
		{2F7DB49B-B650-4B57-BB9D-5D1B913CCACC}.ReleaseUnsigned|x86.ActiveCfg = Release|Any CPU
		{CC243B02-0542-48CB-B175-C8035075E376}.Debug|Any CPU.ActiveCfg = Debug|Any CPU
		{CC243B02-0542-48CB-B175-C8035075E376}.Debug|Any CPU.Build.0 = Debug|Any CPU
		{CC243B02-0542-48CB-B175-C8035075E376}.Debug|x86.ActiveCfg = Debug|Any CPU
		{CC243B02-0542-48CB-B175-C8035075E376}.Release|Any CPU.ActiveCfg = Release|Any CPU
		{CC243B02-0542-48CB-B175-C8035075E376}.Release|Any CPU.Build.0 = Release|Any CPU
		{CC243B02-0542-48CB-B175-C8035075E376}.Release|x86.ActiveCfg = Release|Any CPU
		{CC243B02-0542-48CB-B175-C8035075E376}.ReleaseUnsigned|Any CPU.ActiveCfg = Release|Any CPU
		{CC243B02-0542-48CB-B175-C8035075E376}.ReleaseUnsigned|x86.ActiveCfg = Release|Any CPU
		{442E2B78-0237-458D-B32B-CEC94413F44D}.Debug|Any CPU.ActiveCfg = Debug|Any CPU
		{442E2B78-0237-458D-B32B-CEC94413F44D}.Debug|Any CPU.Build.0 = Debug|Any CPU
		{442E2B78-0237-458D-B32B-CEC94413F44D}.Debug|x86.ActiveCfg = Debug|Any CPU
		{442E2B78-0237-458D-B32B-CEC94413F44D}.Debug|x86.Build.0 = Debug|Any CPU
		{442E2B78-0237-458D-B32B-CEC94413F44D}.Release|Any CPU.ActiveCfg = Release|Any CPU
		{442E2B78-0237-458D-B32B-CEC94413F44D}.Release|Any CPU.Build.0 = Release|Any CPU
		{442E2B78-0237-458D-B32B-CEC94413F44D}.Release|x86.ActiveCfg = Release|Any CPU
		{442E2B78-0237-458D-B32B-CEC94413F44D}.Release|x86.Build.0 = Release|Any CPU
		{442E2B78-0237-458D-B32B-CEC94413F44D}.ReleaseUnsigned|Any CPU.ActiveCfg = Release|Any CPU
		{442E2B78-0237-458D-B32B-CEC94413F44D}.ReleaseUnsigned|x86.ActiveCfg = Release|Any CPU
		{442E2B78-0237-458D-B32B-CEC94413F44D}.ReleaseUnsigned|x86.Build.0 = Release|Any CPU
		{B6EA7211-7706-4EB1-B91C-B4C959F0CB29}.Debug|Any CPU.ActiveCfg = Debug|Any CPU
		{B6EA7211-7706-4EB1-B91C-B4C959F0CB29}.Debug|Any CPU.Build.0 = Debug|Any CPU
		{B6EA7211-7706-4EB1-B91C-B4C959F0CB29}.Debug|x86.ActiveCfg = Debug|Any CPU
		{B6EA7211-7706-4EB1-B91C-B4C959F0CB29}.Debug|x86.Build.0 = Debug|Any CPU
		{B6EA7211-7706-4EB1-B91C-B4C959F0CB29}.Release|Any CPU.ActiveCfg = Release|Any CPU
		{B6EA7211-7706-4EB1-B91C-B4C959F0CB29}.Release|Any CPU.Build.0 = Release|Any CPU
		{B6EA7211-7706-4EB1-B91C-B4C959F0CB29}.Release|x86.ActiveCfg = Release|Any CPU
		{B6EA7211-7706-4EB1-B91C-B4C959F0CB29}.Release|x86.Build.0 = Release|Any CPU
		{B6EA7211-7706-4EB1-B91C-B4C959F0CB29}.ReleaseUnsigned|Any CPU.ActiveCfg = Release|Any CPU
		{B6EA7211-7706-4EB1-B91C-B4C959F0CB29}.ReleaseUnsigned|x86.ActiveCfg = Release|Any CPU
		{B6EA7211-7706-4EB1-B91C-B4C959F0CB29}.ReleaseUnsigned|x86.Build.0 = Release|Any CPU
		{2406B6D6-09DF-4BC3-AEFC-068AACA77567}.Debug|Any CPU.ActiveCfg = Debug|Any CPU
		{2406B6D6-09DF-4BC3-AEFC-068AACA77567}.Debug|Any CPU.Build.0 = Debug|Any CPU
		{2406B6D6-09DF-4BC3-AEFC-068AACA77567}.Debug|x86.ActiveCfg = Debug|Any CPU
		{2406B6D6-09DF-4BC3-AEFC-068AACA77567}.Debug|x86.Build.0 = Debug|Any CPU
		{2406B6D6-09DF-4BC3-AEFC-068AACA77567}.Release|Any CPU.ActiveCfg = Release|Any CPU
		{2406B6D6-09DF-4BC3-AEFC-068AACA77567}.Release|Any CPU.Build.0 = Release|Any CPU
		{2406B6D6-09DF-4BC3-AEFC-068AACA77567}.Release|x86.ActiveCfg = Release|Any CPU
		{2406B6D6-09DF-4BC3-AEFC-068AACA77567}.Release|x86.Build.0 = Release|Any CPU
		{2406B6D6-09DF-4BC3-AEFC-068AACA77567}.ReleaseUnsigned|Any CPU.ActiveCfg = Release|Any CPU
		{2406B6D6-09DF-4BC3-AEFC-068AACA77567}.ReleaseUnsigned|x86.ActiveCfg = Release|Any CPU
		{2406B6D6-09DF-4BC3-AEFC-068AACA77567}.ReleaseUnsigned|x86.Build.0 = Release|Any CPU
		{BACA6A81-D395-48C5-B2BD-0995B241E1CC}.Debug|Any CPU.ActiveCfg = Debug|Any CPU
		{BACA6A81-D395-48C5-B2BD-0995B241E1CC}.Debug|Any CPU.Build.0 = Debug|Any CPU
		{BACA6A81-D395-48C5-B2BD-0995B241E1CC}.Debug|x86.ActiveCfg = Debug|Any CPU
		{BACA6A81-D395-48C5-B2BD-0995B241E1CC}.Debug|x86.Build.0 = Debug|Any CPU
		{BACA6A81-D395-48C5-B2BD-0995B241E1CC}.Release|Any CPU.ActiveCfg = Release|Any CPU
		{BACA6A81-D395-48C5-B2BD-0995B241E1CC}.Release|Any CPU.Build.0 = Release|Any CPU
		{BACA6A81-D395-48C5-B2BD-0995B241E1CC}.Release|x86.ActiveCfg = Release|Any CPU
		{BACA6A81-D395-48C5-B2BD-0995B241E1CC}.Release|x86.Build.0 = Release|Any CPU
		{BACA6A81-D395-48C5-B2BD-0995B241E1CC}.ReleaseUnsigned|Any CPU.ActiveCfg = Release|Any CPU
		{BACA6A81-D395-48C5-B2BD-0995B241E1CC}.ReleaseUnsigned|x86.ActiveCfg = Release|Any CPU
		{BACA6A81-D395-48C5-B2BD-0995B241E1CC}.ReleaseUnsigned|x86.Build.0 = Release|Any CPU
		{3016A502-4855-477F-9113-1A6B224BD9E0}.Debug|Any CPU.ActiveCfg = Debug|Any CPU
		{3016A502-4855-477F-9113-1A6B224BD9E0}.Debug|Any CPU.Build.0 = Debug|Any CPU
		{3016A502-4855-477F-9113-1A6B224BD9E0}.Debug|x86.ActiveCfg = Debug|Any CPU
		{3016A502-4855-477F-9113-1A6B224BD9E0}.Debug|x86.Build.0 = Debug|Any CPU
		{3016A502-4855-477F-9113-1A6B224BD9E0}.Release|Any CPU.ActiveCfg = Release|Any CPU
		{3016A502-4855-477F-9113-1A6B224BD9E0}.Release|Any CPU.Build.0 = Release|Any CPU
		{3016A502-4855-477F-9113-1A6B224BD9E0}.Release|x86.ActiveCfg = Release|Any CPU
		{3016A502-4855-477F-9113-1A6B224BD9E0}.Release|x86.Build.0 = Release|Any CPU
		{3016A502-4855-477F-9113-1A6B224BD9E0}.ReleaseUnsigned|Any CPU.ActiveCfg = Release|Any CPU
		{3016A502-4855-477F-9113-1A6B224BD9E0}.ReleaseUnsigned|Any CPU.Build.0 = Release|Any CPU
		{3016A502-4855-477F-9113-1A6B224BD9E0}.ReleaseUnsigned|x86.ActiveCfg = Release|Any CPU
		{3016A502-4855-477F-9113-1A6B224BD9E0}.ReleaseUnsigned|x86.Build.0 = Release|Any CPU
		{F3D11920-BA34-4EDB-91A6-C8B5EFCE1F98}.Debug|Any CPU.ActiveCfg = Debug|Any CPU
		{F3D11920-BA34-4EDB-91A6-C8B5EFCE1F98}.Debug|Any CPU.Build.0 = Debug|Any CPU
		{F3D11920-BA34-4EDB-91A6-C8B5EFCE1F98}.Debug|x86.ActiveCfg = Debug|Any CPU
		{F3D11920-BA34-4EDB-91A6-C8B5EFCE1F98}.Debug|x86.Build.0 = Debug|Any CPU
		{F3D11920-BA34-4EDB-91A6-C8B5EFCE1F98}.Release|Any CPU.ActiveCfg = Release|Any CPU
		{F3D11920-BA34-4EDB-91A6-C8B5EFCE1F98}.Release|Any CPU.Build.0 = Release|Any CPU
		{F3D11920-BA34-4EDB-91A6-C8B5EFCE1F98}.Release|x86.ActiveCfg = Release|Any CPU
		{F3D11920-BA34-4EDB-91A6-C8B5EFCE1F98}.Release|x86.Build.0 = Release|Any CPU
		{F3D11920-BA34-4EDB-91A6-C8B5EFCE1F98}.ReleaseUnsigned|Any CPU.ActiveCfg = Release|Any CPU
		{F3D11920-BA34-4EDB-91A6-C8B5EFCE1F98}.ReleaseUnsigned|Any CPU.Build.0 = Release|Any CPU
		{F3D11920-BA34-4EDB-91A6-C8B5EFCE1F98}.ReleaseUnsigned|x86.ActiveCfg = Release|Any CPU
		{F3D11920-BA34-4EDB-91A6-C8B5EFCE1F98}.ReleaseUnsigned|x86.Build.0 = Release|Any CPU
		{0D261888-4187-43BB-9EE2-9C04EEC4AAC0}.Debug|Any CPU.ActiveCfg = Debug|Any CPU
		{0D261888-4187-43BB-9EE2-9C04EEC4AAC0}.Debug|Any CPU.Build.0 = Debug|Any CPU
		{0D261888-4187-43BB-9EE2-9C04EEC4AAC0}.Debug|x86.ActiveCfg = Debug|Any CPU
		{0D261888-4187-43BB-9EE2-9C04EEC4AAC0}.Debug|x86.Build.0 = Debug|Any CPU
		{0D261888-4187-43BB-9EE2-9C04EEC4AAC0}.Release|Any CPU.ActiveCfg = Release|Any CPU
		{0D261888-4187-43BB-9EE2-9C04EEC4AAC0}.Release|Any CPU.Build.0 = Release|Any CPU
		{0D261888-4187-43BB-9EE2-9C04EEC4AAC0}.Release|x86.ActiveCfg = Release|Any CPU
		{0D261888-4187-43BB-9EE2-9C04EEC4AAC0}.Release|x86.Build.0 = Release|Any CPU
		{0D261888-4187-43BB-9EE2-9C04EEC4AAC0}.ReleaseUnsigned|Any CPU.ActiveCfg = Release|Any CPU
		{0D261888-4187-43BB-9EE2-9C04EEC4AAC0}.ReleaseUnsigned|Any CPU.Build.0 = Release|Any CPU
		{0D261888-4187-43BB-9EE2-9C04EEC4AAC0}.ReleaseUnsigned|x86.ActiveCfg = Release|Any CPU
		{0D261888-4187-43BB-9EE2-9C04EEC4AAC0}.ReleaseUnsigned|x86.Build.0 = Release|Any CPU
		{92BE64BB-FF25-4CC8-B64F-3BF02F18F089}.Debug|Any CPU.ActiveCfg = Debug|Any CPU
		{92BE64BB-FF25-4CC8-B64F-3BF02F18F089}.Debug|Any CPU.Build.0 = Debug|Any CPU
		{92BE64BB-FF25-4CC8-B64F-3BF02F18F089}.Debug|x86.ActiveCfg = Debug|Any CPU
		{92BE64BB-FF25-4CC8-B64F-3BF02F18F089}.Debug|x86.Build.0 = Debug|Any CPU
		{92BE64BB-FF25-4CC8-B64F-3BF02F18F089}.Release|Any CPU.ActiveCfg = Release|Any CPU
		{92BE64BB-FF25-4CC8-B64F-3BF02F18F089}.Release|Any CPU.Build.0 = Release|Any CPU
		{92BE64BB-FF25-4CC8-B64F-3BF02F18F089}.Release|x86.ActiveCfg = Release|Any CPU
		{92BE64BB-FF25-4CC8-B64F-3BF02F18F089}.Release|x86.Build.0 = Release|Any CPU
		{92BE64BB-FF25-4CC8-B64F-3BF02F18F089}.ReleaseUnsigned|Any CPU.ActiveCfg = Release|Any CPU
		{92BE64BB-FF25-4CC8-B64F-3BF02F18F089}.ReleaseUnsigned|Any CPU.Build.0 = Release|Any CPU
		{92BE64BB-FF25-4CC8-B64F-3BF02F18F089}.ReleaseUnsigned|x86.ActiveCfg = Release|Any CPU
		{92BE64BB-FF25-4CC8-B64F-3BF02F18F089}.ReleaseUnsigned|x86.Build.0 = Release|Any CPU
		{7CADB8D7-9B91-4CF3-BE46-E3682CEDEB27}.Debug|Any CPU.ActiveCfg = Debug|Any CPU
		{7CADB8D7-9B91-4CF3-BE46-E3682CEDEB27}.Debug|Any CPU.Build.0 = Debug|Any CPU
		{7CADB8D7-9B91-4CF3-BE46-E3682CEDEB27}.Debug|x86.ActiveCfg = Debug|Any CPU
		{7CADB8D7-9B91-4CF3-BE46-E3682CEDEB27}.Debug|x86.Build.0 = Debug|Any CPU
		{7CADB8D7-9B91-4CF3-BE46-E3682CEDEB27}.Release|Any CPU.ActiveCfg = Release|Any CPU
		{7CADB8D7-9B91-4CF3-BE46-E3682CEDEB27}.Release|Any CPU.Build.0 = Release|Any CPU
		{7CADB8D7-9B91-4CF3-BE46-E3682CEDEB27}.Release|x86.ActiveCfg = Release|Any CPU
		{7CADB8D7-9B91-4CF3-BE46-E3682CEDEB27}.Release|x86.Build.0 = Release|Any CPU
		{7CADB8D7-9B91-4CF3-BE46-E3682CEDEB27}.ReleaseUnsigned|Any CPU.ActiveCfg = Release|Any CPU
		{7CADB8D7-9B91-4CF3-BE46-E3682CEDEB27}.ReleaseUnsigned|Any CPU.Build.0 = Release|Any CPU
		{7CADB8D7-9B91-4CF3-BE46-E3682CEDEB27}.ReleaseUnsigned|x86.ActiveCfg = Release|Any CPU
		{7CADB8D7-9B91-4CF3-BE46-E3682CEDEB27}.ReleaseUnsigned|x86.Build.0 = Release|Any CPU
		{54363F5F-A51A-489B-8BE7-71C10104A0A5}.Debug|Any CPU.ActiveCfg = Debug|Any CPU
		{54363F5F-A51A-489B-8BE7-71C10104A0A5}.Debug|Any CPU.Build.0 = Debug|Any CPU
		{54363F5F-A51A-489B-8BE7-71C10104A0A5}.Debug|x86.ActiveCfg = Debug|Any CPU
		{54363F5F-A51A-489B-8BE7-71C10104A0A5}.Debug|x86.Build.0 = Debug|Any CPU
		{54363F5F-A51A-489B-8BE7-71C10104A0A5}.Release|Any CPU.ActiveCfg = Release|Any CPU
		{54363F5F-A51A-489B-8BE7-71C10104A0A5}.Release|Any CPU.Build.0 = Release|Any CPU
		{54363F5F-A51A-489B-8BE7-71C10104A0A5}.Release|x86.ActiveCfg = Release|Any CPU
		{54363F5F-A51A-489B-8BE7-71C10104A0A5}.Release|x86.Build.0 = Release|Any CPU
		{54363F5F-A51A-489B-8BE7-71C10104A0A5}.ReleaseUnsigned|Any CPU.ActiveCfg = Release|Any CPU
		{54363F5F-A51A-489B-8BE7-71C10104A0A5}.ReleaseUnsigned|Any CPU.Build.0 = Release|Any CPU
		{54363F5F-A51A-489B-8BE7-71C10104A0A5}.ReleaseUnsigned|x86.ActiveCfg = Release|Any CPU
		{54363F5F-A51A-489B-8BE7-71C10104A0A5}.ReleaseUnsigned|x86.Build.0 = Release|Any CPU
		{D2F68284-BBF9-45EF-BC4B-BAD4169100AA}.Debug|Any CPU.ActiveCfg = Debug|Any CPU
		{D2F68284-BBF9-45EF-BC4B-BAD4169100AA}.Debug|Any CPU.Build.0 = Debug|Any CPU
		{D2F68284-BBF9-45EF-BC4B-BAD4169100AA}.Debug|x86.ActiveCfg = Debug|Any CPU
		{D2F68284-BBF9-45EF-BC4B-BAD4169100AA}.Debug|x86.Build.0 = Debug|Any CPU
		{D2F68284-BBF9-45EF-BC4B-BAD4169100AA}.Release|Any CPU.ActiveCfg = Release|Any CPU
		{D2F68284-BBF9-45EF-BC4B-BAD4169100AA}.Release|Any CPU.Build.0 = Release|Any CPU
		{D2F68284-BBF9-45EF-BC4B-BAD4169100AA}.Release|x86.ActiveCfg = Release|Any CPU
		{D2F68284-BBF9-45EF-BC4B-BAD4169100AA}.Release|x86.Build.0 = Release|Any CPU
		{D2F68284-BBF9-45EF-BC4B-BAD4169100AA}.ReleaseUnsigned|Any CPU.ActiveCfg = Release|Any CPU
		{D2F68284-BBF9-45EF-BC4B-BAD4169100AA}.ReleaseUnsigned|Any CPU.Build.0 = Release|Any CPU
		{D2F68284-BBF9-45EF-BC4B-BAD4169100AA}.ReleaseUnsigned|x86.ActiveCfg = Release|Any CPU
		{D2F68284-BBF9-45EF-BC4B-BAD4169100AA}.ReleaseUnsigned|x86.Build.0 = Release|Any CPU
		{5991CFE3-F59B-4563-982B-371E1B03EC53}.Debug|Any CPU.ActiveCfg = Debug|Any CPU
		{5991CFE3-F59B-4563-982B-371E1B03EC53}.Debug|Any CPU.Build.0 = Debug|Any CPU
		{5991CFE3-F59B-4563-982B-371E1B03EC53}.Debug|x86.ActiveCfg = Debug|Any CPU
		{5991CFE3-F59B-4563-982B-371E1B03EC53}.Debug|x86.Build.0 = Debug|Any CPU
		{5991CFE3-F59B-4563-982B-371E1B03EC53}.Release|Any CPU.ActiveCfg = Release|Any CPU
		{5991CFE3-F59B-4563-982B-371E1B03EC53}.Release|Any CPU.Build.0 = Release|Any CPU
		{5991CFE3-F59B-4563-982B-371E1B03EC53}.Release|x86.ActiveCfg = Release|Any CPU
		{5991CFE3-F59B-4563-982B-371E1B03EC53}.Release|x86.Build.0 = Release|Any CPU
		{5991CFE3-F59B-4563-982B-371E1B03EC53}.ReleaseUnsigned|Any CPU.ActiveCfg = Debug|Any CPU
		{5991CFE3-F59B-4563-982B-371E1B03EC53}.ReleaseUnsigned|Any CPU.Build.0 = Debug|Any CPU
		{5991CFE3-F59B-4563-982B-371E1B03EC53}.ReleaseUnsigned|x86.ActiveCfg = Debug|Any CPU
		{5991CFE3-F59B-4563-982B-371E1B03EC53}.ReleaseUnsigned|x86.Build.0 = Debug|Any CPU
		{428E3A5A-3971-4DD9-9ADE-1F9BF124382A}.Debug|Any CPU.ActiveCfg = Debug|Any CPU
		{428E3A5A-3971-4DD9-9ADE-1F9BF124382A}.Debug|Any CPU.Build.0 = Debug|Any CPU
		{428E3A5A-3971-4DD9-9ADE-1F9BF124382A}.Debug|x86.ActiveCfg = Debug|Any CPU
		{428E3A5A-3971-4DD9-9ADE-1F9BF124382A}.Debug|x86.Build.0 = Debug|Any CPU
		{428E3A5A-3971-4DD9-9ADE-1F9BF124382A}.Release|Any CPU.ActiveCfg = Release|Any CPU
		{428E3A5A-3971-4DD9-9ADE-1F9BF124382A}.Release|Any CPU.Build.0 = Release|Any CPU
		{428E3A5A-3971-4DD9-9ADE-1F9BF124382A}.Release|x86.ActiveCfg = Release|Any CPU
		{428E3A5A-3971-4DD9-9ADE-1F9BF124382A}.Release|x86.Build.0 = Release|Any CPU
		{428E3A5A-3971-4DD9-9ADE-1F9BF124382A}.ReleaseUnsigned|Any CPU.ActiveCfg = Release|Any CPU
		{428E3A5A-3971-4DD9-9ADE-1F9BF124382A}.ReleaseUnsigned|Any CPU.Build.0 = Release|Any CPU
		{428E3A5A-3971-4DD9-9ADE-1F9BF124382A}.ReleaseUnsigned|x86.ActiveCfg = Release|Any CPU
		{428E3A5A-3971-4DD9-9ADE-1F9BF124382A}.ReleaseUnsigned|x86.Build.0 = Release|Any CPU
		{24C4952B-22B6-49C0-B98C-D51DDF82A3AD}.Debug|Any CPU.ActiveCfg = Debug|Any CPU
		{24C4952B-22B6-49C0-B98C-D51DDF82A3AD}.Debug|Any CPU.Build.0 = Debug|Any CPU
		{24C4952B-22B6-49C0-B98C-D51DDF82A3AD}.Debug|x86.ActiveCfg = Debug|Any CPU
		{24C4952B-22B6-49C0-B98C-D51DDF82A3AD}.Debug|x86.Build.0 = Debug|Any CPU
		{24C4952B-22B6-49C0-B98C-D51DDF82A3AD}.Release|Any CPU.ActiveCfg = Release|Any CPU
		{24C4952B-22B6-49C0-B98C-D51DDF82A3AD}.Release|Any CPU.Build.0 = Release|Any CPU
		{24C4952B-22B6-49C0-B98C-D51DDF82A3AD}.Release|x86.ActiveCfg = Release|Any CPU
		{24C4952B-22B6-49C0-B98C-D51DDF82A3AD}.Release|x86.Build.0 = Release|Any CPU
		{24C4952B-22B6-49C0-B98C-D51DDF82A3AD}.ReleaseUnsigned|Any CPU.ActiveCfg = Debug|Any CPU
		{24C4952B-22B6-49C0-B98C-D51DDF82A3AD}.ReleaseUnsigned|Any CPU.Build.0 = Debug|Any CPU
		{24C4952B-22B6-49C0-B98C-D51DDF82A3AD}.ReleaseUnsigned|x86.ActiveCfg = Debug|Any CPU
		{24C4952B-22B6-49C0-B98C-D51DDF82A3AD}.ReleaseUnsigned|x86.Build.0 = Debug|Any CPU
		{E3E4AE8B-7120-4363-ABE8-8301B62244AD}.Debug|Any CPU.ActiveCfg = Debug|Any CPU
		{E3E4AE8B-7120-4363-ABE8-8301B62244AD}.Debug|Any CPU.Build.0 = Debug|Any CPU
		{E3E4AE8B-7120-4363-ABE8-8301B62244AD}.Debug|x86.ActiveCfg = Debug|Any CPU
		{E3E4AE8B-7120-4363-ABE8-8301B62244AD}.Debug|x86.Build.0 = Debug|Any CPU
		{E3E4AE8B-7120-4363-ABE8-8301B62244AD}.Release|Any CPU.ActiveCfg = Release|Any CPU
		{E3E4AE8B-7120-4363-ABE8-8301B62244AD}.Release|Any CPU.Build.0 = Release|Any CPU
		{E3E4AE8B-7120-4363-ABE8-8301B62244AD}.Release|x86.ActiveCfg = Release|Any CPU
		{E3E4AE8B-7120-4363-ABE8-8301B62244AD}.Release|x86.Build.0 = Release|Any CPU
		{E3E4AE8B-7120-4363-ABE8-8301B62244AD}.ReleaseUnsigned|Any CPU.ActiveCfg = Debug|Any CPU
		{E3E4AE8B-7120-4363-ABE8-8301B62244AD}.ReleaseUnsigned|Any CPU.Build.0 = Debug|Any CPU
		{E3E4AE8B-7120-4363-ABE8-8301B62244AD}.ReleaseUnsigned|x86.ActiveCfg = Debug|Any CPU
		{E3E4AE8B-7120-4363-ABE8-8301B62244AD}.ReleaseUnsigned|x86.Build.0 = Debug|Any CPU
		{6F0BD4CD-BA32-438E-980C-73242DA96DCF}.Debug|Any CPU.ActiveCfg = Debug|Any CPU
		{6F0BD4CD-BA32-438E-980C-73242DA96DCF}.Debug|Any CPU.Build.0 = Debug|Any CPU
		{6F0BD4CD-BA32-438E-980C-73242DA96DCF}.Debug|x86.ActiveCfg = Debug|Any CPU
		{6F0BD4CD-BA32-438E-980C-73242DA96DCF}.Debug|x86.Build.0 = Debug|Any CPU
		{6F0BD4CD-BA32-438E-980C-73242DA96DCF}.Release|Any CPU.ActiveCfg = Release|Any CPU
		{6F0BD4CD-BA32-438E-980C-73242DA96DCF}.Release|Any CPU.Build.0 = Release|Any CPU
		{6F0BD4CD-BA32-438E-980C-73242DA96DCF}.Release|x86.ActiveCfg = Release|Any CPU
		{6F0BD4CD-BA32-438E-980C-73242DA96DCF}.Release|x86.Build.0 = Release|Any CPU
		{6F0BD4CD-BA32-438E-980C-73242DA96DCF}.ReleaseUnsigned|Any CPU.ActiveCfg = Release|Any CPU
		{6F0BD4CD-BA32-438E-980C-73242DA96DCF}.ReleaseUnsigned|Any CPU.Build.0 = Release|Any CPU
		{6F0BD4CD-BA32-438E-980C-73242DA96DCF}.ReleaseUnsigned|x86.ActiveCfg = Release|Any CPU
		{6F0BD4CD-BA32-438E-980C-73242DA96DCF}.ReleaseUnsigned|x86.Build.0 = Release|Any CPU
		{F84D81B1-C33D-420C-849F-EA422D87807F}.Debug|Any CPU.ActiveCfg = Debug|Any CPU
		{F84D81B1-C33D-420C-849F-EA422D87807F}.Debug|Any CPU.Build.0 = Debug|Any CPU
		{F84D81B1-C33D-420C-849F-EA422D87807F}.Debug|x86.ActiveCfg = Debug|Any CPU
		{F84D81B1-C33D-420C-849F-EA422D87807F}.Debug|x86.Build.0 = Debug|Any CPU
		{F84D81B1-C33D-420C-849F-EA422D87807F}.Release|Any CPU.ActiveCfg = Release|Any CPU
		{F84D81B1-C33D-420C-849F-EA422D87807F}.Release|Any CPU.Build.0 = Release|Any CPU
		{F84D81B1-C33D-420C-849F-EA422D87807F}.Release|x86.ActiveCfg = Release|Any CPU
		{F84D81B1-C33D-420C-849F-EA422D87807F}.Release|x86.Build.0 = Release|Any CPU
		{F84D81B1-C33D-420C-849F-EA422D87807F}.ReleaseUnsigned|Any CPU.ActiveCfg = Release|Any CPU
		{F84D81B1-C33D-420C-849F-EA422D87807F}.ReleaseUnsigned|Any CPU.Build.0 = Release|Any CPU
		{F84D81B1-C33D-420C-849F-EA422D87807F}.ReleaseUnsigned|x86.ActiveCfg = Release|Any CPU
		{F84D81B1-C33D-420C-849F-EA422D87807F}.ReleaseUnsigned|x86.Build.0 = Release|Any CPU
		{EDC2B3F1-BAC0-440E-AE97-28F691E2F75D}.Debug|Any CPU.ActiveCfg = Debug|Any CPU
		{EDC2B3F1-BAC0-440E-AE97-28F691E2F75D}.Debug|Any CPU.Build.0 = Debug|Any CPU
		{EDC2B3F1-BAC0-440E-AE97-28F691E2F75D}.Debug|x86.ActiveCfg = Debug|Any CPU
		{EDC2B3F1-BAC0-440E-AE97-28F691E2F75D}.Debug|x86.Build.0 = Debug|Any CPU
		{EDC2B3F1-BAC0-440E-AE97-28F691E2F75D}.Release|Any CPU.ActiveCfg = Release|Any CPU
		{EDC2B3F1-BAC0-440E-AE97-28F691E2F75D}.Release|Any CPU.Build.0 = Release|Any CPU
		{EDC2B3F1-BAC0-440E-AE97-28F691E2F75D}.Release|x86.ActiveCfg = Release|Any CPU
		{EDC2B3F1-BAC0-440E-AE97-28F691E2F75D}.Release|x86.Build.0 = Release|Any CPU
		{EDC2B3F1-BAC0-440E-AE97-28F691E2F75D}.ReleaseUnsigned|Any CPU.ActiveCfg = Release|Any CPU
		{EDC2B3F1-BAC0-440E-AE97-28F691E2F75D}.ReleaseUnsigned|Any CPU.Build.0 = Release|Any CPU
		{EDC2B3F1-BAC0-440E-AE97-28F691E2F75D}.ReleaseUnsigned|x86.ActiveCfg = Release|Any CPU
		{EDC2B3F1-BAC0-440E-AE97-28F691E2F75D}.ReleaseUnsigned|x86.Build.0 = Release|Any CPU
		{C7188986-F31F-46ED-8F1C-047E9A7E8A52}.Debug|Any CPU.ActiveCfg = Debug|Any CPU
		{C7188986-F31F-46ED-8F1C-047E9A7E8A52}.Debug|Any CPU.Build.0 = Debug|Any CPU
		{C7188986-F31F-46ED-8F1C-047E9A7E8A52}.Debug|x86.ActiveCfg = Debug|Any CPU
		{C7188986-F31F-46ED-8F1C-047E9A7E8A52}.Debug|x86.Build.0 = Debug|Any CPU
		{C7188986-F31F-46ED-8F1C-047E9A7E8A52}.Release|Any CPU.ActiveCfg = Release|Any CPU
		{C7188986-F31F-46ED-8F1C-047E9A7E8A52}.Release|Any CPU.Build.0 = Release|Any CPU
		{C7188986-F31F-46ED-8F1C-047E9A7E8A52}.Release|x86.ActiveCfg = Release|Any CPU
		{C7188986-F31F-46ED-8F1C-047E9A7E8A52}.Release|x86.Build.0 = Release|Any CPU
		{C7188986-F31F-46ED-8F1C-047E9A7E8A52}.ReleaseUnsigned|Any CPU.ActiveCfg = Debug|Any CPU
		{C7188986-F31F-46ED-8F1C-047E9A7E8A52}.ReleaseUnsigned|Any CPU.Build.0 = Debug|Any CPU
		{C7188986-F31F-46ED-8F1C-047E9A7E8A52}.ReleaseUnsigned|x86.ActiveCfg = Debug|Any CPU
		{C7188986-F31F-46ED-8F1C-047E9A7E8A52}.ReleaseUnsigned|x86.Build.0 = Debug|Any CPU
		{8B7B39F7-FE78-47F6-8A7D-DF2374175E50}.Debug|Any CPU.ActiveCfg = Debug|Any CPU
		{8B7B39F7-FE78-47F6-8A7D-DF2374175E50}.Debug|Any CPU.Build.0 = Debug|Any CPU
		{8B7B39F7-FE78-47F6-8A7D-DF2374175E50}.Debug|x86.ActiveCfg = Debug|Any CPU
		{8B7B39F7-FE78-47F6-8A7D-DF2374175E50}.Debug|x86.Build.0 = Debug|Any CPU
		{8B7B39F7-FE78-47F6-8A7D-DF2374175E50}.Release|Any CPU.ActiveCfg = Release|Any CPU
		{8B7B39F7-FE78-47F6-8A7D-DF2374175E50}.Release|Any CPU.Build.0 = Release|Any CPU
		{8B7B39F7-FE78-47F6-8A7D-DF2374175E50}.Release|x86.ActiveCfg = Release|Any CPU
		{8B7B39F7-FE78-47F6-8A7D-DF2374175E50}.Release|x86.Build.0 = Release|Any CPU
		{8B7B39F7-FE78-47F6-8A7D-DF2374175E50}.ReleaseUnsigned|Any CPU.ActiveCfg = Debug|Any CPU
		{8B7B39F7-FE78-47F6-8A7D-DF2374175E50}.ReleaseUnsigned|Any CPU.Build.0 = Debug|Any CPU
		{8B7B39F7-FE78-47F6-8A7D-DF2374175E50}.ReleaseUnsigned|x86.ActiveCfg = Debug|Any CPU
		{8B7B39F7-FE78-47F6-8A7D-DF2374175E50}.ReleaseUnsigned|x86.Build.0 = Debug|Any CPU
		{1AEF94BE-7A9A-4E2C-BE6C-D31A38A139DD}.Debug|Any CPU.ActiveCfg = Debug|Any CPU
		{1AEF94BE-7A9A-4E2C-BE6C-D31A38A139DD}.Debug|Any CPU.Build.0 = Debug|Any CPU
		{1AEF94BE-7A9A-4E2C-BE6C-D31A38A139DD}.Debug|x86.ActiveCfg = Debug|Any CPU
		{1AEF94BE-7A9A-4E2C-BE6C-D31A38A139DD}.Debug|x86.Build.0 = Debug|Any CPU
		{1AEF94BE-7A9A-4E2C-BE6C-D31A38A139DD}.Release|Any CPU.ActiveCfg = Release|Any CPU
		{1AEF94BE-7A9A-4E2C-BE6C-D31A38A139DD}.Release|Any CPU.Build.0 = Release|Any CPU
		{1AEF94BE-7A9A-4E2C-BE6C-D31A38A139DD}.Release|x86.ActiveCfg = Release|Any CPU
		{1AEF94BE-7A9A-4E2C-BE6C-D31A38A139DD}.Release|x86.Build.0 = Release|Any CPU
		{1AEF94BE-7A9A-4E2C-BE6C-D31A38A139DD}.ReleaseUnsigned|Any CPU.ActiveCfg = Debug|Any CPU
		{1AEF94BE-7A9A-4E2C-BE6C-D31A38A139DD}.ReleaseUnsigned|Any CPU.Build.0 = Debug|Any CPU
		{1AEF94BE-7A9A-4E2C-BE6C-D31A38A139DD}.ReleaseUnsigned|x86.ActiveCfg = Debug|Any CPU
		{1AEF94BE-7A9A-4E2C-BE6C-D31A38A139DD}.ReleaseUnsigned|x86.Build.0 = Debug|Any CPU
		{BCEC7EAA-7E8F-4146-977D-346869F3BA34}.Debug|Any CPU.ActiveCfg = Debug|Any CPU
		{BCEC7EAA-7E8F-4146-977D-346869F3BA34}.Debug|Any CPU.Build.0 = Debug|Any CPU
		{BCEC7EAA-7E8F-4146-977D-346869F3BA34}.Debug|x86.ActiveCfg = Debug|Any CPU
		{BCEC7EAA-7E8F-4146-977D-346869F3BA34}.Debug|x86.Build.0 = Debug|Any CPU
		{BCEC7EAA-7E8F-4146-977D-346869F3BA34}.Release|Any CPU.ActiveCfg = Release|Any CPU
		{BCEC7EAA-7E8F-4146-977D-346869F3BA34}.Release|Any CPU.Build.0 = Release|Any CPU
		{BCEC7EAA-7E8F-4146-977D-346869F3BA34}.Release|x86.ActiveCfg = Release|Any CPU
		{BCEC7EAA-7E8F-4146-977D-346869F3BA34}.Release|x86.Build.0 = Release|Any CPU
		{BCEC7EAA-7E8F-4146-977D-346869F3BA34}.ReleaseUnsigned|Any CPU.ActiveCfg = Release|Any CPU
		{BCEC7EAA-7E8F-4146-977D-346869F3BA34}.ReleaseUnsigned|Any CPU.Build.0 = Release|Any CPU
		{BCEC7EAA-7E8F-4146-977D-346869F3BA34}.ReleaseUnsigned|x86.ActiveCfg = Release|Any CPU
		{BCEC7EAA-7E8F-4146-977D-346869F3BA34}.ReleaseUnsigned|x86.Build.0 = Release|Any CPU
		{4A454D43-616F-40A2-ACCD-6BC82CE14340}.Debug|Any CPU.ActiveCfg = Debug|Any CPU
		{4A454D43-616F-40A2-ACCD-6BC82CE14340}.Debug|Any CPU.Build.0 = Debug|Any CPU
		{4A454D43-616F-40A2-ACCD-6BC82CE14340}.Debug|x86.ActiveCfg = Debug|Any CPU
		{4A454D43-616F-40A2-ACCD-6BC82CE14340}.Debug|x86.Build.0 = Debug|Any CPU
		{4A454D43-616F-40A2-ACCD-6BC82CE14340}.Release|Any CPU.ActiveCfg = Release|Any CPU
		{4A454D43-616F-40A2-ACCD-6BC82CE14340}.Release|Any CPU.Build.0 = Release|Any CPU
		{4A454D43-616F-40A2-ACCD-6BC82CE14340}.Release|x86.ActiveCfg = Release|Any CPU
		{4A454D43-616F-40A2-ACCD-6BC82CE14340}.Release|x86.Build.0 = Release|Any CPU
		{4A454D43-616F-40A2-ACCD-6BC82CE14340}.ReleaseUnsigned|Any CPU.ActiveCfg = Release|Any CPU
		{4A454D43-616F-40A2-ACCD-6BC82CE14340}.ReleaseUnsigned|Any CPU.Build.0 = Release|Any CPU
		{4A454D43-616F-40A2-ACCD-6BC82CE14340}.ReleaseUnsigned|x86.ActiveCfg = Release|Any CPU
		{4A454D43-616F-40A2-ACCD-6BC82CE14340}.ReleaseUnsigned|x86.Build.0 = Release|Any CPU
		{56E9DB90-C063-49CA-BAF7-FFCFE963E44C}.Debug|Any CPU.ActiveCfg = Debug|Any CPU
		{56E9DB90-C063-49CA-BAF7-FFCFE963E44C}.Debug|Any CPU.Build.0 = Debug|Any CPU
		{56E9DB90-C063-49CA-BAF7-FFCFE963E44C}.Debug|x86.ActiveCfg = Debug|Any CPU
		{56E9DB90-C063-49CA-BAF7-FFCFE963E44C}.Debug|x86.Build.0 = Debug|Any CPU
		{56E9DB90-C063-49CA-BAF7-FFCFE963E44C}.Release|Any CPU.ActiveCfg = Release|Any CPU
		{56E9DB90-C063-49CA-BAF7-FFCFE963E44C}.Release|Any CPU.Build.0 = Release|Any CPU
		{56E9DB90-C063-49CA-BAF7-FFCFE963E44C}.Release|x86.ActiveCfg = Release|Any CPU
		{56E9DB90-C063-49CA-BAF7-FFCFE963E44C}.Release|x86.Build.0 = Release|Any CPU
		{56E9DB90-C063-49CA-BAF7-FFCFE963E44C}.ReleaseUnsigned|Any CPU.ActiveCfg = Release|Any CPU
		{56E9DB90-C063-49CA-BAF7-FFCFE963E44C}.ReleaseUnsigned|Any CPU.Build.0 = Release|Any CPU
		{56E9DB90-C063-49CA-BAF7-FFCFE963E44C}.ReleaseUnsigned|x86.ActiveCfg = Release|Any CPU
		{56E9DB90-C063-49CA-BAF7-FFCFE963E44C}.ReleaseUnsigned|x86.Build.0 = Release|Any CPU
		{C81070F9-908B-4A76-A96F-CFD4F67A93AB}.Debug|Any CPU.ActiveCfg = Debug|Any CPU
		{C81070F9-908B-4A76-A96F-CFD4F67A93AB}.Debug|Any CPU.Build.0 = Debug|Any CPU
		{C81070F9-908B-4A76-A96F-CFD4F67A93AB}.Debug|x86.ActiveCfg = Debug|Any CPU
		{C81070F9-908B-4A76-A96F-CFD4F67A93AB}.Debug|x86.Build.0 = Debug|Any CPU
		{C81070F9-908B-4A76-A96F-CFD4F67A93AB}.Release|Any CPU.ActiveCfg = Release|Any CPU
		{C81070F9-908B-4A76-A96F-CFD4F67A93AB}.Release|Any CPU.Build.0 = Release|Any CPU
		{C81070F9-908B-4A76-A96F-CFD4F67A93AB}.Release|x86.ActiveCfg = Release|Any CPU
		{C81070F9-908B-4A76-A96F-CFD4F67A93AB}.Release|x86.Build.0 = Release|Any CPU
		{C81070F9-908B-4A76-A96F-CFD4F67A93AB}.ReleaseUnsigned|Any CPU.ActiveCfg = Debug|Any CPU
		{C81070F9-908B-4A76-A96F-CFD4F67A93AB}.ReleaseUnsigned|Any CPU.Build.0 = Debug|Any CPU
		{C81070F9-908B-4A76-A96F-CFD4F67A93AB}.ReleaseUnsigned|x86.ActiveCfg = Debug|Any CPU
		{C81070F9-908B-4A76-A96F-CFD4F67A93AB}.ReleaseUnsigned|x86.Build.0 = Debug|Any CPU
		{3DD99432-4505-4FA6-BD0D-A599733E2168}.Debug|Any CPU.ActiveCfg = Debug|Any CPU
		{3DD99432-4505-4FA6-BD0D-A599733E2168}.Debug|Any CPU.Build.0 = Debug|Any CPU
		{3DD99432-4505-4FA6-BD0D-A599733E2168}.Debug|x86.ActiveCfg = Debug|Any CPU
		{3DD99432-4505-4FA6-BD0D-A599733E2168}.Debug|x86.Build.0 = Debug|Any CPU
		{3DD99432-4505-4FA6-BD0D-A599733E2168}.Release|Any CPU.ActiveCfg = Release|Any CPU
		{3DD99432-4505-4FA6-BD0D-A599733E2168}.Release|Any CPU.Build.0 = Release|Any CPU
		{3DD99432-4505-4FA6-BD0D-A599733E2168}.Release|x86.ActiveCfg = Release|Any CPU
		{3DD99432-4505-4FA6-BD0D-A599733E2168}.Release|x86.Build.0 = Release|Any CPU
		{3DD99432-4505-4FA6-BD0D-A599733E2168}.ReleaseUnsigned|Any CPU.ActiveCfg = Debug|Any CPU
		{3DD99432-4505-4FA6-BD0D-A599733E2168}.ReleaseUnsigned|Any CPU.Build.0 = Debug|Any CPU
		{3DD99432-4505-4FA6-BD0D-A599733E2168}.ReleaseUnsigned|x86.ActiveCfg = Debug|Any CPU
		{3DD99432-4505-4FA6-BD0D-A599733E2168}.ReleaseUnsigned|x86.Build.0 = Debug|Any CPU
		{1F71C6D2-17AE-4C7B-878D-BB7B295D3B3D}.Debug|Any CPU.ActiveCfg = Debug|Any CPU
		{1F71C6D2-17AE-4C7B-878D-BB7B295D3B3D}.Debug|Any CPU.Build.0 = Debug|Any CPU
		{1F71C6D2-17AE-4C7B-878D-BB7B295D3B3D}.Debug|x86.ActiveCfg = Debug|Any CPU
		{1F71C6D2-17AE-4C7B-878D-BB7B295D3B3D}.Debug|x86.Build.0 = Debug|Any CPU
		{1F71C6D2-17AE-4C7B-878D-BB7B295D3B3D}.Release|Any CPU.ActiveCfg = Release|Any CPU
		{1F71C6D2-17AE-4C7B-878D-BB7B295D3B3D}.Release|Any CPU.Build.0 = Release|Any CPU
		{1F71C6D2-17AE-4C7B-878D-BB7B295D3B3D}.Release|x86.ActiveCfg = Release|Any CPU
		{1F71C6D2-17AE-4C7B-878D-BB7B295D3B3D}.Release|x86.Build.0 = Release|Any CPU
		{1F71C6D2-17AE-4C7B-878D-BB7B295D3B3D}.ReleaseUnsigned|Any CPU.ActiveCfg = Debug|Any CPU
		{1F71C6D2-17AE-4C7B-878D-BB7B295D3B3D}.ReleaseUnsigned|Any CPU.Build.0 = Debug|Any CPU
		{1F71C6D2-17AE-4C7B-878D-BB7B295D3B3D}.ReleaseUnsigned|x86.ActiveCfg = Debug|Any CPU
		{1F71C6D2-17AE-4C7B-878D-BB7B295D3B3D}.ReleaseUnsigned|x86.Build.0 = Debug|Any CPU
		{CF2D2B2E-2C34-4E8C-970F-4CB07DB0457B}.Debug|Any CPU.ActiveCfg = Debug|Any CPU
		{CF2D2B2E-2C34-4E8C-970F-4CB07DB0457B}.Debug|Any CPU.Build.0 = Debug|Any CPU
		{CF2D2B2E-2C34-4E8C-970F-4CB07DB0457B}.Debug|x86.ActiveCfg = Debug|Any CPU
		{CF2D2B2E-2C34-4E8C-970F-4CB07DB0457B}.Debug|x86.Build.0 = Debug|Any CPU
		{CF2D2B2E-2C34-4E8C-970F-4CB07DB0457B}.Release|Any CPU.ActiveCfg = Release|Any CPU
		{CF2D2B2E-2C34-4E8C-970F-4CB07DB0457B}.Release|Any CPU.Build.0 = Release|Any CPU
		{CF2D2B2E-2C34-4E8C-970F-4CB07DB0457B}.Release|x86.ActiveCfg = Release|Any CPU
		{CF2D2B2E-2C34-4E8C-970F-4CB07DB0457B}.Release|x86.Build.0 = Release|Any CPU
		{CF2D2B2E-2C34-4E8C-970F-4CB07DB0457B}.ReleaseUnsigned|Any CPU.ActiveCfg = Debug|Any CPU
		{CF2D2B2E-2C34-4E8C-970F-4CB07DB0457B}.ReleaseUnsigned|Any CPU.Build.0 = Debug|Any CPU
		{CF2D2B2E-2C34-4E8C-970F-4CB07DB0457B}.ReleaseUnsigned|x86.ActiveCfg = Debug|Any CPU
		{CF2D2B2E-2C34-4E8C-970F-4CB07DB0457B}.ReleaseUnsigned|x86.Build.0 = Debug|Any CPU
		{D4ED7C0B-DADE-45FA-BCCB-9E5D6C27D714}.Debug|Any CPU.ActiveCfg = Debug|Any CPU
		{D4ED7C0B-DADE-45FA-BCCB-9E5D6C27D714}.Debug|Any CPU.Build.0 = Debug|Any CPU
		{D4ED7C0B-DADE-45FA-BCCB-9E5D6C27D714}.Debug|x86.ActiveCfg = Debug|Any CPU
		{D4ED7C0B-DADE-45FA-BCCB-9E5D6C27D714}.Debug|x86.Build.0 = Debug|Any CPU
		{D4ED7C0B-DADE-45FA-BCCB-9E5D6C27D714}.Release|Any CPU.ActiveCfg = Release|Any CPU
		{D4ED7C0B-DADE-45FA-BCCB-9E5D6C27D714}.Release|Any CPU.Build.0 = Release|Any CPU
		{D4ED7C0B-DADE-45FA-BCCB-9E5D6C27D714}.Release|x86.ActiveCfg = Release|Any CPU
		{D4ED7C0B-DADE-45FA-BCCB-9E5D6C27D714}.Release|x86.Build.0 = Release|Any CPU
		{D4ED7C0B-DADE-45FA-BCCB-9E5D6C27D714}.ReleaseUnsigned|Any CPU.ActiveCfg = Debug|Any CPU
		{D4ED7C0B-DADE-45FA-BCCB-9E5D6C27D714}.ReleaseUnsigned|Any CPU.Build.0 = Debug|Any CPU
		{D4ED7C0B-DADE-45FA-BCCB-9E5D6C27D714}.ReleaseUnsigned|x86.ActiveCfg = Debug|Any CPU
		{D4ED7C0B-DADE-45FA-BCCB-9E5D6C27D714}.ReleaseUnsigned|x86.Build.0 = Debug|Any CPU
		{1AF687AB-41DE-4B2A-97F5-E9BBF5E51C75}.Debug|Any CPU.ActiveCfg = Debug|Any CPU
		{1AF687AB-41DE-4B2A-97F5-E9BBF5E51C75}.Debug|Any CPU.Build.0 = Debug|Any CPU
		{1AF687AB-41DE-4B2A-97F5-E9BBF5E51C75}.Debug|x86.ActiveCfg = Debug|Any CPU
		{1AF687AB-41DE-4B2A-97F5-E9BBF5E51C75}.Debug|x86.Build.0 = Debug|Any CPU
		{1AF687AB-41DE-4B2A-97F5-E9BBF5E51C75}.Release|Any CPU.ActiveCfg = Release|Any CPU
		{1AF687AB-41DE-4B2A-97F5-E9BBF5E51C75}.Release|Any CPU.Build.0 = Release|Any CPU
		{1AF687AB-41DE-4B2A-97F5-E9BBF5E51C75}.Release|x86.ActiveCfg = Release|Any CPU
		{1AF687AB-41DE-4B2A-97F5-E9BBF5E51C75}.Release|x86.Build.0 = Release|Any CPU
		{1AF687AB-41DE-4B2A-97F5-E9BBF5E51C75}.ReleaseUnsigned|Any CPU.ActiveCfg = Debug|Any CPU
		{1AF687AB-41DE-4B2A-97F5-E9BBF5E51C75}.ReleaseUnsigned|Any CPU.Build.0 = Debug|Any CPU
		{1AF687AB-41DE-4B2A-97F5-E9BBF5E51C75}.ReleaseUnsigned|x86.ActiveCfg = Debug|Any CPU
		{1AF687AB-41DE-4B2A-97F5-E9BBF5E51C75}.ReleaseUnsigned|x86.Build.0 = Debug|Any CPU
		{A29B1D94-6F11-487E-B4A1-3460928EC2C0}.Debug|Any CPU.ActiveCfg = Debug|Any CPU
		{A29B1D94-6F11-487E-B4A1-3460928EC2C0}.Debug|Any CPU.Build.0 = Debug|Any CPU
		{A29B1D94-6F11-487E-B4A1-3460928EC2C0}.Debug|x86.ActiveCfg = Debug|Any CPU
		{A29B1D94-6F11-487E-B4A1-3460928EC2C0}.Debug|x86.Build.0 = Debug|Any CPU
		{A29B1D94-6F11-487E-B4A1-3460928EC2C0}.Release|Any CPU.ActiveCfg = Release|Any CPU
		{A29B1D94-6F11-487E-B4A1-3460928EC2C0}.Release|Any CPU.Build.0 = Release|Any CPU
		{A29B1D94-6F11-487E-B4A1-3460928EC2C0}.Release|x86.ActiveCfg = Release|Any CPU
		{A29B1D94-6F11-487E-B4A1-3460928EC2C0}.Release|x86.Build.0 = Release|Any CPU
		{A29B1D94-6F11-487E-B4A1-3460928EC2C0}.ReleaseUnsigned|Any CPU.ActiveCfg = Debug|Any CPU
		{A29B1D94-6F11-487E-B4A1-3460928EC2C0}.ReleaseUnsigned|Any CPU.Build.0 = Debug|Any CPU
		{A29B1D94-6F11-487E-B4A1-3460928EC2C0}.ReleaseUnsigned|x86.ActiveCfg = Debug|Any CPU
		{A29B1D94-6F11-487E-B4A1-3460928EC2C0}.ReleaseUnsigned|x86.Build.0 = Debug|Any CPU
		{F7F32EF2-0586-4FD8-90AD-AD7C792DF5E7}.Debug|Any CPU.ActiveCfg = Debug|Any CPU
		{F7F32EF2-0586-4FD8-90AD-AD7C792DF5E7}.Debug|Any CPU.Build.0 = Debug|Any CPU
		{F7F32EF2-0586-4FD8-90AD-AD7C792DF5E7}.Debug|x86.ActiveCfg = Debug|Any CPU
		{F7F32EF2-0586-4FD8-90AD-AD7C792DF5E7}.Debug|x86.Build.0 = Debug|Any CPU
		{F7F32EF2-0586-4FD8-90AD-AD7C792DF5E7}.Release|Any CPU.ActiveCfg = Release|Any CPU
		{F7F32EF2-0586-4FD8-90AD-AD7C792DF5E7}.Release|Any CPU.Build.0 = Release|Any CPU
		{F7F32EF2-0586-4FD8-90AD-AD7C792DF5E7}.Release|x86.ActiveCfg = Release|Any CPU
		{F7F32EF2-0586-4FD8-90AD-AD7C792DF5E7}.Release|x86.Build.0 = Release|Any CPU
		{F7F32EF2-0586-4FD8-90AD-AD7C792DF5E7}.ReleaseUnsigned|Any CPU.ActiveCfg = Debug|Any CPU
		{F7F32EF2-0586-4FD8-90AD-AD7C792DF5E7}.ReleaseUnsigned|Any CPU.Build.0 = Debug|Any CPU
		{F7F32EF2-0586-4FD8-90AD-AD7C792DF5E7}.ReleaseUnsigned|x86.ActiveCfg = Debug|Any CPU
		{F7F32EF2-0586-4FD8-90AD-AD7C792DF5E7}.ReleaseUnsigned|x86.Build.0 = Debug|Any CPU
		{1FC221F1-E49D-473C-9869-4452B2C4EBEE}.Debug|Any CPU.ActiveCfg = Debug|Any CPU
		{1FC221F1-E49D-473C-9869-4452B2C4EBEE}.Debug|Any CPU.Build.0 = Debug|Any CPU
		{1FC221F1-E49D-473C-9869-4452B2C4EBEE}.Debug|x86.ActiveCfg = Debug|Any CPU
		{1FC221F1-E49D-473C-9869-4452B2C4EBEE}.Debug|x86.Build.0 = Debug|Any CPU
		{1FC221F1-E49D-473C-9869-4452B2C4EBEE}.Release|Any CPU.ActiveCfg = Release|Any CPU
		{1FC221F1-E49D-473C-9869-4452B2C4EBEE}.Release|Any CPU.Build.0 = Release|Any CPU
		{1FC221F1-E49D-473C-9869-4452B2C4EBEE}.Release|x86.ActiveCfg = Release|Any CPU
		{1FC221F1-E49D-473C-9869-4452B2C4EBEE}.Release|x86.Build.0 = Release|Any CPU
		{1FC221F1-E49D-473C-9869-4452B2C4EBEE}.ReleaseUnsigned|Any CPU.ActiveCfg = Debug|Any CPU
		{1FC221F1-E49D-473C-9869-4452B2C4EBEE}.ReleaseUnsigned|Any CPU.Build.0 = Debug|Any CPU
		{1FC221F1-E49D-473C-9869-4452B2C4EBEE}.ReleaseUnsigned|x86.ActiveCfg = Debug|Any CPU
		{1FC221F1-E49D-473C-9869-4452B2C4EBEE}.ReleaseUnsigned|x86.Build.0 = Debug|Any CPU
		{555EC658-5EF6-4C10-ABA0-B717896398BE}.Debug|Any CPU.ActiveCfg = Debug|Any CPU
		{555EC658-5EF6-4C10-ABA0-B717896398BE}.Debug|Any CPU.Build.0 = Debug|Any CPU
		{555EC658-5EF6-4C10-ABA0-B717896398BE}.Debug|x86.ActiveCfg = Debug|Any CPU
		{555EC658-5EF6-4C10-ABA0-B717896398BE}.Debug|x86.Build.0 = Debug|Any CPU
		{555EC658-5EF6-4C10-ABA0-B717896398BE}.Release|Any CPU.ActiveCfg = Release|Any CPU
		{555EC658-5EF6-4C10-ABA0-B717896398BE}.Release|Any CPU.Build.0 = Release|Any CPU
		{555EC658-5EF6-4C10-ABA0-B717896398BE}.Release|x86.ActiveCfg = Release|Any CPU
		{555EC658-5EF6-4C10-ABA0-B717896398BE}.Release|x86.Build.0 = Release|Any CPU
		{555EC658-5EF6-4C10-ABA0-B717896398BE}.ReleaseUnsigned|Any CPU.ActiveCfg = Debug|Any CPU
		{555EC658-5EF6-4C10-ABA0-B717896398BE}.ReleaseUnsigned|Any CPU.Build.0 = Debug|Any CPU
		{555EC658-5EF6-4C10-ABA0-B717896398BE}.ReleaseUnsigned|x86.ActiveCfg = Debug|Any CPU
		{555EC658-5EF6-4C10-ABA0-B717896398BE}.ReleaseUnsigned|x86.Build.0 = Debug|Any CPU
		{D9472BBD-99CA-4FD4-9C8F-DA4F418F43EB}.Debug|Any CPU.ActiveCfg = Debug|Any CPU
		{D9472BBD-99CA-4FD4-9C8F-DA4F418F43EB}.Debug|Any CPU.Build.0 = Debug|Any CPU
		{D9472BBD-99CA-4FD4-9C8F-DA4F418F43EB}.Debug|x86.ActiveCfg = Debug|Any CPU
		{D9472BBD-99CA-4FD4-9C8F-DA4F418F43EB}.Debug|x86.Build.0 = Debug|Any CPU
		{D9472BBD-99CA-4FD4-9C8F-DA4F418F43EB}.Release|Any CPU.ActiveCfg = Release|Any CPU
		{D9472BBD-99CA-4FD4-9C8F-DA4F418F43EB}.Release|Any CPU.Build.0 = Release|Any CPU
		{D9472BBD-99CA-4FD4-9C8F-DA4F418F43EB}.Release|x86.ActiveCfg = Release|Any CPU
		{D9472BBD-99CA-4FD4-9C8F-DA4F418F43EB}.Release|x86.Build.0 = Release|Any CPU
		{D9472BBD-99CA-4FD4-9C8F-DA4F418F43EB}.ReleaseUnsigned|Any CPU.ActiveCfg = Debug|Any CPU
		{D9472BBD-99CA-4FD4-9C8F-DA4F418F43EB}.ReleaseUnsigned|Any CPU.Build.0 = Debug|Any CPU
		{D9472BBD-99CA-4FD4-9C8F-DA4F418F43EB}.ReleaseUnsigned|x86.ActiveCfg = Debug|Any CPU
		{D9472BBD-99CA-4FD4-9C8F-DA4F418F43EB}.ReleaseUnsigned|x86.Build.0 = Debug|Any CPU
		{24CC1B47-AE01-4871-A939-2BF6EB789860}.Debug|Any CPU.ActiveCfg = Debug|Any CPU
		{24CC1B47-AE01-4871-A939-2BF6EB789860}.Debug|Any CPU.Build.0 = Debug|Any CPU
		{24CC1B47-AE01-4871-A939-2BF6EB789860}.Debug|x86.ActiveCfg = Debug|Any CPU
		{24CC1B47-AE01-4871-A939-2BF6EB789860}.Debug|x86.Build.0 = Debug|Any CPU
		{24CC1B47-AE01-4871-A939-2BF6EB789860}.Release|Any CPU.ActiveCfg = Release|Any CPU
		{24CC1B47-AE01-4871-A939-2BF6EB789860}.Release|Any CPU.Build.0 = Release|Any CPU
		{24CC1B47-AE01-4871-A939-2BF6EB789860}.Release|x86.ActiveCfg = Release|Any CPU
		{24CC1B47-AE01-4871-A939-2BF6EB789860}.Release|x86.Build.0 = Release|Any CPU
		{24CC1B47-AE01-4871-A939-2BF6EB789860}.ReleaseUnsigned|Any CPU.ActiveCfg = Debug|Any CPU
		{24CC1B47-AE01-4871-A939-2BF6EB789860}.ReleaseUnsigned|Any CPU.Build.0 = Debug|Any CPU
		{24CC1B47-AE01-4871-A939-2BF6EB789860}.ReleaseUnsigned|x86.ActiveCfg = Debug|Any CPU
		{24CC1B47-AE01-4871-A939-2BF6EB789860}.ReleaseUnsigned|x86.Build.0 = Debug|Any CPU
		{338E2B7E-4301-4547-9172-4415F739C029}.Debug|Any CPU.ActiveCfg = Debug|Any CPU
		{338E2B7E-4301-4547-9172-4415F739C029}.Debug|Any CPU.Build.0 = Debug|Any CPU
		{338E2B7E-4301-4547-9172-4415F739C029}.Debug|x86.ActiveCfg = Debug|Any CPU
		{338E2B7E-4301-4547-9172-4415F739C029}.Debug|x86.Build.0 = Debug|Any CPU
		{338E2B7E-4301-4547-9172-4415F739C029}.Release|Any CPU.ActiveCfg = Release|Any CPU
		{338E2B7E-4301-4547-9172-4415F739C029}.Release|Any CPU.Build.0 = Release|Any CPU
		{338E2B7E-4301-4547-9172-4415F739C029}.Release|x86.ActiveCfg = Release|Any CPU
		{338E2B7E-4301-4547-9172-4415F739C029}.Release|x86.Build.0 = Release|Any CPU
		{338E2B7E-4301-4547-9172-4415F739C029}.ReleaseUnsigned|Any CPU.ActiveCfg = Debug|Any CPU
		{338E2B7E-4301-4547-9172-4415F739C029}.ReleaseUnsigned|Any CPU.Build.0 = Debug|Any CPU
		{338E2B7E-4301-4547-9172-4415F739C029}.ReleaseUnsigned|x86.ActiveCfg = Debug|Any CPU
		{338E2B7E-4301-4547-9172-4415F739C029}.ReleaseUnsigned|x86.Build.0 = Debug|Any CPU
		{17E04A9B-5DB5-4857-99CD-E9AF22DA00E4}.Debug|Any CPU.ActiveCfg = Debug|Any CPU
		{17E04A9B-5DB5-4857-99CD-E9AF22DA00E4}.Debug|Any CPU.Build.0 = Debug|Any CPU
		{17E04A9B-5DB5-4857-99CD-E9AF22DA00E4}.Debug|x86.ActiveCfg = Debug|Any CPU
		{17E04A9B-5DB5-4857-99CD-E9AF22DA00E4}.Debug|x86.Build.0 = Debug|Any CPU
		{17E04A9B-5DB5-4857-99CD-E9AF22DA00E4}.Release|Any CPU.ActiveCfg = Release|Any CPU
		{17E04A9B-5DB5-4857-99CD-E9AF22DA00E4}.Release|Any CPU.Build.0 = Release|Any CPU
		{17E04A9B-5DB5-4857-99CD-E9AF22DA00E4}.Release|x86.ActiveCfg = Release|Any CPU
		{17E04A9B-5DB5-4857-99CD-E9AF22DA00E4}.Release|x86.Build.0 = Release|Any CPU
		{17E04A9B-5DB5-4857-99CD-E9AF22DA00E4}.ReleaseUnsigned|Any CPU.ActiveCfg = Debug|Any CPU
		{17E04A9B-5DB5-4857-99CD-E9AF22DA00E4}.ReleaseUnsigned|Any CPU.Build.0 = Debug|Any CPU
		{17E04A9B-5DB5-4857-99CD-E9AF22DA00E4}.ReleaseUnsigned|x86.ActiveCfg = Debug|Any CPU
		{17E04A9B-5DB5-4857-99CD-E9AF22DA00E4}.ReleaseUnsigned|x86.Build.0 = Debug|Any CPU
		{AF56509B-0B95-4ACE-9CFC-F9A79756C357}.Debug|Any CPU.ActiveCfg = Debug|Any CPU
		{AF56509B-0B95-4ACE-9CFC-F9A79756C357}.Debug|Any CPU.Build.0 = Debug|Any CPU
		{AF56509B-0B95-4ACE-9CFC-F9A79756C357}.Debug|x86.ActiveCfg = Debug|Any CPU
		{AF56509B-0B95-4ACE-9CFC-F9A79756C357}.Debug|x86.Build.0 = Debug|Any CPU
		{AF56509B-0B95-4ACE-9CFC-F9A79756C357}.Release|Any CPU.ActiveCfg = Release|Any CPU
		{AF56509B-0B95-4ACE-9CFC-F9A79756C357}.Release|Any CPU.Build.0 = Release|Any CPU
		{AF56509B-0B95-4ACE-9CFC-F9A79756C357}.Release|x86.ActiveCfg = Release|Any CPU
		{AF56509B-0B95-4ACE-9CFC-F9A79756C357}.Release|x86.Build.0 = Release|Any CPU
		{AF56509B-0B95-4ACE-9CFC-F9A79756C357}.ReleaseUnsigned|Any CPU.ActiveCfg = Debug|Any CPU
		{AF56509B-0B95-4ACE-9CFC-F9A79756C357}.ReleaseUnsigned|Any CPU.Build.0 = Debug|Any CPU
		{AF56509B-0B95-4ACE-9CFC-F9A79756C357}.ReleaseUnsigned|x86.ActiveCfg = Debug|Any CPU
		{AF56509B-0B95-4ACE-9CFC-F9A79756C357}.ReleaseUnsigned|x86.Build.0 = Debug|Any CPU
		{082488F6-6322-462A-85D7-9E893A67B8CD}.Debug|Any CPU.ActiveCfg = Debug|Any CPU
		{082488F6-6322-462A-85D7-9E893A67B8CD}.Debug|Any CPU.Build.0 = Debug|Any CPU
		{082488F6-6322-462A-85D7-9E893A67B8CD}.Debug|x86.ActiveCfg = Debug|Any CPU
		{082488F6-6322-462A-85D7-9E893A67B8CD}.Debug|x86.Build.0 = Debug|Any CPU
		{082488F6-6322-462A-85D7-9E893A67B8CD}.Release|Any CPU.ActiveCfg = Release|Any CPU
		{082488F6-6322-462A-85D7-9E893A67B8CD}.Release|Any CPU.Build.0 = Release|Any CPU
		{082488F6-6322-462A-85D7-9E893A67B8CD}.Release|x86.ActiveCfg = Release|Any CPU
		{082488F6-6322-462A-85D7-9E893A67B8CD}.Release|x86.Build.0 = Release|Any CPU
		{082488F6-6322-462A-85D7-9E893A67B8CD}.ReleaseUnsigned|Any CPU.ActiveCfg = Debug|Any CPU
		{082488F6-6322-462A-85D7-9E893A67B8CD}.ReleaseUnsigned|Any CPU.Build.0 = Debug|Any CPU
		{082488F6-6322-462A-85D7-9E893A67B8CD}.ReleaseUnsigned|x86.ActiveCfg = Debug|Any CPU
		{082488F6-6322-462A-85D7-9E893A67B8CD}.ReleaseUnsigned|x86.Build.0 = Debug|Any CPU
		{7632EDAF-29A1-4E69-952F-C75D3BF34B3B}.Debug|Any CPU.ActiveCfg = Debug|Any CPU
		{7632EDAF-29A1-4E69-952F-C75D3BF34B3B}.Debug|Any CPU.Build.0 = Debug|Any CPU
		{7632EDAF-29A1-4E69-952F-C75D3BF34B3B}.Debug|x86.ActiveCfg = Debug|Any CPU
		{7632EDAF-29A1-4E69-952F-C75D3BF34B3B}.Debug|x86.Build.0 = Debug|Any CPU
		{7632EDAF-29A1-4E69-952F-C75D3BF34B3B}.Release|Any CPU.ActiveCfg = Release|Any CPU
		{7632EDAF-29A1-4E69-952F-C75D3BF34B3B}.Release|Any CPU.Build.0 = Release|Any CPU
		{7632EDAF-29A1-4E69-952F-C75D3BF34B3B}.Release|x86.ActiveCfg = Release|Any CPU
		{7632EDAF-29A1-4E69-952F-C75D3BF34B3B}.Release|x86.Build.0 = Release|Any CPU
		{7632EDAF-29A1-4E69-952F-C75D3BF34B3B}.ReleaseUnsigned|Any CPU.ActiveCfg = Debug|Any CPU
		{7632EDAF-29A1-4E69-952F-C75D3BF34B3B}.ReleaseUnsigned|Any CPU.Build.0 = Debug|Any CPU
		{7632EDAF-29A1-4E69-952F-C75D3BF34B3B}.ReleaseUnsigned|x86.ActiveCfg = Debug|Any CPU
		{7632EDAF-29A1-4E69-952F-C75D3BF34B3B}.ReleaseUnsigned|x86.Build.0 = Debug|Any CPU
		{2CAF0C51-2F64-4EB0-8E27-AE3E0085CA75}.Debug|Any CPU.ActiveCfg = Debug|Any CPU
		{2CAF0C51-2F64-4EB0-8E27-AE3E0085CA75}.Debug|Any CPU.Build.0 = Debug|Any CPU
		{2CAF0C51-2F64-4EB0-8E27-AE3E0085CA75}.Debug|x86.ActiveCfg = Debug|Any CPU
		{2CAF0C51-2F64-4EB0-8E27-AE3E0085CA75}.Debug|x86.Build.0 = Debug|Any CPU
		{2CAF0C51-2F64-4EB0-8E27-AE3E0085CA75}.Release|Any CPU.ActiveCfg = Release|Any CPU
		{2CAF0C51-2F64-4EB0-8E27-AE3E0085CA75}.Release|Any CPU.Build.0 = Release|Any CPU
		{2CAF0C51-2F64-4EB0-8E27-AE3E0085CA75}.Release|x86.ActiveCfg = Release|Any CPU
		{2CAF0C51-2F64-4EB0-8E27-AE3E0085CA75}.Release|x86.Build.0 = Release|Any CPU
		{2CAF0C51-2F64-4EB0-8E27-AE3E0085CA75}.ReleaseUnsigned|Any CPU.ActiveCfg = Debug|Any CPU
		{2CAF0C51-2F64-4EB0-8E27-AE3E0085CA75}.ReleaseUnsigned|Any CPU.Build.0 = Debug|Any CPU
		{2CAF0C51-2F64-4EB0-8E27-AE3E0085CA75}.ReleaseUnsigned|x86.ActiveCfg = Debug|Any CPU
		{2CAF0C51-2F64-4EB0-8E27-AE3E0085CA75}.ReleaseUnsigned|x86.Build.0 = Debug|Any CPU
		{8CD4298E-962B-4D04-821D-274343099E83}.Debug|Any CPU.ActiveCfg = Debug|Any CPU
		{8CD4298E-962B-4D04-821D-274343099E83}.Debug|Any CPU.Build.0 = Debug|Any CPU
		{8CD4298E-962B-4D04-821D-274343099E83}.Debug|x86.ActiveCfg = Debug|Any CPU
		{8CD4298E-962B-4D04-821D-274343099E83}.Debug|x86.Build.0 = Debug|Any CPU
		{8CD4298E-962B-4D04-821D-274343099E83}.Release|Any CPU.ActiveCfg = Release|Any CPU
		{8CD4298E-962B-4D04-821D-274343099E83}.Release|Any CPU.Build.0 = Release|Any CPU
		{8CD4298E-962B-4D04-821D-274343099E83}.Release|x86.ActiveCfg = Release|Any CPU
		{8CD4298E-962B-4D04-821D-274343099E83}.Release|x86.Build.0 = Release|Any CPU
		{8CD4298E-962B-4D04-821D-274343099E83}.ReleaseUnsigned|Any CPU.ActiveCfg = Debug|Any CPU
		{8CD4298E-962B-4D04-821D-274343099E83}.ReleaseUnsigned|Any CPU.Build.0 = Debug|Any CPU
		{8CD4298E-962B-4D04-821D-274343099E83}.ReleaseUnsigned|x86.ActiveCfg = Debug|Any CPU
		{8CD4298E-962B-4D04-821D-274343099E83}.ReleaseUnsigned|x86.Build.0 = Debug|Any CPU
		{AB188378-1BAC-4ECB-98A7-91E12C861381}.Debug|Any CPU.ActiveCfg = Debug|Any CPU
		{AB188378-1BAC-4ECB-98A7-91E12C861381}.Debug|Any CPU.Build.0 = Debug|Any CPU
		{AB188378-1BAC-4ECB-98A7-91E12C861381}.Debug|x86.ActiveCfg = Debug|Any CPU
		{AB188378-1BAC-4ECB-98A7-91E12C861381}.Debug|x86.Build.0 = Debug|Any CPU
		{AB188378-1BAC-4ECB-98A7-91E12C861381}.Release|Any CPU.ActiveCfg = Release|Any CPU
		{AB188378-1BAC-4ECB-98A7-91E12C861381}.Release|Any CPU.Build.0 = Release|Any CPU
		{AB188378-1BAC-4ECB-98A7-91E12C861381}.Release|x86.ActiveCfg = Release|Any CPU
		{AB188378-1BAC-4ECB-98A7-91E12C861381}.Release|x86.Build.0 = Release|Any CPU
		{AB188378-1BAC-4ECB-98A7-91E12C861381}.ReleaseUnsigned|Any CPU.ActiveCfg = Debug|Any CPU
		{AB188378-1BAC-4ECB-98A7-91E12C861381}.ReleaseUnsigned|Any CPU.Build.0 = Debug|Any CPU
		{AB188378-1BAC-4ECB-98A7-91E12C861381}.ReleaseUnsigned|x86.ActiveCfg = Debug|Any CPU
		{AB188378-1BAC-4ECB-98A7-91E12C861381}.ReleaseUnsigned|x86.Build.0 = Debug|Any CPU
		{2B6ACCF2-0CAF-4152-901F-0048390971E4}.Debug|Any CPU.ActiveCfg = Debug|Any CPU
		{2B6ACCF2-0CAF-4152-901F-0048390971E4}.Debug|Any CPU.Build.0 = Debug|Any CPU
		{2B6ACCF2-0CAF-4152-901F-0048390971E4}.Debug|x86.ActiveCfg = Debug|Any CPU
		{2B6ACCF2-0CAF-4152-901F-0048390971E4}.Debug|x86.Build.0 = Debug|Any CPU
		{2B6ACCF2-0CAF-4152-901F-0048390971E4}.Release|Any CPU.ActiveCfg = Release|Any CPU
		{2B6ACCF2-0CAF-4152-901F-0048390971E4}.Release|Any CPU.Build.0 = Release|Any CPU
		{2B6ACCF2-0CAF-4152-901F-0048390971E4}.Release|x86.ActiveCfg = Release|Any CPU
		{2B6ACCF2-0CAF-4152-901F-0048390971E4}.Release|x86.Build.0 = Release|Any CPU
		{2B6ACCF2-0CAF-4152-901F-0048390971E4}.ReleaseUnsigned|Any CPU.ActiveCfg = Debug|Any CPU
		{2B6ACCF2-0CAF-4152-901F-0048390971E4}.ReleaseUnsigned|Any CPU.Build.0 = Debug|Any CPU
		{2B6ACCF2-0CAF-4152-901F-0048390971E4}.ReleaseUnsigned|x86.ActiveCfg = Debug|Any CPU
		{2B6ACCF2-0CAF-4152-901F-0048390971E4}.ReleaseUnsigned|x86.Build.0 = Debug|Any CPU
		{667E52D5-E1D9-49EE-B364-3CB7E43EE160}.Debug|Any CPU.ActiveCfg = Debug|Any CPU
		{667E52D5-E1D9-49EE-B364-3CB7E43EE160}.Debug|Any CPU.Build.0 = Debug|Any CPU
		{667E52D5-E1D9-49EE-B364-3CB7E43EE160}.Debug|x86.ActiveCfg = Debug|Any CPU
		{667E52D5-E1D9-49EE-B364-3CB7E43EE160}.Debug|x86.Build.0 = Debug|Any CPU
		{667E52D5-E1D9-49EE-B364-3CB7E43EE160}.Release|Any CPU.ActiveCfg = Release|Any CPU
		{667E52D5-E1D9-49EE-B364-3CB7E43EE160}.Release|Any CPU.Build.0 = Release|Any CPU
		{667E52D5-E1D9-49EE-B364-3CB7E43EE160}.Release|x86.ActiveCfg = Release|Any CPU
		{667E52D5-E1D9-49EE-B364-3CB7E43EE160}.Release|x86.Build.0 = Release|Any CPU
		{667E52D5-E1D9-49EE-B364-3CB7E43EE160}.ReleaseUnsigned|Any CPU.ActiveCfg = Debug|Any CPU
		{667E52D5-E1D9-49EE-B364-3CB7E43EE160}.ReleaseUnsigned|Any CPU.Build.0 = Debug|Any CPU
		{667E52D5-E1D9-49EE-B364-3CB7E43EE160}.ReleaseUnsigned|x86.ActiveCfg = Debug|Any CPU
		{667E52D5-E1D9-49EE-B364-3CB7E43EE160}.ReleaseUnsigned|x86.Build.0 = Debug|Any CPU
		{388085C8-1BC8-48F8-8EA2-3698FCB385E5}.Debug|Any CPU.ActiveCfg = Debug|Any CPU
		{388085C8-1BC8-48F8-8EA2-3698FCB385E5}.Debug|Any CPU.Build.0 = Debug|Any CPU
		{388085C8-1BC8-48F8-8EA2-3698FCB385E5}.Debug|x86.ActiveCfg = Debug|Any CPU
		{388085C8-1BC8-48F8-8EA2-3698FCB385E5}.Debug|x86.Build.0 = Debug|Any CPU
		{388085C8-1BC8-48F8-8EA2-3698FCB385E5}.Release|Any CPU.ActiveCfg = Release|Any CPU
		{388085C8-1BC8-48F8-8EA2-3698FCB385E5}.Release|Any CPU.Build.0 = Release|Any CPU
		{388085C8-1BC8-48F8-8EA2-3698FCB385E5}.Release|x86.ActiveCfg = Release|Any CPU
		{388085C8-1BC8-48F8-8EA2-3698FCB385E5}.Release|x86.Build.0 = Release|Any CPU
		{388085C8-1BC8-48F8-8EA2-3698FCB385E5}.ReleaseUnsigned|Any CPU.ActiveCfg = Debug|Any CPU
		{388085C8-1BC8-48F8-8EA2-3698FCB385E5}.ReleaseUnsigned|Any CPU.Build.0 = Debug|Any CPU
		{388085C8-1BC8-48F8-8EA2-3698FCB385E5}.ReleaseUnsigned|x86.ActiveCfg = Debug|Any CPU
		{388085C8-1BC8-48F8-8EA2-3698FCB385E5}.ReleaseUnsigned|x86.Build.0 = Debug|Any CPU
		{186D6491-ECCD-49EB-8E99-AFD7AD6037D2}.Debug|Any CPU.ActiveCfg = Debug|Any CPU
		{186D6491-ECCD-49EB-8E99-AFD7AD6037D2}.Debug|Any CPU.Build.0 = Debug|Any CPU
		{186D6491-ECCD-49EB-8E99-AFD7AD6037D2}.Debug|x86.ActiveCfg = Debug|Any CPU
		{186D6491-ECCD-49EB-8E99-AFD7AD6037D2}.Debug|x86.Build.0 = Debug|Any CPU
		{186D6491-ECCD-49EB-8E99-AFD7AD6037D2}.Release|Any CPU.ActiveCfg = Release|Any CPU
		{186D6491-ECCD-49EB-8E99-AFD7AD6037D2}.Release|Any CPU.Build.0 = Release|Any CPU
		{186D6491-ECCD-49EB-8E99-AFD7AD6037D2}.Release|x86.ActiveCfg = Release|Any CPU
		{186D6491-ECCD-49EB-8E99-AFD7AD6037D2}.Release|x86.Build.0 = Release|Any CPU
		{186D6491-ECCD-49EB-8E99-AFD7AD6037D2}.ReleaseUnsigned|Any CPU.ActiveCfg = Debug|Any CPU
		{186D6491-ECCD-49EB-8E99-AFD7AD6037D2}.ReleaseUnsigned|Any CPU.Build.0 = Debug|Any CPU
		{186D6491-ECCD-49EB-8E99-AFD7AD6037D2}.ReleaseUnsigned|x86.ActiveCfg = Debug|Any CPU
		{186D6491-ECCD-49EB-8E99-AFD7AD6037D2}.ReleaseUnsigned|x86.Build.0 = Debug|Any CPU
		{694E06CF-2842-4E71-8CD2-81FA7C1B3D13}.Debug|Any CPU.ActiveCfg = Debug|Any CPU
		{694E06CF-2842-4E71-8CD2-81FA7C1B3D13}.Debug|Any CPU.Build.0 = Debug|Any CPU
		{694E06CF-2842-4E71-8CD2-81FA7C1B3D13}.Debug|x86.ActiveCfg = Debug|Any CPU
		{694E06CF-2842-4E71-8CD2-81FA7C1B3D13}.Debug|x86.Build.0 = Debug|Any CPU
		{694E06CF-2842-4E71-8CD2-81FA7C1B3D13}.Release|Any CPU.ActiveCfg = Release|Any CPU
		{694E06CF-2842-4E71-8CD2-81FA7C1B3D13}.Release|Any CPU.Build.0 = Release|Any CPU
		{694E06CF-2842-4E71-8CD2-81FA7C1B3D13}.Release|x86.ActiveCfg = Release|Any CPU
		{694E06CF-2842-4E71-8CD2-81FA7C1B3D13}.Release|x86.Build.0 = Release|Any CPU
		{694E06CF-2842-4E71-8CD2-81FA7C1B3D13}.ReleaseUnsigned|Any CPU.ActiveCfg = Debug|Any CPU
		{694E06CF-2842-4E71-8CD2-81FA7C1B3D13}.ReleaseUnsigned|Any CPU.Build.0 = Debug|Any CPU
		{694E06CF-2842-4E71-8CD2-81FA7C1B3D13}.ReleaseUnsigned|x86.ActiveCfg = Debug|Any CPU
		{694E06CF-2842-4E71-8CD2-81FA7C1B3D13}.ReleaseUnsigned|x86.Build.0 = Debug|Any CPU
	EndGlobalSection
	GlobalSection(SolutionProperties) = preSolution
		HideSolutionNode = FALSE
	EndGlobalSection
	GlobalSection(NestedProjects) = preSolution
		{073A90FD-9A3E-4704-B3B5-6D8A9F4B442E} = {56F516D7-BC3C-49E1-A639-83C5F14953F8}
		{44E6D06D-B60E-434B-981D-D8139062A6EC} = {56F516D7-BC3C-49E1-A639-83C5F14953F8}
		{6C7149D7-4D97-45DF-A05D-61EC7374491D} = {0006D6BB-1382-4B32-AD32-CA037F5CD4F6}
		{E4C3F51F-B7CE-4521-80BC-E91A9B0F6FFD} = {0006D6BB-1382-4B32-AD32-CA037F5CD4F6}
		{2F7DB49B-B650-4B57-BB9D-5D1B913CCACC} = {FDC1A760-D4E5-44F4-B0D9-C19F2E14253A}
		{CC243B02-0542-48CB-B175-C8035075E376} = {FDC1A760-D4E5-44F4-B0D9-C19F2E14253A}
		{442E2B78-0237-458D-B32B-CEC94413F44D} = {56F516D7-BC3C-49E1-A639-83C5F14953F8}
		{B6EA7211-7706-4EB1-B91C-B4C959F0CB29} = {56F516D7-BC3C-49E1-A639-83C5F14953F8}
		{2406B6D6-09DF-4BC3-AEFC-068AACA77567} = {56F516D7-BC3C-49E1-A639-83C5F14953F8}
		{BACA6A81-D395-48C5-B2BD-0995B241E1CC} = {56F516D7-BC3C-49E1-A639-83C5F14953F8}
		{3016A502-4855-477F-9113-1A6B224BD9E0} = {56F516D7-BC3C-49E1-A639-83C5F14953F8}
		{F3D11920-BA34-4EDB-91A6-C8B5EFCE1F98} = {56F516D7-BC3C-49E1-A639-83C5F14953F8}
		{0D261888-4187-43BB-9EE2-9C04EEC4AAC0} = {56F516D7-BC3C-49E1-A639-83C5F14953F8}
		{92BE64BB-FF25-4CC8-B64F-3BF02F18F089} = {56F516D7-BC3C-49E1-A639-83C5F14953F8}
		{7CADB8D7-9B91-4CF3-BE46-E3682CEDEB27} = {56F516D7-BC3C-49E1-A639-83C5F14953F8}
		{54363F5F-A51A-489B-8BE7-71C10104A0A5} = {56F516D7-BC3C-49E1-A639-83C5F14953F8}
		{D2F68284-BBF9-45EF-BC4B-BAD4169100AA} = {56F516D7-BC3C-49E1-A639-83C5F14953F8}
		{5991CFE3-F59B-4563-982B-371E1B03EC53} = {56F516D7-BC3C-49E1-A639-83C5F14953F8}
		{428E3A5A-3971-4DD9-9ADE-1F9BF124382A} = {0006D6BB-1382-4B32-AD32-CA037F5CD4F6}
		{24C4952B-22B6-49C0-B98C-D51DDF82A3AD} = {0006D6BB-1382-4B32-AD32-CA037F5CD4F6}
		{E3E4AE8B-7120-4363-ABE8-8301B62244AD} = {0006D6BB-1382-4B32-AD32-CA037F5CD4F6}
		{6F0BD4CD-BA32-438E-980C-73242DA96DCF} = {56F516D7-BC3C-49E1-A639-83C5F14953F8}
		{F84D81B1-C33D-420C-849F-EA422D87807F} = {56F516D7-BC3C-49E1-A639-83C5F14953F8}
		{EDC2B3F1-BAC0-440E-AE97-28F691E2F75D} = {0006D6BB-1382-4B32-AD32-CA037F5CD4F6}
		{C7188986-F31F-46ED-8F1C-047E9A7E8A52} = {0006D6BB-1382-4B32-AD32-CA037F5CD4F6}
		{8B7B39F7-FE78-47F6-8A7D-DF2374175E50} = {0006D6BB-1382-4B32-AD32-CA037F5CD4F6}
		{1AEF94BE-7A9A-4E2C-BE6C-D31A38A139DD} = {0006D6BB-1382-4B32-AD32-CA037F5CD4F6}
		{BCEC7EAA-7E8F-4146-977D-346869F3BA34} = {50867E77-BDA5-43B9-AC92-81CEDB338B83}
		{4A454D43-616F-40A2-ACCD-6BC82CE14340} = {50867E77-BDA5-43B9-AC92-81CEDB338B83}
		{56E9DB90-C063-49CA-BAF7-FFCFE963E44C} = {0006D6BB-1382-4B32-AD32-CA037F5CD4F6}
		{C81070F9-908B-4A76-A96F-CFD4F67A93AB} = {56F516D7-BC3C-49E1-A639-83C5F14953F8}
		{3DD99432-4505-4FA6-BD0D-A599733E2168} = {393B7B0C-52F4-41E8-A9E9-EE867A0E6448}
		{1F71C6D2-17AE-4C7B-878D-BB7B295D3B3D} = {393B7B0C-52F4-41E8-A9E9-EE867A0E6448}
		{CF2D2B2E-2C34-4E8C-970F-4CB07DB0457B} = {FDC1A760-D4E5-44F4-B0D9-C19F2E14253A}
		{D4ED7C0B-DADE-45FA-BCCB-9E5D6C27D714} = {FDC1A760-D4E5-44F4-B0D9-C19F2E14253A}
		{1AF687AB-41DE-4B2A-97F5-E9BBF5E51C75} = {DE40BDEC-6277-4E14-8EB6-D0B6863571BC}
		{A29B1D94-6F11-487E-B4A1-3460928EC2C0} = {DE40BDEC-6277-4E14-8EB6-D0B6863571BC}
		{F7F32EF2-0586-4FD8-90AD-AD7C792DF5E7} = {4F40E08B-7C24-4D2A-8476-B7F93D0A2910}
		{1FC221F1-E49D-473C-9869-4452B2C4EBEE} = {F4CD08DB-40C0-4476-A135-DB8E0BCB79F8}
		{555EC658-5EF6-4C10-ABA0-B717896398BE} = {F4CD08DB-40C0-4476-A135-DB8E0BCB79F8}
		{F4CD08DB-40C0-4476-A135-DB8E0BCB79F8} = {0006D6BB-1382-4B32-AD32-CA037F5CD4F6}
		{D9472BBD-99CA-4FD4-9C8F-DA4F418F43EB} = {F4CD08DB-40C0-4476-A135-DB8E0BCB79F8}
		{24CC1B47-AE01-4871-A939-2BF6EB789860} = {F4CD08DB-40C0-4476-A135-DB8E0BCB79F8}
		{338E2B7E-4301-4547-9172-4415F739C029} = {56F516D7-BC3C-49E1-A639-83C5F14953F8}
		{17E04A9B-5DB5-4857-99CD-E9AF22DA00E4} = {56F516D7-BC3C-49E1-A639-83C5F14953F8}
		{AF56509B-0B95-4ACE-9CFC-F9A79756C357} = {0006D6BB-1382-4B32-AD32-CA037F5CD4F6}
		{082488F6-6322-462A-85D7-9E893A67B8CD} = {0006D6BB-1382-4B32-AD32-CA037F5CD4F6}
		{7632EDAF-29A1-4E69-952F-C75D3BF34B3B} = {0006D6BB-1382-4B32-AD32-CA037F5CD4F6}
		{388085C8-1BC8-48F8-8EA2-3698FCB385E5} = {4F40E08B-7C24-4D2A-8476-B7F93D0A2910}
		{667E52D5-E1D9-49EE-B364-3CB7E43EE160} = {BF384860-70ED-47F0-B276-13D2DA9ECD87}
		{2B6ACCF2-0CAF-4152-901F-0048390971E4} = {BF384860-70ED-47F0-B276-13D2DA9ECD87}
		{186D6491-ECCD-49EB-8E99-AFD7AD6037D2} = {56F516D7-BC3C-49E1-A639-83C5F14953F8}
		{694E06CF-2842-4E71-8CD2-81FA7C1B3D13} = {56F516D7-BC3C-49E1-A639-83C5F14953F8}
	EndGlobalSection
	GlobalSection(ExtensibilityGlobals) = postSolution
		SolutionGuid = {43D3A7D5-0945-435E-8D03-1E631E5CDBA8}
	EndGlobalSection
EndGlobal
