
Microsoft Visual Studio Solution File, Format Version 11.00
# Visual Studio 2010
Project("{2150E333-8FDC-42A3-9474-1A3956D46DE8}") = "References", "References", "{B015B76C-BE0A-4B17-9D3D-C84E620EFB8B}"
EndProject
Project("{2150E333-8FDC-42A3-9474-1A3956D46DE8}") = "Postal", "Postal", "{01F705CF-834A-41B4-BB89-68ADE1957C22}"
EndProject
Project("{FAE04EC0-301F-11D3-BF4B-00C04F79EFBC}") = "CodeCamp.Messages", "CodeCamp.Messages\CodeCamp.Messages.csproj", "{7C6ED57B-D1E6-4CED-89E4-58A9ABFC3F95}"
EndProject
Project("{FAE04EC0-301F-11D3-BF4B-00C04F79EFBC}") = "CodeCamp.Service", "CodeCamp.Service\CodeCamp.Service.csproj", "{A7D910F6-A662-4B10-A006-2494852A2134}"
EndProject
Project("{FAE04EC0-301F-11D3-BF4B-00C04F79EFBC}") = "CodeCamp.Web", "CodeCamp.Web\CodeCamp.Web.csproj", "{CA80A0DE-31CD-4239-81BC-77D69857228D}"
EndProject
Project("{FAE04EC0-301F-11D3-BF4B-00C04F79EFBC}") = "MassTransit", "..\..\MassTransit\MassTransit.csproj", "{6EFD69FC-CBCC-4F85-AEE0-EFBA73F4D273}"
EndProject
Project("{FAE04EC0-301F-11D3-BF4B-00C04F79EFBC}") = "MassTransit.Transports.Msmq", "..\..\Transports\MassTransit.Transports.MSMQ\MassTransit.Transports.Msmq.csproj", "{6F90867C-E092-4EDC-B3DE-600D39DF0335}"
EndProject
Project("{FAE04EC0-301F-11D3-BF4B-00C04F79EFBC}") = "MassTransit.WindsorIntegration", "..\..\Containers\MassTransit.WindsorIntegration\MassTransit.WindsorIntegration.csproj", "{98D5A59C-96FA-4A1B-A653-EA5A35C45FC9}"
EndProject
Project("{FAE04EC0-301F-11D3-BF4B-00C04F79EFBC}") = "PostalService", "PostalService\PostalService.csproj", "{C301CD3E-945B-4133-86AB-11165AE24346}"
EndProject
Project("{FAE04EC0-301F-11D3-BF4B-00C04F79EFBC}") = "PostalService.Messages", "PostalService.Messages\PostalService.Messages.csproj", "{CA5DB66C-BEC2-4086-838B-5E7793458D88}"
EndProject
Project("{FAE04EC0-301F-11D3-BF4B-00C04F79EFBC}") = "CodeCamp.Domain", "CodeCamp.Domain\CodeCamp.Domain.csproj", "{39D588EC-0104-432F-B9D7-A1D22C93B10C}"
EndProject
Project("{FAE04EC0-301F-11D3-BF4B-00C04F79EFBC}") = "CodeCamp.Infrastructure", "CodeCamp.Infrastructure\CodeCamp.Infrastructure.csproj", "{3B856E45-7084-4CE6-8FB9-7CF5011FDCF0}"
EndProject
Project("{FAE04EC0-301F-11D3-BF4B-00C04F79EFBC}") = "MassTransit.RuntimeServices", "..\..\MassTransit.RuntimeServices\MassTransit.RuntimeServices.csproj", "{8AFA8821-2851-4134-8E0A-F9E7E10D28D9}"
EndProject
Project("{FAE04EC0-301F-11D3-BF4B-00C04F79EFBC}") = "MassTransit.StructureMapIntegration", "..\..\Containers\MassTransit.StructureMapIntegration\MassTransit.StructureMapIntegration.csproj", "{F5E67502-2B30-484C-88C3-97710291F5AA}"
EndProject
Project("{FAE04EC0-301F-11D3-BF4B-00C04F79EFBC}") = "MassTransit.NHibernateIntegration", "..\..\Persistence\MassTransit.NHibernateIntegration\MassTransit.NHibernateIntegration.csproj", "{073A90FD-9A3E-4704-B3B5-6D8A9F4B442E}"
EndProject
Global
	GlobalSection(SolutionConfigurationPlatforms) = preSolution
		Debug|Any CPU = Debug|Any CPU
		Release|Any CPU = Release|Any CPU
	EndGlobalSection
	GlobalSection(ProjectConfigurationPlatforms) = postSolution
		{7C6ED57B-D1E6-4CED-89E4-58A9ABFC3F95}.Debug|Any CPU.ActiveCfg = Debug|Any CPU
		{7C6ED57B-D1E6-4CED-89E4-58A9ABFC3F95}.Debug|Any CPU.Build.0 = Debug|Any CPU
		{7C6ED57B-D1E6-4CED-89E4-58A9ABFC3F95}.Release|Any CPU.ActiveCfg = Release|Any CPU
		{7C6ED57B-D1E6-4CED-89E4-58A9ABFC3F95}.Release|Any CPU.Build.0 = Release|Any CPU
		{A7D910F6-A662-4B10-A006-2494852A2134}.Debug|Any CPU.ActiveCfg = Debug|Any CPU
		{A7D910F6-A662-4B10-A006-2494852A2134}.Debug|Any CPU.Build.0 = Debug|Any CPU
		{A7D910F6-A662-4B10-A006-2494852A2134}.Release|Any CPU.ActiveCfg = Release|Any CPU
		{A7D910F6-A662-4B10-A006-2494852A2134}.Release|Any CPU.Build.0 = Release|Any CPU
		{CA80A0DE-31CD-4239-81BC-77D69857228D}.Debug|Any CPU.ActiveCfg = Debug|Any CPU
		{CA80A0DE-31CD-4239-81BC-77D69857228D}.Debug|Any CPU.Build.0 = Debug|Any CPU
		{CA80A0DE-31CD-4239-81BC-77D69857228D}.Release|Any CPU.ActiveCfg = Release|Any CPU
		{CA80A0DE-31CD-4239-81BC-77D69857228D}.Release|Any CPU.Build.0 = Release|Any CPU
		{6EFD69FC-CBCC-4F85-AEE0-EFBA73F4D273}.Debug|Any CPU.ActiveCfg = Debug|Any CPU
		{6EFD69FC-CBCC-4F85-AEE0-EFBA73F4D273}.Debug|Any CPU.Build.0 = Debug|Any CPU
		{6EFD69FC-CBCC-4F85-AEE0-EFBA73F4D273}.Release|Any CPU.ActiveCfg = Release|Any CPU
		{6EFD69FC-CBCC-4F85-AEE0-EFBA73F4D273}.Release|Any CPU.Build.0 = Release|Any CPU
		{6F90867C-E092-4EDC-B3DE-600D39DF0335}.Debug|Any CPU.ActiveCfg = Debug|Any CPU
		{6F90867C-E092-4EDC-B3DE-600D39DF0335}.Debug|Any CPU.Build.0 = Debug|Any CPU
		{6F90867C-E092-4EDC-B3DE-600D39DF0335}.Release|Any CPU.ActiveCfg = Release|Any CPU
		{6F90867C-E092-4EDC-B3DE-600D39DF0335}.Release|Any CPU.Build.0 = Release|Any CPU
		{98D5A59C-96FA-4A1B-A653-EA5A35C45FC9}.Debug|Any CPU.ActiveCfg = Debug|Any CPU
		{98D5A59C-96FA-4A1B-A653-EA5A35C45FC9}.Debug|Any CPU.Build.0 = Debug|Any CPU
		{98D5A59C-96FA-4A1B-A653-EA5A35C45FC9}.Release|Any CPU.ActiveCfg = Release|Any CPU
		{98D5A59C-96FA-4A1B-A653-EA5A35C45FC9}.Release|Any CPU.Build.0 = Release|Any CPU
		{C301CD3E-945B-4133-86AB-11165AE24346}.Debug|Any CPU.ActiveCfg = Debug|Any CPU
		{C301CD3E-945B-4133-86AB-11165AE24346}.Debug|Any CPU.Build.0 = Debug|Any CPU
		{C301CD3E-945B-4133-86AB-11165AE24346}.Release|Any CPU.ActiveCfg = Release|Any CPU
		{C301CD3E-945B-4133-86AB-11165AE24346}.Release|Any CPU.Build.0 = Release|Any CPU
		{CA5DB66C-BEC2-4086-838B-5E7793458D88}.Debug|Any CPU.ActiveCfg = Debug|Any CPU
		{CA5DB66C-BEC2-4086-838B-5E7793458D88}.Debug|Any CPU.Build.0 = Debug|Any CPU
		{CA5DB66C-BEC2-4086-838B-5E7793458D88}.Release|Any CPU.ActiveCfg = Release|Any CPU
		{CA5DB66C-BEC2-4086-838B-5E7793458D88}.Release|Any CPU.Build.0 = Release|Any CPU
		{39D588EC-0104-432F-B9D7-A1D22C93B10C}.Debug|Any CPU.ActiveCfg = Debug|Any CPU
		{39D588EC-0104-432F-B9D7-A1D22C93B10C}.Debug|Any CPU.Build.0 = Debug|Any CPU
		{39D588EC-0104-432F-B9D7-A1D22C93B10C}.Release|Any CPU.ActiveCfg = Release|Any CPU
		{39D588EC-0104-432F-B9D7-A1D22C93B10C}.Release|Any CPU.Build.0 = Release|Any CPU
		{3B856E45-7084-4CE6-8FB9-7CF5011FDCF0}.Debug|Any CPU.ActiveCfg = Debug|Any CPU
		{3B856E45-7084-4CE6-8FB9-7CF5011FDCF0}.Debug|Any CPU.Build.0 = Debug|Any CPU
		{3B856E45-7084-4CE6-8FB9-7CF5011FDCF0}.Release|Any CPU.ActiveCfg = Release|Any CPU
		{3B856E45-7084-4CE6-8FB9-7CF5011FDCF0}.Release|Any CPU.Build.0 = Release|Any CPU
		{8AFA8821-2851-4134-8E0A-F9E7E10D28D9}.Debug|Any CPU.ActiveCfg = Debug|Any CPU
		{8AFA8821-2851-4134-8E0A-F9E7E10D28D9}.Debug|Any CPU.Build.0 = Debug|Any CPU
		{8AFA8821-2851-4134-8E0A-F9E7E10D28D9}.Release|Any CPU.ActiveCfg = Release|Any CPU
		{8AFA8821-2851-4134-8E0A-F9E7E10D28D9}.Release|Any CPU.Build.0 = Release|Any CPU
		{F5E67502-2B30-484C-88C3-97710291F5AA}.Debug|Any CPU.ActiveCfg = Debug|Any CPU
		{F5E67502-2B30-484C-88C3-97710291F5AA}.Debug|Any CPU.Build.0 = Debug|Any CPU
		{F5E67502-2B30-484C-88C3-97710291F5AA}.Release|Any CPU.ActiveCfg = Release|Any CPU
		{F5E67502-2B30-484C-88C3-97710291F5AA}.Release|Any CPU.Build.0 = Release|Any CPU
		{073A90FD-9A3E-4704-B3B5-6D8A9F4B442E}.Debug|Any CPU.ActiveCfg = Debug|Any CPU
		{073A90FD-9A3E-4704-B3B5-6D8A9F4B442E}.Debug|Any CPU.Build.0 = Debug|Any CPU
		{073A90FD-9A3E-4704-B3B5-6D8A9F4B442E}.Release|Any CPU.ActiveCfg = Release|Any CPU
		{073A90FD-9A3E-4704-B3B5-6D8A9F4B442E}.Release|Any CPU.Build.0 = Release|Any CPU
	EndGlobalSection
	GlobalSection(SolutionProperties) = preSolution
		HideSolutionNode = FALSE
	EndGlobalSection
	GlobalSection(NestedProjects) = preSolution
		{01F705CF-834A-41B4-BB89-68ADE1957C22} = {B015B76C-BE0A-4B17-9D3D-C84E620EFB8B}
		{6EFD69FC-CBCC-4F85-AEE0-EFBA73F4D273} = {B015B76C-BE0A-4B17-9D3D-C84E620EFB8B}
		{6F90867C-E092-4EDC-B3DE-600D39DF0335} = {B015B76C-BE0A-4B17-9D3D-C84E620EFB8B}
		{98D5A59C-96FA-4A1B-A653-EA5A35C45FC9} = {B015B76C-BE0A-4B17-9D3D-C84E620EFB8B}
		{8AFA8821-2851-4134-8E0A-F9E7E10D28D9} = {B015B76C-BE0A-4B17-9D3D-C84E620EFB8B}
		{F5E67502-2B30-484C-88C3-97710291F5AA} = {B015B76C-BE0A-4B17-9D3D-C84E620EFB8B}
		{073A90FD-9A3E-4704-B3B5-6D8A9F4B442E} = {B015B76C-BE0A-4B17-9D3D-C84E620EFB8B}
		{C301CD3E-945B-4133-86AB-11165AE24346} = {01F705CF-834A-41B4-BB89-68ADE1957C22}
		{CA5DB66C-BEC2-4086-838B-5E7793458D88} = {01F705CF-834A-41B4-BB89-68ADE1957C22}
	EndGlobalSection
EndGlobal
