
Microsoft Visual Studio Solution File, Format Version 10.00
# Visual Studio 2008
Project("{FAE04EC0-301F-11D3-BF4B-00C04F79EFBC}") = "BusinessWebService", "BusinessWebService\BusinessWebService.csproj", "{02D01B5E-D74D-4A2C-9D7A-17323FB83C64}"
EndProject
Project("{2150E333-8FDC-42A3-9474-1A3956D46DE8}") = "MassTransit", "MassTransit", "{8FD005CE-ABC6-439A-A062-9A2DAE7DA496}"
EndProject
Project("{FAE04EC0-301F-11D3-BF4B-00C04F79EFBC}") = "MassTransit.ServiceBus", "..\..\MassTransit.ServiceBus\MassTransit.ServiceBus.csproj", "{90482397-6282-465E-8B86-39865FC30127}"
EndProject
Project("{FAE04EC0-301F-11D3-BF4B-00C04F79EFBC}") = "MassTransit.ServiceBus.MSMQ", "..\..\Transports\MassTransit.ServiceBus.MSMQ\MassTransit.ServiceBus.MSMQ.csproj", "{6F90867C-E092-4EDC-B3DE-600D39DF0335}"
EndProject
Project("{FAE04EC0-301F-11D3-BF4B-00C04F79EFBC}") = "MassTransit.WindsorIntegration", "..\..\Containers\MassTransit.WindsorIntegration\MassTransit.WindsorIntegration.csproj", "{98D5A59C-96FA-4A1B-A653-EA5A35C45FC9}"
EndProject
Project("{FAE04EC0-301F-11D3-BF4B-00C04F79EFBC}") = "SubscriptionManagerGUI", "..\WinFormSample\SubscriptionManagerGUI\SubscriptionManagerGUI.csproj", "{F43E14B8-4AE2-4A09-94C0-8871D0BA5C5C}"
EndProject
Project("{FAE04EC0-301F-11D3-BF4B-00C04F79EFBC}") = "InternalInventoryService", "InternalInventoryService\InternalInventoryService.csproj", "{4C0DD07B-CFDF-448C-B5F0-900AC9B10758}"
EndProject
Project("{FAE04EC0-301F-11D3-BF4B-00C04F79EFBC}") = "MassTransit.Host", "..\..\MassTransit.Host\MassTransit.Host.csproj", "{834ED79F-BA0E-48F9-831A-789576EE516B}"
EndProject
Project("{FAE04EC0-301F-11D3-BF4B-00C04F79EFBC}") = "MassTransit.Infrastructure", "..\..\MassTransit.Infrastructure\MassTransit.Infrastructure.csproj", "{073A90FD-9A3E-4704-B3B5-6D8A9F4B442E}"
EndProject
Project("{FAE04EC0-301F-11D3-BF4B-00C04F79EFBC}") = "Inventory.Messages", "Inventory.Messages\Inventory.Messages.csproj", "{09300024-D736-4CA9-8636-0FA444CD6CD9}"
EndProject
Project("{FAE04EC0-301F-11D3-BF4B-00C04F79EFBC}") = "VendorWebClient", "VendorWebClient\VendorWebClient.csproj", "{3239513D-24A6-4F47-B69A-7F7FF31E4162}"
	ProjectSection(ProjectDependencies) = postProject
		{02D01B5E-D74D-4A2C-9D7A-17323FB83C64} = {02D01B5E-D74D-4A2C-9D7A-17323FB83C64}
	EndProjectSection
EndProject
Global
	GlobalSection(SolutionConfigurationPlatforms) = preSolution
		Debug|Any CPU = Debug|Any CPU
		Release|Any CPU = Release|Any CPU
	EndGlobalSection
	GlobalSection(ProjectConfigurationPlatforms) = postSolution
		{02D01B5E-D74D-4A2C-9D7A-17323FB83C64}.Debug|Any CPU.ActiveCfg = Debug|Any CPU
		{02D01B5E-D74D-4A2C-9D7A-17323FB83C64}.Debug|Any CPU.Build.0 = Debug|Any CPU
		{02D01B5E-D74D-4A2C-9D7A-17323FB83C64}.Release|Any CPU.ActiveCfg = Release|Any CPU
		{02D01B5E-D74D-4A2C-9D7A-17323FB83C64}.Release|Any CPU.Build.0 = Release|Any CPU
		{90482397-6282-465E-8B86-39865FC30127}.Debug|Any CPU.ActiveCfg = Debug|Any CPU
		{90482397-6282-465E-8B86-39865FC30127}.Debug|Any CPU.Build.0 = Debug|Any CPU
		{90482397-6282-465E-8B86-39865FC30127}.Release|Any CPU.ActiveCfg = Release|Any CPU
		{90482397-6282-465E-8B86-39865FC30127}.Release|Any CPU.Build.0 = Release|Any CPU
		{6F90867C-E092-4EDC-B3DE-600D39DF0335}.Debug|Any CPU.ActiveCfg = Debug|Any CPU
		{6F90867C-E092-4EDC-B3DE-600D39DF0335}.Debug|Any CPU.Build.0 = Debug|Any CPU
		{6F90867C-E092-4EDC-B3DE-600D39DF0335}.Release|Any CPU.ActiveCfg = Release|Any CPU
		{6F90867C-E092-4EDC-B3DE-600D39DF0335}.Release|Any CPU.Build.0 = Release|Any CPU
		{98D5A59C-96FA-4A1B-A653-EA5A35C45FC9}.Debug|Any CPU.ActiveCfg = Debug|Any CPU
		{98D5A59C-96FA-4A1B-A653-EA5A35C45FC9}.Debug|Any CPU.Build.0 = Debug|Any CPU
		{98D5A59C-96FA-4A1B-A653-EA5A35C45FC9}.Release|Any CPU.ActiveCfg = Release|Any CPU
		{98D5A59C-96FA-4A1B-A653-EA5A35C45FC9}.Release|Any CPU.Build.0 = Release|Any CPU
		{F43E14B8-4AE2-4A09-94C0-8871D0BA5C5C}.Debug|Any CPU.ActiveCfg = Debug|Any CPU
		{F43E14B8-4AE2-4A09-94C0-8871D0BA5C5C}.Debug|Any CPU.Build.0 = Debug|Any CPU
		{F43E14B8-4AE2-4A09-94C0-8871D0BA5C5C}.Release|Any CPU.ActiveCfg = Release|Any CPU
		{F43E14B8-4AE2-4A09-94C0-8871D0BA5C5C}.Release|Any CPU.Build.0 = Release|Any CPU
		{4C0DD07B-CFDF-448C-B5F0-900AC9B10758}.Debug|Any CPU.ActiveCfg = Debug|Any CPU
		{4C0DD07B-CFDF-448C-B5F0-900AC9B10758}.Debug|Any CPU.Build.0 = Debug|Any CPU
		{4C0DD07B-CFDF-448C-B5F0-900AC9B10758}.Release|Any CPU.ActiveCfg = Release|Any CPU
		{4C0DD07B-CFDF-448C-B5F0-900AC9B10758}.Release|Any CPU.Build.0 = Release|Any CPU
		{834ED79F-BA0E-48F9-831A-789576EE516B}.Debug|Any CPU.ActiveCfg = Debug|Any CPU
		{834ED79F-BA0E-48F9-831A-789576EE516B}.Debug|Any CPU.Build.0 = Debug|Any CPU
		{834ED79F-BA0E-48F9-831A-789576EE516B}.Release|Any CPU.ActiveCfg = Release|Any CPU
		{834ED79F-BA0E-48F9-831A-789576EE516B}.Release|Any CPU.Build.0 = Release|Any CPU
		{073A90FD-9A3E-4704-B3B5-6D8A9F4B442E}.Debug|Any CPU.ActiveCfg = Debug|Any CPU
		{073A90FD-9A3E-4704-B3B5-6D8A9F4B442E}.Debug|Any CPU.Build.0 = Debug|Any CPU
		{073A90FD-9A3E-4704-B3B5-6D8A9F4B442E}.Release|Any CPU.ActiveCfg = Release|Any CPU
		{073A90FD-9A3E-4704-B3B5-6D8A9F4B442E}.Release|Any CPU.Build.0 = Release|Any CPU
		{09300024-D736-4CA9-8636-0FA444CD6CD9}.Debug|Any CPU.ActiveCfg = Debug|Any CPU
		{09300024-D736-4CA9-8636-0FA444CD6CD9}.Debug|Any CPU.Build.0 = Debug|Any CPU
		{09300024-D736-4CA9-8636-0FA444CD6CD9}.Release|Any CPU.ActiveCfg = Release|Any CPU
		{09300024-D736-4CA9-8636-0FA444CD6CD9}.Release|Any CPU.Build.0 = Release|Any CPU
		{3239513D-24A6-4F47-B69A-7F7FF31E4162}.Debug|Any CPU.ActiveCfg = Debug|Any CPU
		{3239513D-24A6-4F47-B69A-7F7FF31E4162}.Debug|Any CPU.Build.0 = Debug|Any CPU
		{3239513D-24A6-4F47-B69A-7F7FF31E4162}.Release|Any CPU.ActiveCfg = Release|Any CPU
		{3239513D-24A6-4F47-B69A-7F7FF31E4162}.Release|Any CPU.Build.0 = Release|Any CPU
	EndGlobalSection
	GlobalSection(SolutionProperties) = preSolution
		HideSolutionNode = FALSE
	EndGlobalSection
	GlobalSection(NestedProjects) = preSolution
		{90482397-6282-465E-8B86-39865FC30127} = {8FD005CE-ABC6-439A-A062-9A2DAE7DA496}
		{6F90867C-E092-4EDC-B3DE-600D39DF0335} = {8FD005CE-ABC6-439A-A062-9A2DAE7DA496}
		{98D5A59C-96FA-4A1B-A653-EA5A35C45FC9} = {8FD005CE-ABC6-439A-A062-9A2DAE7DA496}
		{F43E14B8-4AE2-4A09-94C0-8871D0BA5C5C} = {8FD005CE-ABC6-439A-A062-9A2DAE7DA496}
		{834ED79F-BA0E-48F9-831A-789576EE516B} = {8FD005CE-ABC6-439A-A062-9A2DAE7DA496}
		{073A90FD-9A3E-4704-B3B5-6D8A9F4B442E} = {8FD005CE-ABC6-439A-A062-9A2DAE7DA496}
	EndGlobalSection
EndGlobal
