
Microsoft Visual Studio Solution File, Format Version 10.00
# Visual Studio 2008
Project("{FAE04EC0-301F-11D3-BF4B-00C04F79EFBC}") = "BusDriver", "BusDriver\BusDriver.csproj", "{910594A6-E942-4985-B248-6DDB17D316B6}"
EndProject
Project("{FAE04EC0-301F-11D3-BF4B-00C04F79EFBC}") = "MassTransit.Msmq", "..\..\..\Transports\MassTransit.Msmq\MassTransit.Msmq.csproj", "{18ECFBDF-8F55-4820-A6EB-4D1821D944F9}"
EndProject
Project("{FAE04EC0-301F-11D3-BF4B-00C04F79EFBC}") = "MassTransit.Msmq.Tests", "..\..\..\Transports\MassTransit.Msmq.Tests\MassTransit.Msmq.Tests\MassTransit.Msmq.Tests.csproj", "{81C370D1-FE93-4A4C-B25D-74A9D5ACD966}"
EndProject
Project("{FAE04EC0-301F-11D3-BF4B-00C04F79EFBC}") = "MassTransit", "..\..\..\MassTransit\MassTransit.csproj", "{6EFD69FC-CBCC-4F85-AEE0-EFBA73F4D273}"
EndProject
Global
	GlobalSection(SolutionConfigurationPlatforms) = preSolution
		Debug|Any CPU = Debug|Any CPU
		Release|Any CPU = Release|Any CPU
	EndGlobalSection
	GlobalSection(ProjectConfigurationPlatforms) = postSolution
		{910594A6-E942-4985-B248-6DDB17D316B6}.Debug|Any CPU.ActiveCfg = Debug|Any CPU
		{910594A6-E942-4985-B248-6DDB17D316B6}.Debug|Any CPU.Build.0 = Debug|Any CPU
		{910594A6-E942-4985-B248-6DDB17D316B6}.Release|Any CPU.ActiveCfg = Release|Any CPU
		{910594A6-E942-4985-B248-6DDB17D316B6}.Release|Any CPU.Build.0 = Release|Any CPU
		{18ECFBDF-8F55-4820-A6EB-4D1821D944F9}.Debug|Any CPU.ActiveCfg = Debug|Any CPU
		{18ECFBDF-8F55-4820-A6EB-4D1821D944F9}.Debug|Any CPU.Build.0 = Debug|Any CPU
		{18ECFBDF-8F55-4820-A6EB-4D1821D944F9}.Release|Any CPU.ActiveCfg = Release|Any CPU
		{18ECFBDF-8F55-4820-A6EB-4D1821D944F9}.Release|Any CPU.Build.0 = Release|Any CPU
		{81C370D1-FE93-4A4C-B25D-74A9D5ACD966}.Debug|Any CPU.ActiveCfg = Debug|Any CPU
		{81C370D1-FE93-4A4C-B25D-74A9D5ACD966}.Debug|Any CPU.Build.0 = Debug|Any CPU
		{81C370D1-FE93-4A4C-B25D-74A9D5ACD966}.Release|Any CPU.ActiveCfg = Release|Any CPU
		{81C370D1-FE93-4A4C-B25D-74A9D5ACD966}.Release|Any CPU.Build.0 = Release|Any CPU
		{6EFD69FC-CBCC-4F85-AEE0-EFBA73F4D273}.Debug|Any CPU.ActiveCfg = Debug|Any CPU
		{6EFD69FC-CBCC-4F85-AEE0-EFBA73F4D273}.Debug|Any CPU.Build.0 = Debug|Any CPU
		{6EFD69FC-CBCC-4F85-AEE0-EFBA73F4D273}.Release|Any CPU.ActiveCfg = Release|Any CPU
		{6EFD69FC-CBCC-4F85-AEE0-EFBA73F4D273}.Release|Any CPU.Build.0 = Release|Any CPU
	EndGlobalSection
	GlobalSection(SolutionProperties) = preSolution
		HideSolutionNode = FALSE
	EndGlobalSection
EndGlobal
