
Microsoft Visual Studio Solution File, Format Version 10.00
# Visual Studio 2008
Project("{2150E333-8FDC-42A3-9474-1A3956D46DE8}") = "Mass Transit", "Mass Transit", "{12A2E13A-D405-49EC-89EB-15D089F2A824}"
EndProject
Project("{2150E333-8FDC-42A3-9474-1A3956D46DE8}") = "Services", "Services", "{82671CE1-CB09-4365-B1C6-896D8B665550}"
EndProject
Project("{FAE04EC0-301F-11D3-BF4B-00C04F79EFBC}") = "MassTransit.Build", "MassTransit.Build\MassTransit.Build.csproj", "{5809873E-7929-440B-BFA0-E110F08DD643}"
EndProject
Project("{FAE04EC0-301F-11D3-BF4B-00C04F79EFBC}") = "MassTransit.Build.MSBuild", "MassTransit.Build.MSBuild\MassTransit.Build.MSBuild.csproj", "{3DBCEFE6-2A73-4D1B-A6E1-343AFE46E6CF}"
EndProject
Project("{FAE04EC0-301F-11D3-BF4B-00C04F79EFBC}") = "MassTransit.Build.NAnt", "MassTransit.Build.NAnt\MassTransit.Build.NAnt.csproj", "{31F46B70-2D5A-4496-9FBA-7BBFD0E323E8}"
EndProject
Project("{FAE04EC0-301F-11D3-BF4B-00C04F79EFBC}") = "SubscriptionServiceHost", "SubscriptionServiceHost\SubscriptionServiceHost.csproj", "{4669EFE9-2076-4635-A57B-BC2BE7C9CFDB}"
EndProject
Project("{FAE04EC0-301F-11D3-BF4B-00C04F79EFBC}") = "HealthServiceHost", "HealthServiceHost\HealthServiceHost.csproj", "{EB9A5807-308C-4A58-84F2-FF5A7E8D83CF}"
EndProject
Project("{FAE04EC0-301F-11D3-BF4B-00C04F79EFBC}") = "MassTransit.ServiceBus", "..\MassTransit.ServiceBus\MassTransit.ServiceBus.csproj", "{90482397-6282-465E-8B86-39865FC30127}"
EndProject
Project("{FAE04EC0-301F-11D3-BF4B-00C04F79EFBC}") = "MassTransit.Host", "..\MassTransit.Host\MassTransit.Host.csproj", "{834ED79F-BA0E-48F9-831A-789576EE516B}"
EndProject
Project("{FAE04EC0-301F-11D3-BF4B-00C04F79EFBC}") = "MassTransit.SubscriptionStorage", "..\MassTransit.SubscriptionStorage\MassTransit.SubscriptionStorage.csproj", "{8EE6C0CB-93D1-4B92-8CD5-24C77452CBE5}"
EndProject
Project("{FAE04EC0-301F-11D3-BF4B-00C04F79EFBC}") = "MassTransit.ServiceBus.MSMQ", "..\Transports\MassTransit.ServiceBus.MSMQ\MassTransit.ServiceBus.MSMQ.csproj", "{6F90867C-E092-4EDC-B3DE-600D39DF0335}"
EndProject
Project("{FAE04EC0-301F-11D3-BF4B-00C04F79EFBC}") = "MassTransit.WindsorIntegration", "..\Containers\MassTransit.WindsorIntegration\MassTransit.WindsorIntegration.csproj", "{98D5A59C-96FA-4A1B-A653-EA5A35C45FC9}"
EndProject
Project("{FAE04EC0-301F-11D3-BF4B-00C04F79EFBC}") = "TimeoutServiceHost", "TimeoutServiceHost\TimeoutServiceHost.csproj", "{1992FBD8-99AA-4884-8DAC-D7B0718D56D8}"
EndProject
Project("{FAE04EC0-301F-11D3-BF4B-00C04F79EFBC}") = "DeferredMessageServiceHost", "DeferrmentServiceHost\DeferredMessageServiceHost.csproj", "{6F5367EE-52B6-4CC4-8F5E-11D17373CF94}"
EndProject
Global
	GlobalSection(SolutionConfigurationPlatforms) = preSolution
		Debug|Any CPU = Debug|Any CPU
		Release|Any CPU = Release|Any CPU
	EndGlobalSection
	GlobalSection(ProjectConfigurationPlatforms) = postSolution
		{5809873E-7929-440B-BFA0-E110F08DD643}.Debug|Any CPU.ActiveCfg = Debug|Any CPU
		{5809873E-7929-440B-BFA0-E110F08DD643}.Debug|Any CPU.Build.0 = Debug|Any CPU
		{5809873E-7929-440B-BFA0-E110F08DD643}.Release|Any CPU.ActiveCfg = Release|Any CPU
		{5809873E-7929-440B-BFA0-E110F08DD643}.Release|Any CPU.Build.0 = Release|Any CPU
		{3DBCEFE6-2A73-4D1B-A6E1-343AFE46E6CF}.Debug|Any CPU.ActiveCfg = Debug|Any CPU
		{3DBCEFE6-2A73-4D1B-A6E1-343AFE46E6CF}.Debug|Any CPU.Build.0 = Debug|Any CPU
		{3DBCEFE6-2A73-4D1B-A6E1-343AFE46E6CF}.Release|Any CPU.ActiveCfg = Release|Any CPU
		{3DBCEFE6-2A73-4D1B-A6E1-343AFE46E6CF}.Release|Any CPU.Build.0 = Release|Any CPU
		{31F46B70-2D5A-4496-9FBA-7BBFD0E323E8}.Debug|Any CPU.ActiveCfg = Debug|Any CPU
		{31F46B70-2D5A-4496-9FBA-7BBFD0E323E8}.Debug|Any CPU.Build.0 = Debug|Any CPU
		{31F46B70-2D5A-4496-9FBA-7BBFD0E323E8}.Release|Any CPU.ActiveCfg = Release|Any CPU
		{31F46B70-2D5A-4496-9FBA-7BBFD0E323E8}.Release|Any CPU.Build.0 = Release|Any CPU
		{4669EFE9-2076-4635-A57B-BC2BE7C9CFDB}.Debug|Any CPU.ActiveCfg = Debug|Any CPU
		{4669EFE9-2076-4635-A57B-BC2BE7C9CFDB}.Debug|Any CPU.Build.0 = Debug|Any CPU
		{4669EFE9-2076-4635-A57B-BC2BE7C9CFDB}.Release|Any CPU.ActiveCfg = Release|Any CPU
		{4669EFE9-2076-4635-A57B-BC2BE7C9CFDB}.Release|Any CPU.Build.0 = Release|Any CPU
		{EB9A5807-308C-4A58-84F2-FF5A7E8D83CF}.Debug|Any CPU.ActiveCfg = Debug|Any CPU
		{EB9A5807-308C-4A58-84F2-FF5A7E8D83CF}.Debug|Any CPU.Build.0 = Debug|Any CPU
		{EB9A5807-308C-4A58-84F2-FF5A7E8D83CF}.Release|Any CPU.ActiveCfg = Release|Any CPU
		{EB9A5807-308C-4A58-84F2-FF5A7E8D83CF}.Release|Any CPU.Build.0 = Release|Any CPU
		{90482397-6282-465E-8B86-39865FC30127}.Debug|Any CPU.ActiveCfg = Debug|Any CPU
		{90482397-6282-465E-8B86-39865FC30127}.Debug|Any CPU.Build.0 = Debug|Any CPU
		{90482397-6282-465E-8B86-39865FC30127}.Release|Any CPU.ActiveCfg = Release|Any CPU
		{90482397-6282-465E-8B86-39865FC30127}.Release|Any CPU.Build.0 = Release|Any CPU
		{834ED79F-BA0E-48F9-831A-789576EE516B}.Debug|Any CPU.ActiveCfg = Debug|Any CPU
		{834ED79F-BA0E-48F9-831A-789576EE516B}.Debug|Any CPU.Build.0 = Debug|Any CPU
		{834ED79F-BA0E-48F9-831A-789576EE516B}.Release|Any CPU.ActiveCfg = Release|Any CPU
		{834ED79F-BA0E-48F9-831A-789576EE516B}.Release|Any CPU.Build.0 = Release|Any CPU
		{8EE6C0CB-93D1-4B92-8CD5-24C77452CBE5}.Debug|Any CPU.ActiveCfg = Debug|Any CPU
		{8EE6C0CB-93D1-4B92-8CD5-24C77452CBE5}.Debug|Any CPU.Build.0 = Debug|Any CPU
		{8EE6C0CB-93D1-4B92-8CD5-24C77452CBE5}.Release|Any CPU.ActiveCfg = Release|Any CPU
		{8EE6C0CB-93D1-4B92-8CD5-24C77452CBE5}.Release|Any CPU.Build.0 = Release|Any CPU
		{6F90867C-E092-4EDC-B3DE-600D39DF0335}.Debug|Any CPU.ActiveCfg = Debug|Any CPU
		{6F90867C-E092-4EDC-B3DE-600D39DF0335}.Debug|Any CPU.Build.0 = Debug|Any CPU
		{6F90867C-E092-4EDC-B3DE-600D39DF0335}.Release|Any CPU.ActiveCfg = Release|Any CPU
		{6F90867C-E092-4EDC-B3DE-600D39DF0335}.Release|Any CPU.Build.0 = Release|Any CPU
		{98D5A59C-96FA-4A1B-A653-EA5A35C45FC9}.Debug|Any CPU.ActiveCfg = Debug|Any CPU
		{98D5A59C-96FA-4A1B-A653-EA5A35C45FC9}.Debug|Any CPU.Build.0 = Debug|Any CPU
		{98D5A59C-96FA-4A1B-A653-EA5A35C45FC9}.Release|Any CPU.ActiveCfg = Release|Any CPU
		{98D5A59C-96FA-4A1B-A653-EA5A35C45FC9}.Release|Any CPU.Build.0 = Release|Any CPU
		{1992FBD8-99AA-4884-8DAC-D7B0718D56D8}.Debug|Any CPU.ActiveCfg = Debug|Any CPU
		{1992FBD8-99AA-4884-8DAC-D7B0718D56D8}.Debug|Any CPU.Build.0 = Debug|Any CPU
		{1992FBD8-99AA-4884-8DAC-D7B0718D56D8}.Release|Any CPU.ActiveCfg = Release|Any CPU
		{1992FBD8-99AA-4884-8DAC-D7B0718D56D8}.Release|Any CPU.Build.0 = Release|Any CPU
		{6F5367EE-52B6-4CC4-8F5E-11D17373CF94}.Debug|Any CPU.ActiveCfg = Debug|Any CPU
		{6F5367EE-52B6-4CC4-8F5E-11D17373CF94}.Debug|Any CPU.Build.0 = Debug|Any CPU
		{6F5367EE-52B6-4CC4-8F5E-11D17373CF94}.Release|Any CPU.ActiveCfg = Release|Any CPU
		{6F5367EE-52B6-4CC4-8F5E-11D17373CF94}.Release|Any CPU.Build.0 = Release|Any CPU
	EndGlobalSection
	GlobalSection(SolutionProperties) = preSolution
		HideSolutionNode = FALSE
	EndGlobalSection
	GlobalSection(NestedProjects) = preSolution
		{90482397-6282-465E-8B86-39865FC30127} = {12A2E13A-D405-49EC-89EB-15D089F2A824}
		{834ED79F-BA0E-48F9-831A-789576EE516B} = {12A2E13A-D405-49EC-89EB-15D089F2A824}
		{8EE6C0CB-93D1-4B92-8CD5-24C77452CBE5} = {12A2E13A-D405-49EC-89EB-15D089F2A824}
		{6F90867C-E092-4EDC-B3DE-600D39DF0335} = {12A2E13A-D405-49EC-89EB-15D089F2A824}
		{98D5A59C-96FA-4A1B-A653-EA5A35C45FC9} = {12A2E13A-D405-49EC-89EB-15D089F2A824}
		{4669EFE9-2076-4635-A57B-BC2BE7C9CFDB} = {82671CE1-CB09-4365-B1C6-896D8B665550}
		{EB9A5807-308C-4A58-84F2-FF5A7E8D83CF} = {82671CE1-CB09-4365-B1C6-896D8B665550}
		{1992FBD8-99AA-4884-8DAC-D7B0718D56D8} = {82671CE1-CB09-4365-B1C6-896D8B665550}
		{6F5367EE-52B6-4CC4-8F5E-11D17373CF94} = {82671CE1-CB09-4365-B1C6-896D8B665550}
	EndGlobalSection
EndGlobal
