
Microsoft Visual Studio Solution File, Format Version 10.00
# Visual Studio 2008
Project("{FAE04EC0-301F-11D3-BF4B-00C04F79EFBC}") = "GatewayService", "GatewayService\GatewayService.csproj", "{78429528-851B-48BC-9738-99ABAB17BC90}"
EndProject
Project("{FAE04EC0-301F-11D3-BF4B-00C04F79EFBC}") = "GatewayService.Interfaces", "GatewayService.Interfaces\GatewayService.Interfaces.csproj", "{4C47F44E-8089-4173-AC08-7BD16AFEB74B}"
EndProject
Global
	GlobalSection(SolutionConfigurationPlatforms) = preSolution
		Debug|Any CPU = Debug|Any CPU
		Release|Any CPU = Release|Any CPU
	EndGlobalSection
	GlobalSection(ProjectConfigurationPlatforms) = postSolution
		{78429528-851B-48BC-9738-99ABAB17BC90}.Debug|Any CPU.ActiveCfg = Debug|Any CPU
		{78429528-851B-48BC-9738-99ABAB17BC90}.Debug|Any CPU.Build.0 = Debug|Any CPU
		{78429528-851B-48BC-9738-99ABAB17BC90}.Release|Any CPU.ActiveCfg = Release|Any CPU
		{78429528-851B-48BC-9738-99ABAB17BC90}.Release|Any CPU.Build.0 = Release|Any CPU
		{4C47F44E-8089-4173-AC08-7BD16AFEB74B}.Debug|Any CPU.ActiveCfg = Debug|Any CPU
		{4C47F44E-8089-4173-AC08-7BD16AFEB74B}.Debug|Any CPU.Build.0 = Debug|Any CPU
		{4C47F44E-8089-4173-AC08-7BD16AFEB74B}.Release|Any CPU.ActiveCfg = Release|Any CPU
		{4C47F44E-8089-4173-AC08-7BD16AFEB74B}.Release|Any CPU.Build.0 = Release|Any CPU
	EndGlobalSection
	GlobalSection(SolutionProperties) = preSolution
		HideSolutionNode = FALSE
	EndGlobalSection
EndGlobal
