
Microsoft Visual Studio Solution File, Format Version 10.00
# Visual Studio 2008
Project("{2150E333-8FDC-42A3-9474-1A3956D46DE8}") = "MassTransit", "MassTransit", "{BB5330B4-6E11-47E6-A1D6-3531BAA5723A}"
EndProject
Project("{FAE04EC0-301F-11D3-BF4B-00C04F79EFBC}") = "WebRequestReply.Core", "WebRequestReply.Core\WebRequestReply.Core.csproj", "{DFCF5AE8-6820-493C-8E40-8E6CEA74EE28}"
EndProject
Project("{FAE04EC0-301F-11D3-BF4B-00C04F79EFBC}") = "MassTransit", "..\..\MassTransit\MassTransit.csproj", "{6EFD69FC-CBCC-4F85-AEE0-EFBA73F4D273}"
EndProject
Project("{FAE04EC0-301F-11D3-BF4B-00C04F79EFBC}") = "MassTransit.Transports.Msmq", "..\..\Transports\MassTransit.Transports.MSMQ\MassTransit.Transports.Msmq.csproj", "{6F90867C-E092-4EDC-B3DE-600D39DF0335}"
EndProject
Project("{FAE04EC0-301F-11D3-BF4B-00C04F79EFBC}") = "WebRequestReply.UI", "WebRequestReply.UI\WebRequestReply.UI.csproj", "{FE61B228-A4FF-4B11-BA08-63C0BB022A77}"
EndProject
Project("{FAE04EC0-301F-11D3-BF4B-00C04F79EFBC}") = "WebRequestReply.UI.MonoRail", "WebRequestReply.UI.MonoRail\WebRequestReply.UI.MonoRail.csproj", "{B1C5D685-57A5-4DE1-9D19-CB1E0E1149CE}"
EndProject
Project("{FAE04EC0-301F-11D3-BF4B-00C04F79EFBC}") = "MassTransit.WindsorIntegration", "..\..\Containers\MassTransit.WindsorIntegration\MassTransit.WindsorIntegration.csproj", "{98D5A59C-96FA-4A1B-A653-EA5A35C45FC9}"
EndProject
Global
	GlobalSection(SolutionConfigurationPlatforms) = preSolution
		Debug|.NET = Debug|.NET
		Debug|Any CPU = Debug|Any CPU
		Debug|Mixed Platforms = Debug|Mixed Platforms
		Release|.NET = Release|.NET
		Release|Any CPU = Release|Any CPU
		Release|Mixed Platforms = Release|Mixed Platforms
	EndGlobalSection
	GlobalSection(ProjectConfigurationPlatforms) = postSolution
		{DFCF5AE8-6820-493C-8E40-8E6CEA74EE28}.Debug|.NET.ActiveCfg = Debug|Any CPU
		{DFCF5AE8-6820-493C-8E40-8E6CEA74EE28}.Debug|Any CPU.ActiveCfg = Debug|Any CPU
		{DFCF5AE8-6820-493C-8E40-8E6CEA74EE28}.Debug|Any CPU.Build.0 = Debug|Any CPU
		{DFCF5AE8-6820-493C-8E40-8E6CEA74EE28}.Debug|Mixed Platforms.ActiveCfg = Debug|Any CPU
		{DFCF5AE8-6820-493C-8E40-8E6CEA74EE28}.Debug|Mixed Platforms.Build.0 = Debug|Any CPU
		{DFCF5AE8-6820-493C-8E40-8E6CEA74EE28}.Release|.NET.ActiveCfg = Release|Any CPU
		{DFCF5AE8-6820-493C-8E40-8E6CEA74EE28}.Release|Any CPU.ActiveCfg = Release|Any CPU
		{DFCF5AE8-6820-493C-8E40-8E6CEA74EE28}.Release|Any CPU.Build.0 = Release|Any CPU
		{DFCF5AE8-6820-493C-8E40-8E6CEA74EE28}.Release|Mixed Platforms.ActiveCfg = Release|Any CPU
		{DFCF5AE8-6820-493C-8E40-8E6CEA74EE28}.Release|Mixed Platforms.Build.0 = Release|Any CPU
		{6EFD69FC-CBCC-4F85-AEE0-EFBA73F4D273}.Debug|.NET.ActiveCfg = Debug|Any CPU
		{6EFD69FC-CBCC-4F85-AEE0-EFBA73F4D273}.Debug|Any CPU.ActiveCfg = Debug|Any CPU
		{6EFD69FC-CBCC-4F85-AEE0-EFBA73F4D273}.Debug|Any CPU.Build.0 = Debug|Any CPU
		{6EFD69FC-CBCC-4F85-AEE0-EFBA73F4D273}.Debug|Mixed Platforms.ActiveCfg = Debug|Any CPU
		{6EFD69FC-CBCC-4F85-AEE0-EFBA73F4D273}.Debug|Mixed Platforms.Build.0 = Debug|Any CPU
		{6EFD69FC-CBCC-4F85-AEE0-EFBA73F4D273}.Release|.NET.ActiveCfg = Release|Any CPU
		{6EFD69FC-CBCC-4F85-AEE0-EFBA73F4D273}.Release|Any CPU.ActiveCfg = Release|Any CPU
		{6EFD69FC-CBCC-4F85-AEE0-EFBA73F4D273}.Release|Any CPU.Build.0 = Release|Any CPU
		{6EFD69FC-CBCC-4F85-AEE0-EFBA73F4D273}.Release|Mixed Platforms.ActiveCfg = Release|Any CPU
		{6EFD69FC-CBCC-4F85-AEE0-EFBA73F4D273}.Release|Mixed Platforms.Build.0 = Release|Any CPU
		{6F90867C-E092-4EDC-B3DE-600D39DF0335}.Debug|.NET.ActiveCfg = Debug|Any CPU
		{6F90867C-E092-4EDC-B3DE-600D39DF0335}.Debug|Any CPU.ActiveCfg = Debug|Any CPU
		{6F90867C-E092-4EDC-B3DE-600D39DF0335}.Debug|Any CPU.Build.0 = Debug|Any CPU
		{6F90867C-E092-4EDC-B3DE-600D39DF0335}.Debug|Mixed Platforms.ActiveCfg = Debug|Any CPU
		{6F90867C-E092-4EDC-B3DE-600D39DF0335}.Debug|Mixed Platforms.Build.0 = Debug|Any CPU
		{6F90867C-E092-4EDC-B3DE-600D39DF0335}.Release|.NET.ActiveCfg = Release|Any CPU
		{6F90867C-E092-4EDC-B3DE-600D39DF0335}.Release|Any CPU.ActiveCfg = Release|Any CPU
		{6F90867C-E092-4EDC-B3DE-600D39DF0335}.Release|Any CPU.Build.0 = Release|Any CPU
		{6F90867C-E092-4EDC-B3DE-600D39DF0335}.Release|Mixed Platforms.ActiveCfg = Release|Any CPU
		{6F90867C-E092-4EDC-B3DE-600D39DF0335}.Release|Mixed Platforms.Build.0 = Release|Any CPU
		{FE61B228-A4FF-4B11-BA08-63C0BB022A77}.Debug|.NET.ActiveCfg = Debug|Any CPU
		{FE61B228-A4FF-4B11-BA08-63C0BB022A77}.Debug|Any CPU.ActiveCfg = Debug|Any CPU
		{FE61B228-A4FF-4B11-BA08-63C0BB022A77}.Debug|Any CPU.Build.0 = Debug|Any CPU
		{FE61B228-A4FF-4B11-BA08-63C0BB022A77}.Debug|Mixed Platforms.ActiveCfg = Debug|Any CPU
		{FE61B228-A4FF-4B11-BA08-63C0BB022A77}.Debug|Mixed Platforms.Build.0 = Debug|Any CPU
		{FE61B228-A4FF-4B11-BA08-63C0BB022A77}.Release|.NET.ActiveCfg = Release|Any CPU
		{FE61B228-A4FF-4B11-BA08-63C0BB022A77}.Release|Any CPU.ActiveCfg = Release|Any CPU
		{FE61B228-A4FF-4B11-BA08-63C0BB022A77}.Release|Any CPU.Build.0 = Release|Any CPU
		{FE61B228-A4FF-4B11-BA08-63C0BB022A77}.Release|Mixed Platforms.ActiveCfg = Release|Any CPU
		{FE61B228-A4FF-4B11-BA08-63C0BB022A77}.Release|Mixed Platforms.Build.0 = Release|Any CPU
		{B1C5D685-57A5-4DE1-9D19-CB1E0E1149CE}.Debug|.NET.ActiveCfg = Debug|Any CPU
		{B1C5D685-57A5-4DE1-9D19-CB1E0E1149CE}.Debug|Any CPU.ActiveCfg = Debug|Any CPU
		{B1C5D685-57A5-4DE1-9D19-CB1E0E1149CE}.Debug|Any CPU.Build.0 = Debug|Any CPU
		{B1C5D685-57A5-4DE1-9D19-CB1E0E1149CE}.Debug|Mixed Platforms.ActiveCfg = Debug|Any CPU
		{B1C5D685-57A5-4DE1-9D19-CB1E0E1149CE}.Debug|Mixed Platforms.Build.0 = Debug|Any CPU
		{B1C5D685-57A5-4DE1-9D19-CB1E0E1149CE}.Release|.NET.ActiveCfg = Release|Any CPU
		{B1C5D685-57A5-4DE1-9D19-CB1E0E1149CE}.Release|Any CPU.ActiveCfg = Release|Any CPU
		{B1C5D685-57A5-4DE1-9D19-CB1E0E1149CE}.Release|Any CPU.Build.0 = Release|Any CPU
		{B1C5D685-57A5-4DE1-9D19-CB1E0E1149CE}.Release|Mixed Platforms.ActiveCfg = Release|Any CPU
		{B1C5D685-57A5-4DE1-9D19-CB1E0E1149CE}.Release|Mixed Platforms.Build.0 = Release|Any CPU
		{98D5A59C-96FA-4A1B-A653-EA5A35C45FC9}.Debug|.NET.ActiveCfg = Debug|Any CPU
		{98D5A59C-96FA-4A1B-A653-EA5A35C45FC9}.Debug|Any CPU.ActiveCfg = Debug|Any CPU
		{98D5A59C-96FA-4A1B-A653-EA5A35C45FC9}.Debug|Any CPU.Build.0 = Debug|Any CPU
		{98D5A59C-96FA-4A1B-A653-EA5A35C45FC9}.Debug|Mixed Platforms.ActiveCfg = Debug|Any CPU
		{98D5A59C-96FA-4A1B-A653-EA5A35C45FC9}.Debug|Mixed Platforms.Build.0 = Debug|Any CPU
		{98D5A59C-96FA-4A1B-A653-EA5A35C45FC9}.Release|.NET.ActiveCfg = Release|Any CPU
		{98D5A59C-96FA-4A1B-A653-EA5A35C45FC9}.Release|Any CPU.ActiveCfg = Release|Any CPU
		{98D5A59C-96FA-4A1B-A653-EA5A35C45FC9}.Release|Any CPU.Build.0 = Release|Any CPU
		{98D5A59C-96FA-4A1B-A653-EA5A35C45FC9}.Release|Mixed Platforms.ActiveCfg = Release|Any CPU
		{98D5A59C-96FA-4A1B-A653-EA5A35C45FC9}.Release|Mixed Platforms.Build.0 = Release|Any CPU
	EndGlobalSection
	GlobalSection(SolutionProperties) = preSolution
		HideSolutionNode = FALSE
	EndGlobalSection
	GlobalSection(NestedProjects) = preSolution
		{6EFD69FC-CBCC-4F85-AEE0-EFBA73F4D273} = {BB5330B4-6E11-47E6-A1D6-3531BAA5723A}
		{6F90867C-E092-4EDC-B3DE-600D39DF0335} = {BB5330B4-6E11-47E6-A1D6-3531BAA5723A}
		{98D5A59C-96FA-4A1B-A653-EA5A35C45FC9} = {BB5330B4-6E11-47E6-A1D6-3531BAA5723A}
	EndGlobalSection
EndGlobal
