
Microsoft Visual Studio Solution File, Format Version 9.00
# Visual Studio 2005
Project("{FAE04EC0-301F-11D3-BF4B-00C04F79EFBC}") = "HeavyLoad", "HeavyLoad.csproj", "{AA8820CC-5DFE-4867-8C9B-82320C9E4BE2}"
EndProject
Project("{2150E333-8FDC-42A3-9474-1A3956D46DE8}") = "MassTransit", "MassTransit", "{825EF0A3-C810-42FB-9D73-24BAE6DF0571}"
EndProject
Project("{FAE04EC0-301F-11D3-BF4B-00C04F79EFBC}") = "MassTransit.ServiceBus", "..\..\..\MassTransit.ServiceBus\MassTransit.ServiceBus.csproj", "{90482397-6282-465E-8B86-39865FC30127}"
EndProject
Project("{FAE04EC0-301F-11D3-BF4B-00C04F79EFBC}") = "MassTransit.ServiceBus.MSMQ", "..\..\..\MassTransit.ServiceBus.MSMQ\MassTransit.ServiceBus.MSMQ.csproj", "{6F90867C-E092-4EDC-B3DE-600D39DF0335}"
EndProject
Project("{FAE04EC0-301F-11D3-BF4B-00C04F79EFBC}") = "MassTransit.DistributedSubscriptionCache", "..\..\..\MassTransit.DistributedSubscriptionCache\MassTransit.DistributedSubscriptionCache.csproj", "{856DF42C-FA82-4AFA-95D9-A84B40B833A1}"
EndProject
Global
	GlobalSection(SolutionConfigurationPlatforms) = preSolution
		Debug|Any CPU = Debug|Any CPU
		Release|Any CPU = Release|Any CPU
	EndGlobalSection
	GlobalSection(ProjectConfigurationPlatforms) = postSolution
		{AA8820CC-5DFE-4867-8C9B-82320C9E4BE2}.Debug|Any CPU.ActiveCfg = Debug|Any CPU
		{AA8820CC-5DFE-4867-8C9B-82320C9E4BE2}.Debug|Any CPU.Build.0 = Debug|Any CPU
		{AA8820CC-5DFE-4867-8C9B-82320C9E4BE2}.Release|Any CPU.ActiveCfg = Release|Any CPU
		{AA8820CC-5DFE-4867-8C9B-82320C9E4BE2}.Release|Any CPU.Build.0 = Release|Any CPU
		{90482397-6282-465E-8B86-39865FC30127}.Debug|Any CPU.ActiveCfg = Debug|Any CPU
		{90482397-6282-465E-8B86-39865FC30127}.Debug|Any CPU.Build.0 = Debug|Any CPU
		{90482397-6282-465E-8B86-39865FC30127}.Release|Any CPU.ActiveCfg = Release|Any CPU
		{90482397-6282-465E-8B86-39865FC30127}.Release|Any CPU.Build.0 = Release|Any CPU
		{6F90867C-E092-4EDC-B3DE-600D39DF0335}.Debug|Any CPU.ActiveCfg = Debug|Any CPU
		{6F90867C-E092-4EDC-B3DE-600D39DF0335}.Debug|Any CPU.Build.0 = Debug|Any CPU
		{6F90867C-E092-4EDC-B3DE-600D39DF0335}.Release|Any CPU.ActiveCfg = Release|Any CPU
		{6F90867C-E092-4EDC-B3DE-600D39DF0335}.Release|Any CPU.Build.0 = Release|Any CPU
		{856DF42C-FA82-4AFA-95D9-A84B40B833A1}.Debug|Any CPU.ActiveCfg = Debug|Any CPU
		{856DF42C-FA82-4AFA-95D9-A84B40B833A1}.Debug|Any CPU.Build.0 = Debug|Any CPU
		{856DF42C-FA82-4AFA-95D9-A84B40B833A1}.Release|Any CPU.ActiveCfg = Release|Any CPU
		{856DF42C-FA82-4AFA-95D9-A84B40B833A1}.Release|Any CPU.Build.0 = Release|Any CPU
	EndGlobalSection
	GlobalSection(SolutionProperties) = preSolution
		HideSolutionNode = FALSE
	EndGlobalSection
	GlobalSection(NestedProjects) = preSolution
		{90482397-6282-465E-8B86-39865FC30127} = {825EF0A3-C810-42FB-9D73-24BAE6DF0571}
		{6F90867C-E092-4EDC-B3DE-600D39DF0335} = {825EF0A3-C810-42FB-9D73-24BAE6DF0571}
		{856DF42C-FA82-4AFA-95D9-A84B40B833A1} = {825EF0A3-C810-42FB-9D73-24BAE6DF0571}
	EndGlobalSection
EndGlobal
