
Microsoft Visual Studio Solution File, Format Version 12.00
# Visual Studio 2012
Project("{FAE04EC0-301F-11D3-BF4B-00C04F79EFBC}") = "Grid.Distributor.Shared", "Grid.Distributor.Shared\Grid.Distributor.Shared.csproj", "{DA5B48BC-3647-4E92-BEE5-58D920C75393}"
EndProject
Project("{FAE04EC0-301F-11D3-BF4B-00C04F79EFBC}") = "Grid.Distributor.Activator", "Grid.Distributor.Activator\Grid.Distributor.Activator.csproj", "{57CBC0A8-B439-4960-93A2-682D94D737AE}"
EndProject
Project("{FAE04EC0-301F-11D3-BF4B-00C04F79EFBC}") = "Grid.Distributor.Worker", "Grid.Distributor.Worker\Grid.Distributor.Worker.csproj", "{F5898375-3A9C-4996-A570-871789C39C63}"
EndProject
Project("{2150E333-8FDC-42A3-9474-1A3956D46DE8}") = "MT", "MT", "{C061C027-8ED3-4FC5-B2E9-0320354F490C}"
EndProject
Project("{FAE04EC0-301F-11D3-BF4B-00C04F79EFBC}") = "MassTransit", "..\..\MassTransit\MassTransit.csproj", "{6EFD69FC-CBCC-4F85-AEE0-EFBA73F4D273}"
EndProject
Project("{FAE04EC0-301F-11D3-BF4B-00C04F79EFBC}") = "MassTransit.Transports.RabbitMq", "..\..\Transports\MassTransit.Transports.RabbitMq\MassTransit.Transports.RabbitMq.csproj", "{6C7149D7-4D97-45DF-A05D-61EC7374491D}"
EndProject
Project("{2150E333-8FDC-42A3-9474-1A3956D46DE8}") = ".nuget", ".nuget", "{7DE85E10-86E2-4D18-B009-884402D024AD}"
	ProjectSection(SolutionItems) = preProject
		.nuget\NuGet.Config = .nuget\NuGet.Config
		.nuget\NuGet.exe = .nuget\NuGet.exe
		.nuget\NuGet.targets = .nuget\NuGet.targets
	EndProjectSection
EndProject
Project("{FAE04EC0-301F-11D3-BF4B-00C04F79EFBC}") = "MassTransit.Log4NetIntegration", "..\..\Loggers\MassTransit.Log4NetIntegration\MassTransit.Log4NetIntegration.csproj", "{8D2BE372-A756-4676-B2EA-ED7846809BFE}"
EndProject
Global
	GlobalSection(SolutionConfigurationPlatforms) = preSolution
		Build|Any CPU = Build|Any CPU
		Debug|Any CPU = Debug|Any CPU
		Release|Any CPU = Release|Any CPU
	EndGlobalSection
	GlobalSection(ProjectConfigurationPlatforms) = postSolution
		{DA5B48BC-3647-4E92-BEE5-58D920C75393}.Build|Any CPU.ActiveCfg = Release|Any CPU
		{DA5B48BC-3647-4E92-BEE5-58D920C75393}.Build|Any CPU.Build.0 = Release|Any CPU
		{DA5B48BC-3647-4E92-BEE5-58D920C75393}.Debug|Any CPU.ActiveCfg = Debug|Any CPU
		{DA5B48BC-3647-4E92-BEE5-58D920C75393}.Debug|Any CPU.Build.0 = Debug|Any CPU
		{DA5B48BC-3647-4E92-BEE5-58D920C75393}.Release|Any CPU.ActiveCfg = Release|Any CPU
		{DA5B48BC-3647-4E92-BEE5-58D920C75393}.Release|Any CPU.Build.0 = Release|Any CPU
		{57CBC0A8-B439-4960-93A2-682D94D737AE}.Build|Any CPU.ActiveCfg = Release|Any CPU
		{57CBC0A8-B439-4960-93A2-682D94D737AE}.Build|Any CPU.Build.0 = Release|Any CPU
		{57CBC0A8-B439-4960-93A2-682D94D737AE}.Debug|Any CPU.ActiveCfg = Debug|Any CPU
		{57CBC0A8-B439-4960-93A2-682D94D737AE}.Debug|Any CPU.Build.0 = Debug|Any CPU
		{57CBC0A8-B439-4960-93A2-682D94D737AE}.Release|Any CPU.ActiveCfg = Release|Any CPU
		{57CBC0A8-B439-4960-93A2-682D94D737AE}.Release|Any CPU.Build.0 = Release|Any CPU
		{F5898375-3A9C-4996-A570-871789C39C63}.Build|Any CPU.ActiveCfg = Release|Any CPU
		{F5898375-3A9C-4996-A570-871789C39C63}.Build|Any CPU.Build.0 = Release|Any CPU
		{F5898375-3A9C-4996-A570-871789C39C63}.Debug|Any CPU.ActiveCfg = Debug|Any CPU
		{F5898375-3A9C-4996-A570-871789C39C63}.Debug|Any CPU.Build.0 = Debug|Any CPU
		{F5898375-3A9C-4996-A570-871789C39C63}.Release|Any CPU.ActiveCfg = Release|Any CPU
		{F5898375-3A9C-4996-A570-871789C39C63}.Release|Any CPU.Build.0 = Release|Any CPU
		{6EFD69FC-CBCC-4F85-AEE0-EFBA73F4D273}.Build|Any CPU.ActiveCfg = Release|Any CPU
		{6EFD69FC-CBCC-4F85-AEE0-EFBA73F4D273}.Build|Any CPU.Build.0 = Release|Any CPU
		{6EFD69FC-CBCC-4F85-AEE0-EFBA73F4D273}.Debug|Any CPU.ActiveCfg = Debug|Any CPU
		{6EFD69FC-CBCC-4F85-AEE0-EFBA73F4D273}.Debug|Any CPU.Build.0 = Debug|Any CPU
		{6EFD69FC-CBCC-4F85-AEE0-EFBA73F4D273}.Release|Any CPU.ActiveCfg = Release|Any CPU
		{6EFD69FC-CBCC-4F85-AEE0-EFBA73F4D273}.Release|Any CPU.Build.0 = Release|Any CPU
		{6C7149D7-4D97-45DF-A05D-61EC7374491D}.Build|Any CPU.ActiveCfg = Release|Any CPU
		{6C7149D7-4D97-45DF-A05D-61EC7374491D}.Build|Any CPU.Build.0 = Release|Any CPU
		{6C7149D7-4D97-45DF-A05D-61EC7374491D}.Debug|Any CPU.ActiveCfg = Debug|Any CPU
		{6C7149D7-4D97-45DF-A05D-61EC7374491D}.Debug|Any CPU.Build.0 = Debug|Any CPU
		{6C7149D7-4D97-45DF-A05D-61EC7374491D}.Release|Any CPU.ActiveCfg = Release|Any CPU
		{6C7149D7-4D97-45DF-A05D-61EC7374491D}.Release|Any CPU.Build.0 = Release|Any CPU
		{8D2BE372-A756-4676-B2EA-ED7846809BFE}.Build|Any CPU.ActiveCfg = Release|Any CPU
		{8D2BE372-A756-4676-B2EA-ED7846809BFE}.Build|Any CPU.Build.0 = Release|Any CPU
		{8D2BE372-A756-4676-B2EA-ED7846809BFE}.Debug|Any CPU.ActiveCfg = Debug|Any CPU
		{8D2BE372-A756-4676-B2EA-ED7846809BFE}.Debug|Any CPU.Build.0 = Debug|Any CPU
		{8D2BE372-A756-4676-B2EA-ED7846809BFE}.Release|Any CPU.ActiveCfg = Release|Any CPU
		{8D2BE372-A756-4676-B2EA-ED7846809BFE}.Release|Any CPU.Build.0 = Release|Any CPU
	EndGlobalSection
	GlobalSection(SolutionProperties) = preSolution
		HideSolutionNode = FALSE
	EndGlobalSection
	GlobalSection(NestedProjects) = preSolution
		{6EFD69FC-CBCC-4F85-AEE0-EFBA73F4D273} = {C061C027-8ED3-4FC5-B2E9-0320354F490C}
		{6C7149D7-4D97-45DF-A05D-61EC7374491D} = {C061C027-8ED3-4FC5-B2E9-0320354F490C}
		{8D2BE372-A756-4676-B2EA-ED7846809BFE} = {C061C027-8ED3-4FC5-B2E9-0320354F490C}
	EndGlobalSection
EndGlobal
