
Microsoft Visual Studio Solution File, Format Version 12.00
# Visual Studio 2012
Project("{FAE04EC0-301F-11D3-BF4B-00C04F79EFBC}") = "Grid.Distributor.Shared", "Grid.Distributor.Shared\Grid.Distributor.Shared.csproj", "{DA5B48BC-3647-4E92-BEE5-58D920C75393}"
EndProject
Project("{FAE04EC0-301F-11D3-BF4B-00C04F79EFBC}") = "Grid.Distributor.Activator", "Grid.Distributor.Activator\Grid.Distributor.Activator.csproj", "{57CBC0A8-B439-4960-93A2-682D94D737AE}"
EndProject
Project("{FAE04EC0-301F-11D3-BF4B-00C04F79EFBC}") = "Grid.Distributor.Worker", "Grid.Distributor.Worker\Grid.Distributor.Worker.csproj", "{F5898375-3A9C-4996-A570-871789C39C63}"
EndProject
Global
	GlobalSection(SolutionConfigurationPlatforms) = preSolution
		Build|Any CPU = Build|Any CPU
		Debug|Any CPU = Debug|Any CPU
		Release|Any CPU = Release|Any CPU
	EndGlobalSection
	GlobalSection(ProjectConfigurationPlatforms) = postSolution
		{DA5B48BC-3647-4E92-BEE5-58D920C75393}.Build|Any CPU.ActiveCfg = Release|Any CPU
		{DA5B48BC-3647-4E92-BEE5-58D920C75393}.Build|Any CPU.Build.0 = Release|Any CPU
		{DA5B48BC-3647-4E92-BEE5-58D920C75393}.Debug|Any CPU.ActiveCfg = Debug|Any CPU
		{DA5B48BC-3647-4E92-BEE5-58D920C75393}.Debug|Any CPU.Build.0 = Debug|Any CPU
		{DA5B48BC-3647-4E92-BEE5-58D920C75393}.Release|Any CPU.ActiveCfg = Release|Any CPU
		{DA5B48BC-3647-4E92-BEE5-58D920C75393}.Release|Any CPU.Build.0 = Release|Any CPU
		{57CBC0A8-B439-4960-93A2-682D94D737AE}.Build|Any CPU.ActiveCfg = Release|Any CPU
		{57CBC0A8-B439-4960-93A2-682D94D737AE}.Build|Any CPU.Build.0 = Release|Any CPU
		{57CBC0A8-B439-4960-93A2-682D94D737AE}.Debug|Any CPU.ActiveCfg = Debug|Any CPU
		{57CBC0A8-B439-4960-93A2-682D94D737AE}.Debug|Any CPU.Build.0 = Debug|Any CPU
		{57CBC0A8-B439-4960-93A2-682D94D737AE}.Release|Any CPU.ActiveCfg = Release|Any CPU
		{57CBC0A8-B439-4960-93A2-682D94D737AE}.Release|Any CPU.Build.0 = Release|Any CPU
		{F5898375-3A9C-4996-A570-871789C39C63}.Build|Any CPU.ActiveCfg = Release|Any CPU
		{F5898375-3A9C-4996-A570-871789C39C63}.Build|Any CPU.Build.0 = Release|Any CPU
		{F5898375-3A9C-4996-A570-871789C39C63}.Debug|Any CPU.ActiveCfg = Debug|Any CPU
		{F5898375-3A9C-4996-A570-871789C39C63}.Debug|Any CPU.Build.0 = Debug|Any CPU
		{F5898375-3A9C-4996-A570-871789C39C63}.Release|Any CPU.ActiveCfg = Release|Any CPU
		{F5898375-3A9C-4996-A570-871789C39C63}.Release|Any CPU.Build.0 = Release|Any CPU
	EndGlobalSection
	GlobalSection(SolutionProperties) = preSolution
		HideSolutionNode = FALSE
	EndGlobalSection
EndGlobal
