
Microsoft Visual Studio Solution File, Format Version 10.00
# Visual Studio 2008
Project("{2150E333-8FDC-42A3-9474-1A3956D46DE8}") = "Mass Transit", "Mass Transit", "{12A2E13A-D405-49EC-89EB-15D089F2A824}"
EndProject
Project("{2150E333-8FDC-42A3-9474-1A3956D46DE8}") = "OpenAllNight", "OpenAllNight", "{82671CE1-CB09-4365-B1C6-896D8B665550}"
EndProject
Project("{FAE04EC0-301F-11D3-BF4B-00C04F79EFBC}") = "SubscriptionServiceHost", "SubscriptionServiceHost\SubscriptionServiceHost.csproj", "{4669EFE9-2076-4635-A57B-BC2BE7C9CFDB}"
EndProject
Project("{FAE04EC0-301F-11D3-BF4B-00C04F79EFBC}") = "HealthServiceHost", "HealthServiceHost\HealthServiceHost.csproj", "{EB9A5807-308C-4A58-84F2-FF5A7E8D83CF}"
EndProject
Project("{FAE04EC0-301F-11D3-BF4B-00C04F79EFBC}") = "MassTransit", "..\MassTransit\MassTransit.csproj", "{6EFD69FC-CBCC-4F85-AEE0-EFBA73F4D273}"
EndProject
Project("{FAE04EC0-301F-11D3-BF4B-00C04F79EFBC}") = "MassTransit.Transports.Msmq", "..\Transports\MassTransit.Transports.Msmq\MassTransit.Transports.Msmq.csproj", "{6F90867C-E092-4EDC-B3DE-600D39DF0335}"
EndProject
Project("{FAE04EC0-301F-11D3-BF4B-00C04F79EFBC}") = "MassTransit.WindsorIntegration", "..\Containers\MassTransit.WindsorIntegration\MassTransit.WindsorIntegration.csproj", "{98D5A59C-96FA-4A1B-A653-EA5A35C45FC9}"
EndProject
Project("{FAE04EC0-301F-11D3-BF4B-00C04F79EFBC}") = "TimeoutServiceHost", "TimeoutServiceHost\TimeoutServiceHost.csproj", "{1992FBD8-99AA-4884-8DAC-D7B0718D56D8}"
EndProject
Project("{FAE04EC0-301F-11D3-BF4B-00C04F79EFBC}") = "DeferredMessageServiceHost", "DeferredMessageServiceHost\DeferredMessageServiceHost.csproj", "{6F5367EE-52B6-4CC4-8F5E-11D17373CF94}"
EndProject
Project("{FAE04EC0-301F-11D3-BF4B-00C04F79EFBC}") = "MassTransit.Infrastructure", "..\MassTransit.Infrastructure\MassTransit.Infrastructure.csproj", "{073A90FD-9A3E-4704-B3B5-6D8A9F4B442E}"
EndProject
Project("{FAE04EC0-301F-11D3-BF4B-00C04F79EFBC}") = "OpenAllNight", "..\Samples\OpenAllNight\OpenAllNight\OpenAllNight.csproj", "{EB825C40-FE8F-4F56-8397-A158F7482970}"
EndProject
Project("{FAE04EC0-301F-11D3-BF4B-00C04F79EFBC}") = "MassTransit.RuntimeServices", "MassTransitServices\MassTransit.RuntimeServices.csproj", "{8AFA8821-2851-4134-8E0A-F9E7E10D28D9}"
EndProject
Project("{FAE04EC0-301F-11D3-BF4B-00C04F79EFBC}") = "MassTransit.StructureMapIntegration", "..\Containers\MassTransit.StructureMapIntegration\MassTransit.StructureMapIntegration.csproj", "{F5E67502-2B30-484C-88C3-97710291F5AA}"
EndProject
Project("{FAE04EC0-301F-11D3-BF4B-00C04F79EFBC}") = "MassTransit.SystemView", "MassTransit.SystemView\MassTransit.SystemView.csproj", "{85C0F3A0-A689-422C-84EB-A1F5E04FD0AC}"
EndProject
Global
	GlobalSection(SolutionConfigurationPlatforms) = preSolution
		Debug|Any CPU = Debug|Any CPU
		Release|Any CPU = Release|Any CPU
	EndGlobalSection
	GlobalSection(ProjectConfigurationPlatforms) = postSolution
		{4669EFE9-2076-4635-A57B-BC2BE7C9CFDB}.Debug|Any CPU.ActiveCfg = Debug|Any CPU
		{4669EFE9-2076-4635-A57B-BC2BE7C9CFDB}.Debug|Any CPU.Build.0 = Debug|Any CPU
		{4669EFE9-2076-4635-A57B-BC2BE7C9CFDB}.Release|Any CPU.ActiveCfg = Release|Any CPU
		{4669EFE9-2076-4635-A57B-BC2BE7C9CFDB}.Release|Any CPU.Build.0 = Release|Any CPU
		{EB9A5807-308C-4A58-84F2-FF5A7E8D83CF}.Debug|Any CPU.ActiveCfg = Debug|Any CPU
		{EB9A5807-308C-4A58-84F2-FF5A7E8D83CF}.Debug|Any CPU.Build.0 = Debug|Any CPU
		{EB9A5807-308C-4A58-84F2-FF5A7E8D83CF}.Release|Any CPU.ActiveCfg = Release|Any CPU
		{EB9A5807-308C-4A58-84F2-FF5A7E8D83CF}.Release|Any CPU.Build.0 = Release|Any CPU
		{6EFD69FC-CBCC-4F85-AEE0-EFBA73F4D273}.Debug|Any CPU.ActiveCfg = Debug|Any CPU
		{6EFD69FC-CBCC-4F85-AEE0-EFBA73F4D273}.Debug|Any CPU.Build.0 = Debug|Any CPU
		{6EFD69FC-CBCC-4F85-AEE0-EFBA73F4D273}.Release|Any CPU.ActiveCfg = Release|Any CPU
		{6EFD69FC-CBCC-4F85-AEE0-EFBA73F4D273}.Release|Any CPU.Build.0 = Release|Any CPU
		{6F90867C-E092-4EDC-B3DE-600D39DF0335}.Debug|Any CPU.ActiveCfg = Debug|Any CPU
		{6F90867C-E092-4EDC-B3DE-600D39DF0335}.Debug|Any CPU.Build.0 = Debug|Any CPU
		{6F90867C-E092-4EDC-B3DE-600D39DF0335}.Release|Any CPU.ActiveCfg = Release|Any CPU
		{6F90867C-E092-4EDC-B3DE-600D39DF0335}.Release|Any CPU.Build.0 = Release|Any CPU
		{98D5A59C-96FA-4A1B-A653-EA5A35C45FC9}.Debug|Any CPU.ActiveCfg = Debug|Any CPU
		{98D5A59C-96FA-4A1B-A653-EA5A35C45FC9}.Debug|Any CPU.Build.0 = Debug|Any CPU
		{98D5A59C-96FA-4A1B-A653-EA5A35C45FC9}.Release|Any CPU.ActiveCfg = Release|Any CPU
		{98D5A59C-96FA-4A1B-A653-EA5A35C45FC9}.Release|Any CPU.Build.0 = Release|Any CPU
		{1992FBD8-99AA-4884-8DAC-D7B0718D56D8}.Debug|Any CPU.ActiveCfg = Debug|Any CPU
		{1992FBD8-99AA-4884-8DAC-D7B0718D56D8}.Debug|Any CPU.Build.0 = Debug|Any CPU
		{1992FBD8-99AA-4884-8DAC-D7B0718D56D8}.Release|Any CPU.ActiveCfg = Release|Any CPU
		{1992FBD8-99AA-4884-8DAC-D7B0718D56D8}.Release|Any CPU.Build.0 = Release|Any CPU
		{6F5367EE-52B6-4CC4-8F5E-11D17373CF94}.Debug|Any CPU.ActiveCfg = Debug|Any CPU
		{6F5367EE-52B6-4CC4-8F5E-11D17373CF94}.Debug|Any CPU.Build.0 = Debug|Any CPU
		{6F5367EE-52B6-4CC4-8F5E-11D17373CF94}.Release|Any CPU.ActiveCfg = Release|Any CPU
		{6F5367EE-52B6-4CC4-8F5E-11D17373CF94}.Release|Any CPU.Build.0 = Release|Any CPU
		{073A90FD-9A3E-4704-B3B5-6D8A9F4B442E}.Debug|Any CPU.ActiveCfg = Debug|Any CPU
		{073A90FD-9A3E-4704-B3B5-6D8A9F4B442E}.Debug|Any CPU.Build.0 = Debug|Any CPU
		{073A90FD-9A3E-4704-B3B5-6D8A9F4B442E}.Release|Any CPU.ActiveCfg = Release|Any CPU
		{073A90FD-9A3E-4704-B3B5-6D8A9F4B442E}.Release|Any CPU.Build.0 = Release|Any CPU
		{EB825C40-FE8F-4F56-8397-A158F7482970}.Debug|Any CPU.ActiveCfg = Debug|Any CPU
		{EB825C40-FE8F-4F56-8397-A158F7482970}.Debug|Any CPU.Build.0 = Debug|Any CPU
		{EB825C40-FE8F-4F56-8397-A158F7482970}.Release|Any CPU.ActiveCfg = Release|Any CPU
		{EB825C40-FE8F-4F56-8397-A158F7482970}.Release|Any CPU.Build.0 = Release|Any CPU
		{8AFA8821-2851-4134-8E0A-F9E7E10D28D9}.Debug|Any CPU.ActiveCfg = Debug|Any CPU
		{8AFA8821-2851-4134-8E0A-F9E7E10D28D9}.Debug|Any CPU.Build.0 = Debug|Any CPU
		{8AFA8821-2851-4134-8E0A-F9E7E10D28D9}.Release|Any CPU.ActiveCfg = Release|Any CPU
		{8AFA8821-2851-4134-8E0A-F9E7E10D28D9}.Release|Any CPU.Build.0 = Release|Any CPU
		{F5E67502-2B30-484C-88C3-97710291F5AA}.Debug|Any CPU.ActiveCfg = Debug|Any CPU
		{F5E67502-2B30-484C-88C3-97710291F5AA}.Debug|Any CPU.Build.0 = Debug|Any CPU
		{F5E67502-2B30-484C-88C3-97710291F5AA}.Release|Any CPU.ActiveCfg = Release|Any CPU
		{F5E67502-2B30-484C-88C3-97710291F5AA}.Release|Any CPU.Build.0 = Release|Any CPU
		{85C0F3A0-A689-422C-84EB-A1F5E04FD0AC}.Debug|Any CPU.ActiveCfg = Debug|Any CPU
		{85C0F3A0-A689-422C-84EB-A1F5E04FD0AC}.Debug|Any CPU.Build.0 = Debug|Any CPU
		{85C0F3A0-A689-422C-84EB-A1F5E04FD0AC}.Release|Any CPU.ActiveCfg = Release|Any CPU
		{85C0F3A0-A689-422C-84EB-A1F5E04FD0AC}.Release|Any CPU.Build.0 = Release|Any CPU
	EndGlobalSection
	GlobalSection(SolutionProperties) = preSolution
		HideSolutionNode = FALSE
	EndGlobalSection
	GlobalSection(NestedProjects) = preSolution
		{6EFD69FC-CBCC-4F85-AEE0-EFBA73F4D273} = {12A2E13A-D405-49EC-89EB-15D089F2A824}
		{6F90867C-E092-4EDC-B3DE-600D39DF0335} = {12A2E13A-D405-49EC-89EB-15D089F2A824}
		{98D5A59C-96FA-4A1B-A653-EA5A35C45FC9} = {12A2E13A-D405-49EC-89EB-15D089F2A824}
		{073A90FD-9A3E-4704-B3B5-6D8A9F4B442E} = {12A2E13A-D405-49EC-89EB-15D089F2A824}
		{F5E67502-2B30-484C-88C3-97710291F5AA} = {12A2E13A-D405-49EC-89EB-15D089F2A824}
		{EB825C40-FE8F-4F56-8397-A158F7482970} = {82671CE1-CB09-4365-B1C6-896D8B665550}
	EndGlobalSection
EndGlobal
