
Microsoft Visual Studio Solution File, Format Version 11.00
# Visual Studio 2010
Project("{2150E333-8FDC-42A3-9474-1A3956D46DE8}") = "Mass Transit", "Mass Transit", "{77969F2D-DAB2-41ED-A1FE-E13C659D7FFC}"
EndProject
Project("{FAE04EC0-301F-11D3-BF4B-00C04F79EFBC}") = "OpenAllNight", "OpenAllNight\OpenAllNight.csproj", "{EB825C40-FE8F-4F56-8397-A158F7482970}"
EndProject
Project("{FAE04EC0-301F-11D3-BF4B-00C04F79EFBC}") = "MassTransit.Transports.Msmq", "..\..\Transports\MassTransit.Transports.Msmq\MassTransit.Transports.Msmq.csproj", "{6F90867C-E092-4EDC-B3DE-600D39DF0335}"
EndProject
Project("{FAE04EC0-301F-11D3-BF4B-00C04F79EFBC}") = "MassTransit.WindsorIntegration", "..\..\Containers\MassTransit.WindsorIntegration\MassTransit.WindsorIntegration.csproj", "{98D5A59C-96FA-4A1B-A653-EA5A35C45FC9}"
EndProject
Project("{FAE04EC0-301F-11D3-BF4B-00C04F79EFBC}") = "SubscriptionManagerGUI", "..\WinFormSample\SubscriptionManagerGUI\SubscriptionManagerGUI.csproj", "{F43E14B8-4AE2-4A09-94C0-8871D0BA5C5C}"
EndProject
Project("{FAE04EC0-301F-11D3-BF4B-00C04F79EFBC}") = "MassTransit", "..\..\MassTransit\MassTransit.csproj", "{6EFD69FC-CBCC-4F85-AEE0-EFBA73F4D273}"
EndProject
Project("{FAE04EC0-301F-11D3-BF4B-00C04F79EFBC}") = "MassTransit.Infrastructure", "..\..\MassTransit.Infrastructure\MassTransit.Infrastructure.csproj", "{073A90FD-9A3E-4704-B3B5-6D8A9F4B442E}"
EndProject
Global
	GlobalSection(SolutionConfigurationPlatforms) = preSolution
		Debug|Any CPU = Debug|Any CPU
		Release|Any CPU = Release|Any CPU
	EndGlobalSection
	GlobalSection(ProjectConfigurationPlatforms) = postSolution
		{EB825C40-FE8F-4F56-8397-A158F7482970}.Debug|Any CPU.ActiveCfg = Debug|Any CPU
		{EB825C40-FE8F-4F56-8397-A158F7482970}.Debug|Any CPU.Build.0 = Debug|Any CPU
		{EB825C40-FE8F-4F56-8397-A158F7482970}.Release|Any CPU.ActiveCfg = Release|Any CPU
		{EB825C40-FE8F-4F56-8397-A158F7482970}.Release|Any CPU.Build.0 = Release|Any CPU
		{6F90867C-E092-4EDC-B3DE-600D39DF0335}.Debug|Any CPU.ActiveCfg = Debug|Any CPU
		{6F90867C-E092-4EDC-B3DE-600D39DF0335}.Debug|Any CPU.Build.0 = Debug|Any CPU
		{6F90867C-E092-4EDC-B3DE-600D39DF0335}.Release|Any CPU.ActiveCfg = Release|Any CPU
		{6F90867C-E092-4EDC-B3DE-600D39DF0335}.Release|Any CPU.Build.0 = Release|Any CPU
		{98D5A59C-96FA-4A1B-A653-EA5A35C45FC9}.Debug|Any CPU.ActiveCfg = Debug|Any CPU
		{98D5A59C-96FA-4A1B-A653-EA5A35C45FC9}.Debug|Any CPU.Build.0 = Debug|Any CPU
		{98D5A59C-96FA-4A1B-A653-EA5A35C45FC9}.Release|Any CPU.ActiveCfg = Release|Any CPU
		{98D5A59C-96FA-4A1B-A653-EA5A35C45FC9}.Release|Any CPU.Build.0 = Release|Any CPU
		{F43E14B8-4AE2-4A09-94C0-8871D0BA5C5C}.Debug|Any CPU.ActiveCfg = Debug|Any CPU
		{F43E14B8-4AE2-4A09-94C0-8871D0BA5C5C}.Debug|Any CPU.Build.0 = Debug|Any CPU
		{F43E14B8-4AE2-4A09-94C0-8871D0BA5C5C}.Release|Any CPU.ActiveCfg = Release|Any CPU
		{F43E14B8-4AE2-4A09-94C0-8871D0BA5C5C}.Release|Any CPU.Build.0 = Release|Any CPU
		{6EFD69FC-CBCC-4F85-AEE0-EFBA73F4D273}.Debug|Any CPU.ActiveCfg = Debug|Any CPU
		{6EFD69FC-CBCC-4F85-AEE0-EFBA73F4D273}.Debug|Any CPU.Build.0 = Debug|Any CPU
		{6EFD69FC-CBCC-4F85-AEE0-EFBA73F4D273}.Release|Any CPU.ActiveCfg = Release|Any CPU
		{6EFD69FC-CBCC-4F85-AEE0-EFBA73F4D273}.Release|Any CPU.Build.0 = Release|Any CPU
		{073A90FD-9A3E-4704-B3B5-6D8A9F4B442E}.Debug|Any CPU.ActiveCfg = Debug|Any CPU
		{073A90FD-9A3E-4704-B3B5-6D8A9F4B442E}.Debug|Any CPU.Build.0 = Debug|Any CPU
		{073A90FD-9A3E-4704-B3B5-6D8A9F4B442E}.Release|Any CPU.ActiveCfg = Release|Any CPU
		{073A90FD-9A3E-4704-B3B5-6D8A9F4B442E}.Release|Any CPU.Build.0 = Release|Any CPU
	EndGlobalSection
	GlobalSection(SolutionProperties) = preSolution
		HideSolutionNode = FALSE
	EndGlobalSection
	GlobalSection(NestedProjects) = preSolution
		{6F90867C-E092-4EDC-B3DE-600D39DF0335} = {77969F2D-DAB2-41ED-A1FE-E13C659D7FFC}
		{98D5A59C-96FA-4A1B-A653-EA5A35C45FC9} = {77969F2D-DAB2-41ED-A1FE-E13C659D7FFC}
		{6EFD69FC-CBCC-4F85-AEE0-EFBA73F4D273} = {77969F2D-DAB2-41ED-A1FE-E13C659D7FFC}
		{073A90FD-9A3E-4704-B3B5-6D8A9F4B442E} = {77969F2D-DAB2-41ED-A1FE-E13C659D7FFC}
	EndGlobalSection
EndGlobal
