
Microsoft Visual Studio Solution File, Format Version 11.00
# Visual Studio 2010
Project("{2150E333-8FDC-42A3-9474-1A3956D46DE8}") = "ServiceBus", "ServiceBus", "{5A039536-728C-4B3C-88D0-030539735F66}"
EndProject
Project("{FAE04EC0-301F-11D3-BF4B-00C04F79EFBC}") = "Client", "Client\Client.csproj", "{8EBDD825-0A04-4DD8-9873-2196586EF618}"
EndProject
Project("{FAE04EC0-301F-11D3-BF4B-00C04F79EFBC}") = "Server", "Server\Server.csproj", "{F9C5D435-2CD8-4DAE-871E-3DBD30378AE0}"
EndProject
Project("{FAE04EC0-301F-11D3-BF4B-00C04F79EFBC}") = "MassTransit", "..\..\MassTransit\MassTransit.csproj", "{6EFD69FC-CBCC-4F85-AEE0-EFBA73F4D273}"
EndProject
Project("{FAE04EC0-301F-11D3-BF4B-00C04F79EFBC}") = "SecurityMessages", "SecurityMessages\SecurityMessages.csproj", "{D43A72DD-D125-480E-9873-7075C2C5B70A}"
EndProject
Project("{FAE04EC0-301F-11D3-BF4B-00C04F79EFBC}") = "MassTransit.Transports.Msmq", "..\..\Transports\MassTransit.Transports.Msmq\MassTransit.Transports.Msmq.csproj", "{6F90867C-E092-4EDC-B3DE-600D39DF0335}"
EndProject
Project("{FAE04EC0-301F-11D3-BF4B-00C04F79EFBC}") = "MassTransit.WindsorIntegration", "..\..\Containers\MassTransit.WindsorIntegration\MassTransit.WindsorIntegration.csproj", "{98D5A59C-96FA-4A1B-A653-EA5A35C45FC9}"
EndProject
Project("{FAE04EC0-301F-11D3-BF4B-00C04F79EFBC}") = "MassTransit.RuntimeServices", "..\..\MassTransit.RuntimeServices\MassTransit.RuntimeServices.csproj", "{8AFA8821-2851-4134-8E0A-F9E7E10D28D9}"
EndProject
Project("{FAE04EC0-301F-11D3-BF4B-00C04F79EFBC}") = "MassTransit.StructureMapIntegration", "..\..\Containers\MassTransit.StructureMapIntegration\MassTransit.StructureMapIntegration.csproj", "{F5E67502-2B30-484C-88C3-97710291F5AA}"
EndProject
Project("{FAE04EC0-301F-11D3-BF4B-00C04F79EFBC}") = "MassTransit.SystemView", "..\..\MassTransit.SystemView\MassTransit.SystemView.csproj", "{85C0F3A0-A689-422C-84EB-A1F5E04FD0AC}"
EndProject
Project("{FAE04EC0-301F-11D3-BF4B-00C04F79EFBC}") = "MassTransit.NHibernateIntegration", "..\..\Persistence\MassTransit.NHibernateIntegration\MassTransit.NHibernateIntegration.csproj", "{073A90FD-9A3E-4704-B3B5-6D8A9F4B442E}"
EndProject
Global
	GlobalSection(SolutionConfigurationPlatforms) = preSolution
		Debug|Any CPU = Debug|Any CPU
		Release|Any CPU = Release|Any CPU
	EndGlobalSection
	GlobalSection(ProjectConfigurationPlatforms) = postSolution
		{8EBDD825-0A04-4DD8-9873-2196586EF618}.Debug|Any CPU.ActiveCfg = Debug|Any CPU
		{8EBDD825-0A04-4DD8-9873-2196586EF618}.Debug|Any CPU.Build.0 = Debug|Any CPU
		{8EBDD825-0A04-4DD8-9873-2196586EF618}.Release|Any CPU.ActiveCfg = Release|Any CPU
		{8EBDD825-0A04-4DD8-9873-2196586EF618}.Release|Any CPU.Build.0 = Release|Any CPU
		{F9C5D435-2CD8-4DAE-871E-3DBD30378AE0}.Debug|Any CPU.ActiveCfg = Debug|Any CPU
		{F9C5D435-2CD8-4DAE-871E-3DBD30378AE0}.Debug|Any CPU.Build.0 = Debug|Any CPU
		{F9C5D435-2CD8-4DAE-871E-3DBD30378AE0}.Release|Any CPU.ActiveCfg = Release|Any CPU
		{F9C5D435-2CD8-4DAE-871E-3DBD30378AE0}.Release|Any CPU.Build.0 = Release|Any CPU
		{6EFD69FC-CBCC-4F85-AEE0-EFBA73F4D273}.Debug|Any CPU.ActiveCfg = Debug|Any CPU
		{6EFD69FC-CBCC-4F85-AEE0-EFBA73F4D273}.Debug|Any CPU.Build.0 = Debug|Any CPU
		{6EFD69FC-CBCC-4F85-AEE0-EFBA73F4D273}.Release|Any CPU.ActiveCfg = Release|Any CPU
		{6EFD69FC-CBCC-4F85-AEE0-EFBA73F4D273}.Release|Any CPU.Build.0 = Release|Any CPU
		{D43A72DD-D125-480E-9873-7075C2C5B70A}.Debug|Any CPU.ActiveCfg = Debug|Any CPU
		{D43A72DD-D125-480E-9873-7075C2C5B70A}.Debug|Any CPU.Build.0 = Debug|Any CPU
		{D43A72DD-D125-480E-9873-7075C2C5B70A}.Release|Any CPU.ActiveCfg = Release|Any CPU
		{D43A72DD-D125-480E-9873-7075C2C5B70A}.Release|Any CPU.Build.0 = Release|Any CPU
		{6F90867C-E092-4EDC-B3DE-600D39DF0335}.Debug|Any CPU.ActiveCfg = Debug|Any CPU
		{6F90867C-E092-4EDC-B3DE-600D39DF0335}.Debug|Any CPU.Build.0 = Debug|Any CPU
		{6F90867C-E092-4EDC-B3DE-600D39DF0335}.Release|Any CPU.ActiveCfg = Release|Any CPU
		{6F90867C-E092-4EDC-B3DE-600D39DF0335}.Release|Any CPU.Build.0 = Release|Any CPU
		{98D5A59C-96FA-4A1B-A653-EA5A35C45FC9}.Debug|Any CPU.ActiveCfg = Debug|Any CPU
		{98D5A59C-96FA-4A1B-A653-EA5A35C45FC9}.Debug|Any CPU.Build.0 = Debug|Any CPU
		{98D5A59C-96FA-4A1B-A653-EA5A35C45FC9}.Release|Any CPU.ActiveCfg = Release|Any CPU
		{98D5A59C-96FA-4A1B-A653-EA5A35C45FC9}.Release|Any CPU.Build.0 = Release|Any CPU
		{8AFA8821-2851-4134-8E0A-F9E7E10D28D9}.Debug|Any CPU.ActiveCfg = Debug|Any CPU
		{8AFA8821-2851-4134-8E0A-F9E7E10D28D9}.Debug|Any CPU.Build.0 = Debug|Any CPU
		{8AFA8821-2851-4134-8E0A-F9E7E10D28D9}.Release|Any CPU.ActiveCfg = Release|Any CPU
		{8AFA8821-2851-4134-8E0A-F9E7E10D28D9}.Release|Any CPU.Build.0 = Release|Any CPU
		{F5E67502-2B30-484C-88C3-97710291F5AA}.Debug|Any CPU.ActiveCfg = Debug|Any CPU
		{F5E67502-2B30-484C-88C3-97710291F5AA}.Debug|Any CPU.Build.0 = Debug|Any CPU
		{F5E67502-2B30-484C-88C3-97710291F5AA}.Release|Any CPU.ActiveCfg = Release|Any CPU
		{F5E67502-2B30-484C-88C3-97710291F5AA}.Release|Any CPU.Build.0 = Release|Any CPU
		{85C0F3A0-A689-422C-84EB-A1F5E04FD0AC}.Debug|Any CPU.ActiveCfg = Debug|Any CPU
		{85C0F3A0-A689-422C-84EB-A1F5E04FD0AC}.Debug|Any CPU.Build.0 = Debug|Any CPU
		{85C0F3A0-A689-422C-84EB-A1F5E04FD0AC}.Release|Any CPU.ActiveCfg = Release|Any CPU
		{85C0F3A0-A689-422C-84EB-A1F5E04FD0AC}.Release|Any CPU.Build.0 = Release|Any CPU
		{073A90FD-9A3E-4704-B3B5-6D8A9F4B442E}.Debug|Any CPU.ActiveCfg = Debug|Any CPU
		{073A90FD-9A3E-4704-B3B5-6D8A9F4B442E}.Debug|Any CPU.Build.0 = Debug|Any CPU
		{073A90FD-9A3E-4704-B3B5-6D8A9F4B442E}.Release|Any CPU.ActiveCfg = Release|Any CPU
		{073A90FD-9A3E-4704-B3B5-6D8A9F4B442E}.Release|Any CPU.Build.0 = Release|Any CPU
	EndGlobalSection
	GlobalSection(SolutionProperties) = preSolution
		HideSolutionNode = FALSE
	EndGlobalSection
	GlobalSection(NestedProjects) = preSolution
		{6EFD69FC-CBCC-4F85-AEE0-EFBA73F4D273} = {5A039536-728C-4B3C-88D0-030539735F66}
		{6F90867C-E092-4EDC-B3DE-600D39DF0335} = {5A039536-728C-4B3C-88D0-030539735F66}
		{98D5A59C-96FA-4A1B-A653-EA5A35C45FC9} = {5A039536-728C-4B3C-88D0-030539735F66}
		{8AFA8821-2851-4134-8E0A-F9E7E10D28D9} = {5A039536-728C-4B3C-88D0-030539735F66}
		{F5E67502-2B30-484C-88C3-97710291F5AA} = {5A039536-728C-4B3C-88D0-030539735F66}
		{85C0F3A0-A689-422C-84EB-A1F5E04FD0AC} = {5A039536-728C-4B3C-88D0-030539735F66}
		{073A90FD-9A3E-4704-B3B5-6D8A9F4B442E} = {5A039536-728C-4B3C-88D0-030539735F66}
	EndGlobalSection
EndGlobal
