
Microsoft Visual Studio Solution File, Format Version 10.00
# Visual Studio 2008
Project("{FAE04EC0-301F-11D3-BF4B-00C04F79EFBC}") = "DistributedGrid.Worker", "DistributedGrid.Worker\DistributedGrid.Worker.csproj", "{6670D1F9-EC59-48A3-BCB4-47D4BE6FBC5E}"
EndProject
Project("{FAE04EC0-301F-11D3-BF4B-00C04F79EFBC}") = "DistributedGrid.Activator", "DistributedGrid.Activator\DistributedGrid.Activator.csproj", "{87194E94-9647-4130-A84F-C495BDF75D39}"
EndProject
Project("{FAE04EC0-301F-11D3-BF4B-00C04F79EFBC}") = "DistributedGrid.Shared", "DistributedGrid.Shared\DistributedGrid.Shared.csproj", "{58B505B2-48F6-4D7D-8E65-45DA80EB3A22}"
EndProject
Project("{FAE04EC0-301F-11D3-BF4B-00C04F79EFBC}") = "MassTransit", "..\..\MassTransit\MassTransit.csproj", "{6EFD69FC-CBCC-4F85-AEE0-EFBA73F4D273}"
EndProject
Project("{FAE04EC0-301F-11D3-BF4B-00C04F79EFBC}") = "MassTransit.StructureMapIntegration", "..\..\Containers\MassTransit.StructureMapIntegration\MassTransit.StructureMapIntegration.csproj", "{F5E67502-2B30-484C-88C3-97710291F5AA}"
EndProject
Project("{FAE04EC0-301F-11D3-BF4B-00C04F79EFBC}") = "MassTransit.Transports.Msmq", "..\..\Transports\MassTransit.Transports.Msmq\MassTransit.Transports.Msmq.csproj", "{6F90867C-E092-4EDC-B3DE-600D39DF0335}"
EndProject
Project("{FAE04EC0-301F-11D3-BF4B-00C04F79EFBC}") = "MassTransit.Infrastructure", "..\..\MassTransit.Infrastructure\MassTransit.Infrastructure.csproj", "{073A90FD-9A3E-4704-B3B5-6D8A9F4B442E}"
EndProject
Project("{FAE04EC0-301F-11D3-BF4B-00C04F79EFBC}") = "MassTransit.RuntimeServices", "..\..\MassTransit.RuntimeServices\MassTransit.RuntimeServices.csproj", "{8AFA8821-2851-4134-8E0A-F9E7E10D28D9}"
EndProject
Project("{FAE04EC0-301F-11D3-BF4B-00C04F79EFBC}") = "MassTransit.SystemView", "..\..\MassTransit.SystemView\MassTransit.SystemView.csproj", "{85C0F3A0-A689-422C-84EB-A1F5E04FD0AC}"
EndProject
Global
	GlobalSection(SolutionConfigurationPlatforms) = preSolution
		Debug|Any CPU = Debug|Any CPU
		Release|Any CPU = Release|Any CPU
	EndGlobalSection
	GlobalSection(ProjectConfigurationPlatforms) = postSolution
		{6670D1F9-EC59-48A3-BCB4-47D4BE6FBC5E}.Debug|Any CPU.ActiveCfg = Debug|Any CPU
		{6670D1F9-EC59-48A3-BCB4-47D4BE6FBC5E}.Debug|Any CPU.Build.0 = Debug|Any CPU
		{6670D1F9-EC59-48A3-BCB4-47D4BE6FBC5E}.Release|Any CPU.ActiveCfg = Release|Any CPU
		{6670D1F9-EC59-48A3-BCB4-47D4BE6FBC5E}.Release|Any CPU.Build.0 = Release|Any CPU
		{87194E94-9647-4130-A84F-C495BDF75D39}.Debug|Any CPU.ActiveCfg = Debug|Any CPU
		{87194E94-9647-4130-A84F-C495BDF75D39}.Debug|Any CPU.Build.0 = Debug|Any CPU
		{87194E94-9647-4130-A84F-C495BDF75D39}.Release|Any CPU.ActiveCfg = Release|Any CPU
		{87194E94-9647-4130-A84F-C495BDF75D39}.Release|Any CPU.Build.0 = Release|Any CPU
		{58B505B2-48F6-4D7D-8E65-45DA80EB3A22}.Debug|Any CPU.ActiveCfg = Debug|Any CPU
		{58B505B2-48F6-4D7D-8E65-45DA80EB3A22}.Debug|Any CPU.Build.0 = Debug|Any CPU
		{58B505B2-48F6-4D7D-8E65-45DA80EB3A22}.Release|Any CPU.ActiveCfg = Release|Any CPU
		{58B505B2-48F6-4D7D-8E65-45DA80EB3A22}.Release|Any CPU.Build.0 = Release|Any CPU
		{6EFD69FC-CBCC-4F85-AEE0-EFBA73F4D273}.Debug|Any CPU.ActiveCfg = Debug|Any CPU
		{6EFD69FC-CBCC-4F85-AEE0-EFBA73F4D273}.Debug|Any CPU.Build.0 = Debug|Any CPU
		{6EFD69FC-CBCC-4F85-AEE0-EFBA73F4D273}.Release|Any CPU.ActiveCfg = Release|Any CPU
		{6EFD69FC-CBCC-4F85-AEE0-EFBA73F4D273}.Release|Any CPU.Build.0 = Release|Any CPU
		{F5E67502-2B30-484C-88C3-97710291F5AA}.Debug|Any CPU.ActiveCfg = Debug|Any CPU
		{F5E67502-2B30-484C-88C3-97710291F5AA}.Debug|Any CPU.Build.0 = Debug|Any CPU
		{F5E67502-2B30-484C-88C3-97710291F5AA}.Release|Any CPU.ActiveCfg = Release|Any CPU
		{F5E67502-2B30-484C-88C3-97710291F5AA}.Release|Any CPU.Build.0 = Release|Any CPU
		{6F90867C-E092-4EDC-B3DE-600D39DF0335}.Debug|Any CPU.ActiveCfg = Debug|Any CPU
		{6F90867C-E092-4EDC-B3DE-600D39DF0335}.Debug|Any CPU.Build.0 = Debug|Any CPU
		{6F90867C-E092-4EDC-B3DE-600D39DF0335}.Release|Any CPU.ActiveCfg = Release|Any CPU
		{6F90867C-E092-4EDC-B3DE-600D39DF0335}.Release|Any CPU.Build.0 = Release|Any CPU
		{073A90FD-9A3E-4704-B3B5-6D8A9F4B442E}.Debug|Any CPU.ActiveCfg = Debug|Any CPU
		{073A90FD-9A3E-4704-B3B5-6D8A9F4B442E}.Debug|Any CPU.Build.0 = Debug|Any CPU
		{073A90FD-9A3E-4704-B3B5-6D8A9F4B442E}.Release|Any CPU.ActiveCfg = Release|Any CPU
		{073A90FD-9A3E-4704-B3B5-6D8A9F4B442E}.Release|Any CPU.Build.0 = Release|Any CPU
		{8AFA8821-2851-4134-8E0A-F9E7E10D28D9}.Debug|Any CPU.ActiveCfg = Debug|Any CPU
		{8AFA8821-2851-4134-8E0A-F9E7E10D28D9}.Debug|Any CPU.Build.0 = Debug|Any CPU
		{8AFA8821-2851-4134-8E0A-F9E7E10D28D9}.Release|Any CPU.ActiveCfg = Release|Any CPU
		{8AFA8821-2851-4134-8E0A-F9E7E10D28D9}.Release|Any CPU.Build.0 = Release|Any CPU
		{85C0F3A0-A689-422C-84EB-A1F5E04FD0AC}.Debug|Any CPU.ActiveCfg = Debug|Any CPU
		{85C0F3A0-A689-422C-84EB-A1F5E04FD0AC}.Debug|Any CPU.Build.0 = Debug|Any CPU
		{85C0F3A0-A689-422C-84EB-A1F5E04FD0AC}.Release|Any CPU.ActiveCfg = Release|Any CPU
		{85C0F3A0-A689-422C-84EB-A1F5E04FD0AC}.Release|Any CPU.Build.0 = Release|Any CPU
	EndGlobalSection
	GlobalSection(SolutionProperties) = preSolution
		HideSolutionNode = FALSE
	EndGlobalSection
EndGlobal
